
Microsoft Visual Studio Solution File, Format Version 11.00
# Visual Studio 2010
Project("{FAE04EC0-301F-11D3-BF4B-00C04F79EFBC}") = "OttoArchiveConnection", "OttoArchiveConnection\OttoArchiveConnection.csproj", "{8C263982-BE65-44F6-942F-BC24019AD651}"
EndProject
Project("{FAE04EC0-301F-11D3-BF4B-00C04F79EFBC}") = "ArchiveWebServiceInterface", "..\ArchiveWebServiceInterface\ArchiveWebServiceInterface.csproj", "{EBD13E76-0CA0-4B01-ABFD-E8F1E4E2459B}"
EndProject
Project("{FAE04EC0-301F-11D3-BF4B-00C04F79EFBC}") = "ViewboxDb", "..\..\..\Libraries\ViewboxDb\ViewboxDb.csproj", "{6E5FB80C-3B10-475B-ACF3-640D6D3399B0}"
EndProject
Global
	GlobalSection(SubversionScc) = preSolution
		Svn-Managed = True
		Manager = AnkhSVN - Subversion Support for Visual Studio
	EndGlobalSection
	GlobalSection(SolutionConfigurationPlatforms) = preSolution
		Debug|Any CPU = Debug|Any CPU
		Debug|x64 = Debug|x64
		Debug|x86 = Debug|x86
		Release|Any CPU = Release|Any CPU
		Release|x64 = Release|x64
		Release|x86 = Release|x86
		test_x64|Any CPU = test_x64|Any CPU
		test_x64|x64 = test_x64|x64
		test_x64|x86 = test_x64|x86
	EndGlobalSection
	GlobalSection(ProjectConfigurationPlatforms) = postSolution
		{8C263982-BE65-44F6-942F-BC24019AD651}.Debug|Any CPU.ActiveCfg = Debug|Any CPU
		{8C263982-BE65-44F6-942F-BC24019AD651}.Debug|Any CPU.Build.0 = Debug|Any CPU
		{8C263982-BE65-44F6-942F-BC24019AD651}.Debug|x64.ActiveCfg = Debug|Any CPU
		{8C263982-BE65-44F6-942F-BC24019AD651}.Debug|x86.ActiveCfg = Debug|Any CPU
		{8C263982-BE65-44F6-942F-BC24019AD651}.Release|Any CPU.ActiveCfg = Release|Any CPU
		{8C263982-BE65-44F6-942F-BC24019AD651}.Release|Any CPU.Build.0 = Release|Any CPU
		{8C263982-BE65-44F6-942F-BC24019AD651}.Release|x64.ActiveCfg = Release|Any CPU
		{8C263982-BE65-44F6-942F-BC24019AD651}.Release|x86.ActiveCfg = Release|Any CPU
		{8C263982-BE65-44F6-942F-BC24019AD651}.test_x64|Any CPU.ActiveCfg = Release|Any CPU
		{8C263982-BE65-44F6-942F-BC24019AD651}.test_x64|Any CPU.Build.0 = Release|Any CPU
		{8C263982-BE65-44F6-942F-BC24019AD651}.test_x64|x64.ActiveCfg = Release|Any CPU
		{8C263982-BE65-44F6-942F-BC24019AD651}.test_x64|x86.ActiveCfg = Release|Any CPU
		{EBD13E76-0CA0-4B01-ABFD-E8F1E4E2459B}.Debug|Any CPU.ActiveCfg = Debug|Any CPU
		{EBD13E76-0CA0-4B01-ABFD-E8F1E4E2459B}.Debug|Any CPU.Build.0 = Debug|Any CPU
		{EBD13E76-0CA0-4B01-ABFD-E8F1E4E2459B}.Debug|x64.ActiveCfg = Debug|Any CPU
		{EBD13E76-0CA0-4B01-ABFD-E8F1E4E2459B}.Debug|x86.ActiveCfg = Debug|Any CPU
		{EBD13E76-0CA0-4B01-ABFD-E8F1E4E2459B}.Release|Any CPU.ActiveCfg = Release|Any CPU
		{EBD13E76-0CA0-4B01-ABFD-E8F1E4E2459B}.Release|Any CPU.Build.0 = Release|Any CPU
		{EBD13E76-0CA0-4B01-ABFD-E8F1E4E2459B}.Release|x64.ActiveCfg = Release|Any CPU
		{EBD13E76-0CA0-4B01-ABFD-E8F1E4E2459B}.Release|x86.ActiveCfg = Release|Any CPU
		{EBD13E76-0CA0-4B01-ABFD-E8F1E4E2459B}.test_x64|Any CPU.ActiveCfg = Release|Any CPU
		{EBD13E76-0CA0-4B01-ABFD-E8F1E4E2459B}.test_x64|Any CPU.Build.0 = Release|Any CPU
		{EBD13E76-0CA0-4B01-ABFD-E8F1E4E2459B}.test_x64|x64.ActiveCfg = Release|Any CPU
		{EBD13E76-0CA0-4B01-ABFD-E8F1E4E2459B}.test_x64|x86.ActiveCfg = Release|Any CPU
		{6E5FB80C-3B10-475B-ACF3-640D6D3399B0}.Debug|Any CPU.ActiveCfg = Debug|Any CPU
		{6E5FB80C-3B10-475B-ACF3-640D6D3399B0}.Debug|Any CPU.Build.0 = Debug|Any CPU
		{6E5FB80C-3B10-475B-ACF3-640D6D3399B0}.Debug|x64.ActiveCfg = Debug|x64
		{6E5FB80C-3B10-475B-ACF3-640D6D3399B0}.Debug|x64.Build.0 = Debug|x64
		{6E5FB80C-3B10-475B-ACF3-640D6D3399B0}.Debug|x86.ActiveCfg = Debug|x86
		{6E5FB80C-3B10-475B-ACF3-640D6D3399B0}.Debug|x86.Build.0 = Debug|x86
		{6E5FB80C-3B10-475B-ACF3-640D6D3399B0}.Release|Any CPU.ActiveCfg = Release|Any CPU
		{6E5FB80C-3B10-475B-ACF3-640D6D3399B0}.Release|Any CPU.Build.0 = Release|Any CPU
		{6E5FB80C-3B10-475B-ACF3-640D6D3399B0}.Release|x64.ActiveCfg = Release|x64
		{6E5FB80C-3B10-475B-ACF3-640D6D3399B0}.Release|x64.Build.0 = Release|x64
		{6E5FB80C-3B10-475B-ACF3-640D6D3399B0}.Release|x86.ActiveCfg = Release|x86
		{6E5FB80C-3B10-475B-ACF3-640D6D3399B0}.Release|x86.Build.0 = Release|x86
		{6E5FB80C-3B10-475B-ACF3-640D6D3399B0}.test_x64|Any CPU.ActiveCfg = test_x64|Any CPU
		{6E5FB80C-3B10-475B-ACF3-640D6D3399B0}.test_x64|Any CPU.Build.0 = test_x64|Any CPU
		{6E5FB80C-3B10-475B-ACF3-640D6D3399B0}.test_x64|x64.ActiveCfg = test_x64|x64
		{6E5FB80C-3B10-475B-ACF3-640D6D3399B0}.test_x64|x64.Build.0 = test_x64|x64
		{6E5FB80C-3B10-475B-ACF3-640D6D3399B0}.test_x64|x86.ActiveCfg = test_x64|x86
		{6E5FB80C-3B10-475B-ACF3-640D6D3399B0}.test_x64|x86.Build.0 = test_x64|x86
	EndGlobalSection
	GlobalSection(SolutionProperties) = preSolution
		HideSolutionNode = FALSE
	EndGlobalSection
EndGlobal
