
Microsoft Visual Studio Solution File, Format Version 11.00
# Visual Studio 2010
Project("{FAE04EC0-301F-11D3-BF4B-00C04F79EFBC}") = "ViewBuilder", "ViewBuilder\ViewBuilder.csproj", "{AC7A8C15-6E4B-4A4E-9DA1-23C82B987BA2}"
	ProjectSection(ProjectDependencies) = postProject
		{0B6E6387-9CB1-4420-88E4-B27BDD172C89} = {0B6E6387-9CB1-4420-88E4-B27BDD172C89}
	EndProjectSection
EndProject
Project("{FAE04EC0-301F-11D3-BF4B-00C04F79EFBC}") = "ProjectDb", "ProjectDb\ProjectDb.csproj", "{C00DDC5B-0724-4F6C-B033-045FBFA8B2A8}"
	ProjectSection(ProjectDependencies) = postProject
		{53CD0B45-9B49-4CAC-B5D8-F8C73671B6B1} = {53CD0B45-9B49-4CAC-B5D8-F8C73671B6B1}
	EndProjectSection
EndProject
Project("{FAE04EC0-301F-11D3-BF4B-00C04F79EFBC}") = "DbAccess", "..\..\..\Libraries\DbAccess\DbAccess.csproj", "{53CD0B45-9B49-4CAC-B5D8-F8C73671B6B1}"
EndProject
Project("{FAE04EC0-301F-11D3-BF4B-00C04F79EFBC}") = "AvdWpfControls", "..\..\..\Libraries\AvdWpfControls\AvdWpfControls.csproj", "{E3B12F3F-E420-48FA-B991-FA1FF8D603F2}"
EndProject
Project("{FAE04EC0-301F-11D3-BF4B-00C04F79EFBC}") = "Utils", "..\..\..\Libraries\Utils\Utils.csproj", "{10E662B9-E973-4EBF-BB42-E340D52AFE11}"
EndProject
Project("{FAE04EC0-301F-11D3-BF4B-00C04F79EFBC}") = "ViewBuilderBusiness", "..\..\..\Libraries\ViewBuilderBusiness\ViewBuilderBusiness.csproj", "{C6EE0AD2-212A-433D-8A01-E0217F5737EA}"
EndProject
Project("{FAE04EC0-301F-11D3-BF4B-00C04F79EFBC}") = "SystemDb", "..\Libraries\SystemDb\SystemDb.csproj", "{A7FA3A52-0DDD-456B-BF7A-CED14D0AE0DF}"
EndProject
Project("{FAE04EC0-301F-11D3-BF4B-00C04F79EFBC}") = "ViewBuilderCommon", "ViewBuilderCommon\ViewBuilderCommon.csproj", "{4EA26943-7052-4D92-8708-1B1466536988}"
EndProject
Project("{FAE04EC0-301F-11D3-BF4B-00C04F79EFBC}") = "ViewBuilderCommon.Test", "ViewBuilderCommon.Test\ViewBuilderCommon.Test.csproj", "{4040CD73-8523-4A8A-8EA4-C25B43862498}"
EndProject
Project("{FAE04EC0-301F-11D3-BF4B-00C04F79EFBC}") = "SystemDb.Test", "..\Viewbox\SystemDb.Test\SystemDb.Test.csproj", "{CF92B261-DB32-4D52-BCF6-98CFCAE66D3C}"
EndProject
Project("{2150E333-8FDC-42A3-9474-1A3956D46DE8}") = "Solution Items", "Solution Items", "{5103ED71-DB7D-41FA-BAB2-31A727065ED9}"
	ProjectSection(SolutionItems) = preProject
		ChangeLog.txt = ChangeLog.txt
		Local.testsettings = Local.testsettings
		TraceAndTestImpact.testsettings = TraceAndTestImpact.testsettings
		ViewBuilder1.vsmdi = ViewBuilder1.vsmdi
	EndProjectSection
EndProject
Project("{FAE04EC0-301F-11D3-BF4B-00C04F79EFBC}") = "AvdCommon", "..\..\..\Libraries\AvdCommon\AvdCommon.csproj", "{89148742-F482-479E-8831-579F54FDF08A}"
EndProject
Project("{FAE04EC0-301F-11D3-BF4B-00C04F79EFBC}") = "AvdWpfStyles", "..\..\..\Libraries\AvdWpfStyles\AvdWpfStyles.csproj", "{FED8686B-7BE7-432C-B1F6-FA5900F6BAC2}"
EndProject
Project("{FAE04EC0-301F-11D3-BF4B-00C04F79EFBC}") = "AV.Log.LogHelper", "..\..\..\Libraries\LogHelper\LogHelper\AV.Log.LogHelper.csproj", "{1AFE5981-7268-4249-AFFA-77E42495886E}"
EndProject
Project("{FAE04EC0-301F-11D3-BF4B-00C04F79EFBC}") = "Ude", "..\..\..\Libraries\UniversalCharsetDetector\Library\Ude.csproj", "{7BECB850-389A-44FC-8523-3EF0B2540F07}"
EndProject
Project("{FAE04EC0-301F-11D3-BF4B-00C04F79EFBC}") = "IndexDb", "..\Libraries\IndexDb\IndexDb\IndexDb.csproj", "{8362D3C1-21B0-46E4-B7F2-B11B958029A0}"
EndProject
Project("{FAE04EC0-301F-11D3-BF4B-00C04F79EFBC}") = "ViewBuilder.Test", "ViewBuilder.Test\ViewBuilder.Test.csproj", "{3DD6B8BD-6A9F-4653-A7B9-481A5D025D00}"
EndProject
Project("{FAE04EC0-301F-11D3-BF4B-00C04F79EFBC}") = "ViewboxMassTableArchivingTool", "..\..\..\Tools\ViewboxMassTableArchivingTool\ViewboxMassTableArchivingTool\ViewboxMassTableArchivingTool.csproj", "{0B6E6387-9CB1-4420-88E4-B27BDD172C89}"
EndProject
Project("{FAE04EC0-301F-11D3-BF4B-00C04F79EFBC}") = "ViewboxDb", "..\Libraries\ViewboxDb\ViewboxDb.csproj", "{6E5FB80C-3B10-475B-ACF3-640D6D3399B0}"
EndProject
Project("{FAE04EC0-301F-11D3-BF4B-00C04F79EFBC}") = "DBComparisonBusiness", "..\Tools\DbComparisonV2\DBComparisonBusiness\DBComparisonBusiness.csproj", "{8920FBEF-30A9-4A3A-91C5-7FCA3597A6A1}"
EndProject
Project("{FAE04EC0-301F-11D3-BF4B-00C04F79EFBC}") = "SqlParser", "..\..\..\Libraries\SqlParser\SqlParser.csproj", "{74D9A8FB-4CD1-4AED-9476-AF2E6D3DB4A0}"
EndProject
Project("{FAE04EC0-301F-11D3-BF4B-00C04F79EFBC}") = "SQLParser2", "..\Tools\SQLParser\SQLParser2.csproj", "{BA1782EF-56DA-4872-BCB2-3F1A339E8243}"
EndProject
Global
	GlobalSection(SubversionScc) = preSolution
		Svn-Managed = True
		Manager = AnkhSVN - Subversion Support for Visual Studio
	EndGlobalSection
	GlobalSection(TestCaseManagementSettings) = postSolution
		CategoryFile = ViewBuilder1.vsmdi
	EndGlobalSection
	GlobalSection(SolutionConfigurationPlatforms) = preSolution
		Debug|Any CPU = Debug|Any CPU
		Debug|Mixed Platforms = Debug|Mixed Platforms
		Debug|x64 = Debug|x64
		Debug|x86 = Debug|x86
		Release|Any CPU = Release|Any CPU
		Release|Mixed Platforms = Release|Mixed Platforms
		Release|x64 = Release|x64
		Release|x86 = Release|x86
		test_x64|Any CPU = test_x64|Any CPU
		test_x64|Mixed Platforms = test_x64|Mixed Platforms
		test_x64|x64 = test_x64|x64
		test_x64|x86 = test_x64|x86
		x64|Any CPU = x64|Any CPU
		x64|Mixed Platforms = x64|Mixed Platforms
		x64|x64 = x64|x64
		x64|x86 = x64|x86
	EndGlobalSection
	GlobalSection(ProjectConfigurationPlatforms) = postSolution
		{AC7A8C15-6E4B-4A4E-9DA1-23C82B987BA2}.Debug|Any CPU.ActiveCfg = Debug|x86
		{AC7A8C15-6E4B-4A4E-9DA1-23C82B987BA2}.Debug|Any CPU.Build.0 = Debug|x86
		{AC7A8C15-6E4B-4A4E-9DA1-23C82B987BA2}.Debug|Mixed Platforms.ActiveCfg = Debug|x86
		{AC7A8C15-6E4B-4A4E-9DA1-23C82B987BA2}.Debug|Mixed Platforms.Build.0 = Debug|x86
		{AC7A8C15-6E4B-4A4E-9DA1-23C82B987BA2}.Debug|x64.ActiveCfg = Debug|x64
		{AC7A8C15-6E4B-4A4E-9DA1-23C82B987BA2}.Debug|x64.Build.0 = Debug|x64
		{AC7A8C15-6E4B-4A4E-9DA1-23C82B987BA2}.Debug|x86.ActiveCfg = Debug|x86
		{AC7A8C15-6E4B-4A4E-9DA1-23C82B987BA2}.Debug|x86.Build.0 = Debug|x86
		{AC7A8C15-6E4B-4A4E-9DA1-23C82B987BA2}.Release|Any CPU.ActiveCfg = Release|x86
		{AC7A8C15-6E4B-4A4E-9DA1-23C82B987BA2}.Release|Any CPU.Build.0 = Release|x86
		{AC7A8C15-6E4B-4A4E-9DA1-23C82B987BA2}.Release|Mixed Platforms.ActiveCfg = Release|x64
		{AC7A8C15-6E4B-4A4E-9DA1-23C82B987BA2}.Release|Mixed Platforms.Build.0 = Release|x64
		{AC7A8C15-6E4B-4A4E-9DA1-23C82B987BA2}.Release|x64.ActiveCfg = Release|x64
		{AC7A8C15-6E4B-4A4E-9DA1-23C82B987BA2}.Release|x64.Build.0 = Release|x64
		{AC7A8C15-6E4B-4A4E-9DA1-23C82B987BA2}.Release|x86.ActiveCfg = Release|x86
		{AC7A8C15-6E4B-4A4E-9DA1-23C82B987BA2}.Release|x86.Build.0 = Release|x86
		{AC7A8C15-6E4B-4A4E-9DA1-23C82B987BA2}.test_x64|Any CPU.ActiveCfg = Release|x64
		{AC7A8C15-6E4B-4A4E-9DA1-23C82B987BA2}.test_x64|Mixed Platforms.ActiveCfg = Release|x64
		{AC7A8C15-6E4B-4A4E-9DA1-23C82B987BA2}.test_x64|Mixed Platforms.Build.0 = Release|x64
		{AC7A8C15-6E4B-4A4E-9DA1-23C82B987BA2}.test_x64|x64.ActiveCfg = Release|x64
		{AC7A8C15-6E4B-4A4E-9DA1-23C82B987BA2}.test_x64|x64.Build.0 = Release|x64
		{AC7A8C15-6E4B-4A4E-9DA1-23C82B987BA2}.test_x64|x86.ActiveCfg = Release|x64
		{AC7A8C15-6E4B-4A4E-9DA1-23C82B987BA2}.x64|Any CPU.ActiveCfg = Release|x86
		{AC7A8C15-6E4B-4A4E-9DA1-23C82B987BA2}.x64|Mixed Platforms.ActiveCfg = Release|x86
		{AC7A8C15-6E4B-4A4E-9DA1-23C82B987BA2}.x64|Mixed Platforms.Build.0 = Release|x86
		{AC7A8C15-6E4B-4A4E-9DA1-23C82B987BA2}.x64|x64.ActiveCfg = Release|x86
		{AC7A8C15-6E4B-4A4E-9DA1-23C82B987BA2}.x64|x86.ActiveCfg = Release|x86
		{AC7A8C15-6E4B-4A4E-9DA1-23C82B987BA2}.x64|x86.Build.0 = Release|x86
		{C00DDC5B-0724-4F6C-B033-045FBFA8B2A8}.Debug|Any CPU.ActiveCfg = Debug|Any CPU
		{C00DDC5B-0724-4F6C-B033-045FBFA8B2A8}.Debug|Any CPU.Build.0 = Debug|Any CPU
		{C00DDC5B-0724-4F6C-B033-045FBFA8B2A8}.Debug|Mixed Platforms.ActiveCfg = Debug|Any CPU
		{C00DDC5B-0724-4F6C-B033-045FBFA8B2A8}.Debug|Mixed Platforms.Build.0 = Debug|Any CPU
		{C00DDC5B-0724-4F6C-B033-045FBFA8B2A8}.Debug|x64.ActiveCfg = Debug|Any CPU
		{C00DDC5B-0724-4F6C-B033-045FBFA8B2A8}.Debug|x64.Build.0 = Debug|Any CPU
		{C00DDC5B-0724-4F6C-B033-045FBFA8B2A8}.Debug|x86.ActiveCfg = Debug|Any CPU
		{C00DDC5B-0724-4F6C-B033-045FBFA8B2A8}.Debug|x86.Build.0 = Debug|Any CPU
		{C00DDC5B-0724-4F6C-B033-045FBFA8B2A8}.Release|Any CPU.ActiveCfg = Release|Any CPU
		{C00DDC5B-0724-4F6C-B033-045FBFA8B2A8}.Release|Any CPU.Build.0 = Release|Any CPU
		{C00DDC5B-0724-4F6C-B033-045FBFA8B2A8}.Release|Mixed Platforms.ActiveCfg = Release|Any CPU
		{C00DDC5B-0724-4F6C-B033-045FBFA8B2A8}.Release|Mixed Platforms.Build.0 = Release|Any CPU
		{C00DDC5B-0724-4F6C-B033-045FBFA8B2A8}.Release|x64.ActiveCfg = Release|Any CPU
		{C00DDC5B-0724-4F6C-B033-045FBFA8B2A8}.Release|x64.Build.0 = Release|Any CPU
		{C00DDC5B-0724-4F6C-B033-045FBFA8B2A8}.Release|x86.ActiveCfg = Release|Any CPU
		{C00DDC5B-0724-4F6C-B033-045FBFA8B2A8}.test_x64|Any CPU.ActiveCfg = Release|Any CPU
		{C00DDC5B-0724-4F6C-B033-045FBFA8B2A8}.test_x64|Any CPU.Build.0 = Release|Any CPU
		{C00DDC5B-0724-4F6C-B033-045FBFA8B2A8}.test_x64|Mixed Platforms.ActiveCfg = Release|Any CPU
		{C00DDC5B-0724-4F6C-B033-045FBFA8B2A8}.test_x64|Mixed Platforms.Build.0 = Release|Any CPU
		{C00DDC5B-0724-4F6C-B033-045FBFA8B2A8}.test_x64|x64.ActiveCfg = Release|Any CPU
		{C00DDC5B-0724-4F6C-B033-045FBFA8B2A8}.test_x64|x86.ActiveCfg = Release|Any CPU
		{C00DDC5B-0724-4F6C-B033-045FBFA8B2A8}.x64|Any CPU.ActiveCfg = Release|Any CPU
		{C00DDC5B-0724-4F6C-B033-045FBFA8B2A8}.x64|Any CPU.Build.0 = Release|Any CPU
		{C00DDC5B-0724-4F6C-B033-045FBFA8B2A8}.x64|Mixed Platforms.ActiveCfg = Release|Any CPU
		{C00DDC5B-0724-4F6C-B033-045FBFA8B2A8}.x64|Mixed Platforms.Build.0 = Release|Any CPU
		{C00DDC5B-0724-4F6C-B033-045FBFA8B2A8}.x64|x64.ActiveCfg = Release|Any CPU
		{C00DDC5B-0724-4F6C-B033-045FBFA8B2A8}.x64|x86.ActiveCfg = Release|Any CPU
		{53CD0B45-9B49-4CAC-B5D8-F8C73671B6B1}.Debug|Any CPU.ActiveCfg = Debug|Any CPU
		{53CD0B45-9B49-4CAC-B5D8-F8C73671B6B1}.Debug|Any CPU.Build.0 = Debug|Any CPU
		{53CD0B45-9B49-4CAC-B5D8-F8C73671B6B1}.Debug|Mixed Platforms.ActiveCfg = Debug|Any CPU
		{53CD0B45-9B49-4CAC-B5D8-F8C73671B6B1}.Debug|Mixed Platforms.Build.0 = Debug|Any CPU
		{53CD0B45-9B49-4CAC-B5D8-F8C73671B6B1}.Debug|x64.ActiveCfg = Debug|Any CPU
		{53CD0B45-9B49-4CAC-B5D8-F8C73671B6B1}.Debug|x64.Build.0 = Debug|Any CPU
		{53CD0B45-9B49-4CAC-B5D8-F8C73671B6B1}.Debug|x86.ActiveCfg = Debug|Any CPU
		{53CD0B45-9B49-4CAC-B5D8-F8C73671B6B1}.Debug|x86.Build.0 = Debug|Any CPU
		{53CD0B45-9B49-4CAC-B5D8-F8C73671B6B1}.Release|Any CPU.ActiveCfg = Release|Any CPU
		{53CD0B45-9B49-4CAC-B5D8-F8C73671B6B1}.Release|Any CPU.Build.0 = Release|Any CPU
		{53CD0B45-9B49-4CAC-B5D8-F8C73671B6B1}.Release|Mixed Platforms.ActiveCfg = Release|Any CPU
		{53CD0B45-9B49-4CAC-B5D8-F8C73671B6B1}.Release|Mixed Platforms.Build.0 = Release|Any CPU
		{53CD0B45-9B49-4CAC-B5D8-F8C73671B6B1}.Release|x64.ActiveCfg = Release|Any CPU
		{53CD0B45-9B49-4CAC-B5D8-F8C73671B6B1}.Release|x64.Build.0 = Release|Any CPU
		{53CD0B45-9B49-4CAC-B5D8-F8C73671B6B1}.Release|x86.ActiveCfg = Release|x86
		{53CD0B45-9B49-4CAC-B5D8-F8C73671B6B1}.Release|x86.Build.0 = Release|x86
		{53CD0B45-9B49-4CAC-B5D8-F8C73671B6B1}.test_x64|Any CPU.ActiveCfg = test_x64|Any CPU
		{53CD0B45-9B49-4CAC-B5D8-F8C73671B6B1}.test_x64|Any CPU.Build.0 = test_x64|Any CPU
		{53CD0B45-9B49-4CAC-B5D8-F8C73671B6B1}.test_x64|Mixed Platforms.ActiveCfg = test_x64|x86
		{53CD0B45-9B49-4CAC-B5D8-F8C73671B6B1}.test_x64|Mixed Platforms.Build.0 = test_x64|x86
		{53CD0B45-9B49-4CAC-B5D8-F8C73671B6B1}.test_x64|x64.ActiveCfg = test_x64|x64
		{53CD0B45-9B49-4CAC-B5D8-F8C73671B6B1}.test_x64|x64.Build.0 = test_x64|x64
		{53CD0B45-9B49-4CAC-B5D8-F8C73671B6B1}.test_x64|x86.ActiveCfg = test_x64|x86
		{53CD0B45-9B49-4CAC-B5D8-F8C73671B6B1}.test_x64|x86.Build.0 = test_x64|x86
		{53CD0B45-9B49-4CAC-B5D8-F8C73671B6B1}.x64|Any CPU.ActiveCfg = x64|Any CPU
		{53CD0B45-9B49-4CAC-B5D8-F8C73671B6B1}.x64|Any CPU.Build.0 = x64|Any CPU
		{53CD0B45-9B49-4CAC-B5D8-F8C73671B6B1}.x64|Mixed Platforms.ActiveCfg = x64|x86
		{53CD0B45-9B49-4CAC-B5D8-F8C73671B6B1}.x64|Mixed Platforms.Build.0 = x64|x86
		{53CD0B45-9B49-4CAC-B5D8-F8C73671B6B1}.x64|x64.ActiveCfg = x64|x64
		{53CD0B45-9B49-4CAC-B5D8-F8C73671B6B1}.x64|x64.Build.0 = x64|x64
		{53CD0B45-9B49-4CAC-B5D8-F8C73671B6B1}.x64|x86.ActiveCfg = x64|x86
		{53CD0B45-9B49-4CAC-B5D8-F8C73671B6B1}.x64|x86.Build.0 = x64|x86
		{E3B12F3F-E420-48FA-B991-FA1FF8D603F2}.Debug|Any CPU.ActiveCfg = Debug|Any CPU
		{E3B12F3F-E420-48FA-B991-FA1FF8D603F2}.Debug|Any CPU.Build.0 = Debug|Any CPU
		{E3B12F3F-E420-48FA-B991-FA1FF8D603F2}.Debug|Mixed Platforms.ActiveCfg = Debug|Any CPU
		{E3B12F3F-E420-48FA-B991-FA1FF8D603F2}.Debug|Mixed Platforms.Build.0 = Debug|Any CPU
		{E3B12F3F-E420-48FA-B991-FA1FF8D603F2}.Debug|x64.ActiveCfg = Debug|Any CPU
		{E3B12F3F-E420-48FA-B991-FA1FF8D603F2}.Debug|x64.Build.0 = Debug|Any CPU
		{E3B12F3F-E420-48FA-B991-FA1FF8D603F2}.Debug|x86.ActiveCfg = Debug|Any CPU
		{E3B12F3F-E420-48FA-B991-FA1FF8D603F2}.Debug|x86.Build.0 = Debug|Any CPU
		{E3B12F3F-E420-48FA-B991-FA1FF8D603F2}.Release|Any CPU.ActiveCfg = Release|Any CPU
		{E3B12F3F-E420-48FA-B991-FA1FF8D603F2}.Release|Any CPU.Build.0 = Release|Any CPU
		{E3B12F3F-E420-48FA-B991-FA1FF8D603F2}.Release|Mixed Platforms.ActiveCfg = Release|Any CPU
		{E3B12F3F-E420-48FA-B991-FA1FF8D603F2}.Release|Mixed Platforms.Build.0 = Release|Any CPU
		{E3B12F3F-E420-48FA-B991-FA1FF8D603F2}.Release|x64.ActiveCfg = Release|Any CPU
		{E3B12F3F-E420-48FA-B991-FA1FF8D603F2}.Release|x64.Build.0 = Release|Any CPU
		{E3B12F3F-E420-48FA-B991-FA1FF8D603F2}.Release|x86.ActiveCfg = Release|Any CPU
		{E3B12F3F-E420-48FA-B991-FA1FF8D603F2}.test_x64|Any CPU.ActiveCfg = x64|Any CPU
		{E3B12F3F-E420-48FA-B991-FA1FF8D603F2}.test_x64|Any CPU.Build.0 = x64|Any CPU
		{E3B12F3F-E420-48FA-B991-FA1FF8D603F2}.test_x64|Mixed Platforms.ActiveCfg = x64|x64
		{E3B12F3F-E420-48FA-B991-FA1FF8D603F2}.test_x64|Mixed Platforms.Build.0 = x64|x64
		{E3B12F3F-E420-48FA-B991-FA1FF8D603F2}.test_x64|x64.ActiveCfg = x64|x64
		{E3B12F3F-E420-48FA-B991-FA1FF8D603F2}.test_x64|x64.Build.0 = x64|x64
		{E3B12F3F-E420-48FA-B991-FA1FF8D603F2}.test_x64|x86.ActiveCfg = x64|x64
		{E3B12F3F-E420-48FA-B991-FA1FF8D603F2}.x64|Any CPU.ActiveCfg = x64|Any CPU
		{E3B12F3F-E420-48FA-B991-FA1FF8D603F2}.x64|Any CPU.Build.0 = x64|Any CPU
		{E3B12F3F-E420-48FA-B991-FA1FF8D603F2}.x64|Mixed Platforms.ActiveCfg = x64|Any CPU
		{E3B12F3F-E420-48FA-B991-FA1FF8D603F2}.x64|Mixed Platforms.Build.0 = x64|Any CPU
		{E3B12F3F-E420-48FA-B991-FA1FF8D603F2}.x64|x64.ActiveCfg = x64|Any CPU
		{E3B12F3F-E420-48FA-B991-FA1FF8D603F2}.x64|x86.ActiveCfg = x64|Any CPU
		{10E662B9-E973-4EBF-BB42-E340D52AFE11}.Debug|Any CPU.ActiveCfg = Debug|Any CPU
		{10E662B9-E973-4EBF-BB42-E340D52AFE11}.Debug|Any CPU.Build.0 = Debug|Any CPU
		{10E662B9-E973-4EBF-BB42-E340D52AFE11}.Debug|Mixed Platforms.ActiveCfg = Debug|Any CPU
		{10E662B9-E973-4EBF-BB42-E340D52AFE11}.Debug|Mixed Platforms.Build.0 = Debug|Any CPU
		{10E662B9-E973-4EBF-BB42-E340D52AFE11}.Debug|x64.ActiveCfg = Debug|Any CPU
		{10E662B9-E973-4EBF-BB42-E340D52AFE11}.Debug|x64.Build.0 = Debug|Any CPU
		{10E662B9-E973-4EBF-BB42-E340D52AFE11}.Debug|x86.ActiveCfg = Debug|Any CPU
		{10E662B9-E973-4EBF-BB42-E340D52AFE11}.Debug|x86.Build.0 = Debug|Any CPU
		{10E662B9-E973-4EBF-BB42-E340D52AFE11}.Release|Any CPU.ActiveCfg = Release|Any CPU
		{10E662B9-E973-4EBF-BB42-E340D52AFE11}.Release|Any CPU.Build.0 = Release|Any CPU
		{10E662B9-E973-4EBF-BB42-E340D52AFE11}.Release|Mixed Platforms.ActiveCfg = Release|Any CPU
		{10E662B9-E973-4EBF-BB42-E340D52AFE11}.Release|Mixed Platforms.Build.0 = Release|Any CPU
		{10E662B9-E973-4EBF-BB42-E340D52AFE11}.Release|x64.ActiveCfg = Release|Any CPU
		{10E662B9-E973-4EBF-BB42-E340D52AFE11}.Release|x64.Build.0 = Release|Any CPU
		{10E662B9-E973-4EBF-BB42-E340D52AFE11}.Release|x86.ActiveCfg = Release|x64
		{10E662B9-E973-4EBF-BB42-E340D52AFE11}.test_x64|Any CPU.ActiveCfg = test_x64|Any CPU
		{10E662B9-E973-4EBF-BB42-E340D52AFE11}.test_x64|Any CPU.Build.0 = test_x64|Any CPU
		{10E662B9-E973-4EBF-BB42-E340D52AFE11}.test_x64|Mixed Platforms.ActiveCfg = test_x64|x86
		{10E662B9-E973-4EBF-BB42-E340D52AFE11}.test_x64|Mixed Platforms.Build.0 = test_x64|x86
		{10E662B9-E973-4EBF-BB42-E340D52AFE11}.test_x64|x64.ActiveCfg = test_x64|x64
		{10E662B9-E973-4EBF-BB42-E340D52AFE11}.test_x64|x64.Build.0 = test_x64|x64
		{10E662B9-E973-4EBF-BB42-E340D52AFE11}.test_x64|x86.ActiveCfg = test_x64|x86
		{10E662B9-E973-4EBF-BB42-E340D52AFE11}.test_x64|x86.Build.0 = test_x64|x86
		{10E662B9-E973-4EBF-BB42-E340D52AFE11}.x64|Any CPU.ActiveCfg = x64|Any CPU
		{10E662B9-E973-4EBF-BB42-E340D52AFE11}.x64|Any CPU.Build.0 = x64|Any CPU
		{10E662B9-E973-4EBF-BB42-E340D52AFE11}.x64|Mixed Platforms.ActiveCfg = x64|x64
		{10E662B9-E973-4EBF-BB42-E340D52AFE11}.x64|Mixed Platforms.Build.0 = x64|x64
		{10E662B9-E973-4EBF-BB42-E340D52AFE11}.x64|x64.ActiveCfg = x64|x64
		{10E662B9-E973-4EBF-BB42-E340D52AFE11}.x64|x64.Build.0 = x64|x64
		{10E662B9-E973-4EBF-BB42-E340D52AFE11}.x64|x86.ActiveCfg = x64|x64
		{C6EE0AD2-212A-433D-8A01-E0217F5737EA}.Debug|Any CPU.ActiveCfg = Debug|Any CPU
		{C6EE0AD2-212A-433D-8A01-E0217F5737EA}.Debug|Any CPU.Build.0 = Debug|Any CPU
		{C6EE0AD2-212A-433D-8A01-E0217F5737EA}.Debug|Mixed Platforms.ActiveCfg = Debug|Any CPU
		{C6EE0AD2-212A-433D-8A01-E0217F5737EA}.Debug|Mixed Platforms.Build.0 = Debug|Any CPU
		{C6EE0AD2-212A-433D-8A01-E0217F5737EA}.Debug|x64.ActiveCfg = Debug|Any CPU
		{C6EE0AD2-212A-433D-8A01-E0217F5737EA}.Debug|x64.Build.0 = Debug|Any CPU
		{C6EE0AD2-212A-433D-8A01-E0217F5737EA}.Debug|x86.ActiveCfg = Debug|Any CPU
		{C6EE0AD2-212A-433D-8A01-E0217F5737EA}.Release|Any CPU.ActiveCfg = Release|Any CPU
		{C6EE0AD2-212A-433D-8A01-E0217F5737EA}.Release|Any CPU.Build.0 = Release|Any CPU
		{C6EE0AD2-212A-433D-8A01-E0217F5737EA}.Release|Mixed Platforms.ActiveCfg = Release|Any CPU
		{C6EE0AD2-212A-433D-8A01-E0217F5737EA}.Release|Mixed Platforms.Build.0 = Release|Any CPU
		{C6EE0AD2-212A-433D-8A01-E0217F5737EA}.Release|x64.ActiveCfg = Release|Any CPU
		{C6EE0AD2-212A-433D-8A01-E0217F5737EA}.Release|x64.Build.0 = Release|Any CPU
		{C6EE0AD2-212A-433D-8A01-E0217F5737EA}.Release|x86.ActiveCfg = Release|Any CPU
		{C6EE0AD2-212A-433D-8A01-E0217F5737EA}.test_x64|Any CPU.ActiveCfg = Release|Any CPU
		{C6EE0AD2-212A-433D-8A01-E0217F5737EA}.test_x64|Any CPU.Build.0 = Release|Any CPU
		{C6EE0AD2-212A-433D-8A01-E0217F5737EA}.test_x64|Mixed Platforms.ActiveCfg = Release|Any CPU
		{C6EE0AD2-212A-433D-8A01-E0217F5737EA}.test_x64|Mixed Platforms.Build.0 = Release|Any CPU
		{C6EE0AD2-212A-433D-8A01-E0217F5737EA}.test_x64|x64.ActiveCfg = Release|Any CPU
		{C6EE0AD2-212A-433D-8A01-E0217F5737EA}.test_x64|x86.ActiveCfg = Release|Any CPU
		{C6EE0AD2-212A-433D-8A01-E0217F5737EA}.x64|Any CPU.ActiveCfg = Release|Any CPU
		{C6EE0AD2-212A-433D-8A01-E0217F5737EA}.x64|Any CPU.Build.0 = Release|Any CPU
		{C6EE0AD2-212A-433D-8A01-E0217F5737EA}.x64|Mixed Platforms.ActiveCfg = Release|Any CPU
		{C6EE0AD2-212A-433D-8A01-E0217F5737EA}.x64|Mixed Platforms.Build.0 = Release|Any CPU
		{C6EE0AD2-212A-433D-8A01-E0217F5737EA}.x64|x64.ActiveCfg = Release|Any CPU
		{C6EE0AD2-212A-433D-8A01-E0217F5737EA}.x64|x86.ActiveCfg = Release|Any CPU
		{A7FA3A52-0DDD-456B-BF7A-CED14D0AE0DF}.Debug|Any CPU.ActiveCfg = Debug|Any CPU
		{A7FA3A52-0DDD-456B-BF7A-CED14D0AE0DF}.Debug|Any CPU.Build.0 = Debug|Any CPU
		{A7FA3A52-0DDD-456B-BF7A-CED14D0AE0DF}.Debug|Mixed Platforms.ActiveCfg = Debug|Any CPU
		{A7FA3A52-0DDD-456B-BF7A-CED14D0AE0DF}.Debug|Mixed Platforms.Build.0 = Debug|Any CPU
		{A7FA3A52-0DDD-456B-BF7A-CED14D0AE0DF}.Debug|x64.ActiveCfg = Debug|Any CPU
		{A7FA3A52-0DDD-456B-BF7A-CED14D0AE0DF}.Debug|x64.Build.0 = Debug|Any CPU
		{A7FA3A52-0DDD-456B-BF7A-CED14D0AE0DF}.Debug|x86.ActiveCfg = Debug|Any CPU
		{A7FA3A52-0DDD-456B-BF7A-CED14D0AE0DF}.Debug|x86.Build.0 = Debug|Any CPU
		{A7FA3A52-0DDD-456B-BF7A-CED14D0AE0DF}.Release|Any CPU.ActiveCfg = Release|Any CPU
		{A7FA3A52-0DDD-456B-BF7A-CED14D0AE0DF}.Release|Any CPU.Build.0 = Release|Any CPU
		{A7FA3A52-0DDD-456B-BF7A-CED14D0AE0DF}.Release|Mixed Platforms.ActiveCfg = Release|Any CPU
		{A7FA3A52-0DDD-456B-BF7A-CED14D0AE0DF}.Release|Mixed Platforms.Build.0 = Release|Any CPU
		{A7FA3A52-0DDD-456B-BF7A-CED14D0AE0DF}.Release|x64.ActiveCfg = Release|Any CPU
		{A7FA3A52-0DDD-456B-BF7A-CED14D0AE0DF}.Release|x64.Build.0 = Release|Any CPU
		{A7FA3A52-0DDD-456B-BF7A-CED14D0AE0DF}.Release|x86.ActiveCfg = Release|x64
		{A7FA3A52-0DDD-456B-BF7A-CED14D0AE0DF}.test_x64|Any CPU.ActiveCfg = test_x64|Any CPU
		{A7FA3A52-0DDD-456B-BF7A-CED14D0AE0DF}.test_x64|Any CPU.Build.0 = test_x64|Any CPU
		{A7FA3A52-0DDD-456B-BF7A-CED14D0AE0DF}.test_x64|Mixed Platforms.ActiveCfg = test_x64|x86
		{A7FA3A52-0DDD-456B-BF7A-CED14D0AE0DF}.test_x64|Mixed Platforms.Build.0 = test_x64|x86
		{A7FA3A52-0DDD-456B-BF7A-CED14D0AE0DF}.test_x64|x64.ActiveCfg = test_x64|x64
		{A7FA3A52-0DDD-456B-BF7A-CED14D0AE0DF}.test_x64|x64.Build.0 = test_x64|x64
		{A7FA3A52-0DDD-456B-BF7A-CED14D0AE0DF}.test_x64|x86.ActiveCfg = test_x64|x86
		{A7FA3A52-0DDD-456B-BF7A-CED14D0AE0DF}.test_x64|x86.Build.0 = test_x64|x86
		{A7FA3A52-0DDD-456B-BF7A-CED14D0AE0DF}.x64|Any CPU.ActiveCfg = Release|x64
		{A7FA3A52-0DDD-456B-BF7A-CED14D0AE0DF}.x64|Mixed Platforms.ActiveCfg = Release|x64
		{A7FA3A52-0DDD-456B-BF7A-CED14D0AE0DF}.x64|Mixed Platforms.Build.0 = Release|x64
		{A7FA3A52-0DDD-456B-BF7A-CED14D0AE0DF}.x64|x64.ActiveCfg = Release|x64
		{A7FA3A52-0DDD-456B-BF7A-CED14D0AE0DF}.x64|x64.Build.0 = Release|x64
		{A7FA3A52-0DDD-456B-BF7A-CED14D0AE0DF}.x64|x86.ActiveCfg = Release|x64
		{4EA26943-7052-4D92-8708-1B1466536988}.Debug|Any CPU.ActiveCfg = Debug|Any CPU
		{4EA26943-7052-4D92-8708-1B1466536988}.Debug|Any CPU.Build.0 = Debug|Any CPU
		{4EA26943-7052-4D92-8708-1B1466536988}.Debug|Mixed Platforms.ActiveCfg = Debug|Any CPU
		{4EA26943-7052-4D92-8708-1B1466536988}.Debug|Mixed Platforms.Build.0 = Debug|Any CPU
		{4EA26943-7052-4D92-8708-1B1466536988}.Debug|x64.ActiveCfg = Debug|Any CPU
		{4EA26943-7052-4D92-8708-1B1466536988}.Debug|x64.Build.0 = Debug|Any CPU
		{4EA26943-7052-4D92-8708-1B1466536988}.Debug|x86.ActiveCfg = Debug|Any CPU
		{4EA26943-7052-4D92-8708-1B1466536988}.Debug|x86.Build.0 = Debug|Any CPU
		{4EA26943-7052-4D92-8708-1B1466536988}.Release|Any CPU.ActiveCfg = Release|Any CPU
		{4EA26943-7052-4D92-8708-1B1466536988}.Release|Any CPU.Build.0 = Release|Any CPU
		{4EA26943-7052-4D92-8708-1B1466536988}.Release|Mixed Platforms.ActiveCfg = Release|Any CPU
		{4EA26943-7052-4D92-8708-1B1466536988}.Release|Mixed Platforms.Build.0 = Release|Any CPU
		{4EA26943-7052-4D92-8708-1B1466536988}.Release|x64.ActiveCfg = Release|Any CPU
		{4EA26943-7052-4D92-8708-1B1466536988}.Release|x64.Build.0 = Release|Any CPU
		{4EA26943-7052-4D92-8708-1B1466536988}.Release|x86.ActiveCfg = Release|Any CPU
		{4EA26943-7052-4D92-8708-1B1466536988}.test_x64|Any CPU.ActiveCfg = Release|Any CPU
		{4EA26943-7052-4D92-8708-1B1466536988}.test_x64|Any CPU.Build.0 = Release|Any CPU
		{4EA26943-7052-4D92-8708-1B1466536988}.test_x64|Mixed Platforms.ActiveCfg = Release|Any CPU
		{4EA26943-7052-4D92-8708-1B1466536988}.test_x64|Mixed Platforms.Build.0 = Release|Any CPU
		{4EA26943-7052-4D92-8708-1B1466536988}.test_x64|x64.ActiveCfg = Release|Any CPU
		{4EA26943-7052-4D92-8708-1B1466536988}.test_x64|x86.ActiveCfg = Release|Any CPU
		{4EA26943-7052-4D92-8708-1B1466536988}.x64|Any CPU.ActiveCfg = Release|Any CPU
		{4EA26943-7052-4D92-8708-1B1466536988}.x64|Any CPU.Build.0 = Release|Any CPU
		{4EA26943-7052-4D92-8708-1B1466536988}.x64|Mixed Platforms.ActiveCfg = Release|Any CPU
		{4EA26943-7052-4D92-8708-1B1466536988}.x64|Mixed Platforms.Build.0 = Release|Any CPU
		{4EA26943-7052-4D92-8708-1B1466536988}.x64|x64.ActiveCfg = Release|Any CPU
		{4EA26943-7052-4D92-8708-1B1466536988}.x64|x86.ActiveCfg = Release|Any CPU
		{4040CD73-8523-4A8A-8EA4-C25B43862498}.Debug|Any CPU.ActiveCfg = Debug|Any CPU
		{4040CD73-8523-4A8A-8EA4-C25B43862498}.Debug|Any CPU.Build.0 = Debug|Any CPU
		{4040CD73-8523-4A8A-8EA4-C25B43862498}.Debug|Mixed Platforms.ActiveCfg = Debug|Any CPU
		{4040CD73-8523-4A8A-8EA4-C25B43862498}.Debug|Mixed Platforms.Build.0 = Debug|Any CPU
		{4040CD73-8523-4A8A-8EA4-C25B43862498}.Debug|x64.ActiveCfg = Debug|Any CPU
		{4040CD73-8523-4A8A-8EA4-C25B43862498}.Debug|x64.Build.0 = Debug|Any CPU
		{4040CD73-8523-4A8A-8EA4-C25B43862498}.Debug|x86.ActiveCfg = Debug|Any CPU
		{4040CD73-8523-4A8A-8EA4-C25B43862498}.Debug|x86.Build.0 = Debug|Any CPU
		{4040CD73-8523-4A8A-8EA4-C25B43862498}.Release|Any CPU.ActiveCfg = Release|Any CPU
		{4040CD73-8523-4A8A-8EA4-C25B43862498}.Release|Any CPU.Build.0 = Release|Any CPU
		{4040CD73-8523-4A8A-8EA4-C25B43862498}.Release|Mixed Platforms.ActiveCfg = Release|Any CPU
		{4040CD73-8523-4A8A-8EA4-C25B43862498}.Release|Mixed Platforms.Build.0 = Release|Any CPU
		{4040CD73-8523-4A8A-8EA4-C25B43862498}.Release|x64.ActiveCfg = Release|Any CPU
		{4040CD73-8523-4A8A-8EA4-C25B43862498}.Release|x64.Build.0 = Release|Any CPU
		{4040CD73-8523-4A8A-8EA4-C25B43862498}.Release|x86.ActiveCfg = Release|Any CPU
		{4040CD73-8523-4A8A-8EA4-C25B43862498}.test_x64|Any CPU.ActiveCfg = Release|Any CPU
		{4040CD73-8523-4A8A-8EA4-C25B43862498}.test_x64|Any CPU.Build.0 = Release|Any CPU
		{4040CD73-8523-4A8A-8EA4-C25B43862498}.test_x64|Mixed Platforms.ActiveCfg = Release|Any CPU
		{4040CD73-8523-4A8A-8EA4-C25B43862498}.test_x64|Mixed Platforms.Build.0 = Release|Any CPU
		{4040CD73-8523-4A8A-8EA4-C25B43862498}.test_x64|x64.ActiveCfg = Release|Any CPU
		{4040CD73-8523-4A8A-8EA4-C25B43862498}.test_x64|x86.ActiveCfg = Release|Any CPU
		{4040CD73-8523-4A8A-8EA4-C25B43862498}.x64|Any CPU.ActiveCfg = Release|Any CPU
		{4040CD73-8523-4A8A-8EA4-C25B43862498}.x64|Any CPU.Build.0 = Release|Any CPU
		{4040CD73-8523-4A8A-8EA4-C25B43862498}.x64|Mixed Platforms.ActiveCfg = Release|Any CPU
		{4040CD73-8523-4A8A-8EA4-C25B43862498}.x64|Mixed Platforms.Build.0 = Release|Any CPU
		{4040CD73-8523-4A8A-8EA4-C25B43862498}.x64|x64.ActiveCfg = Release|Any CPU
		{4040CD73-8523-4A8A-8EA4-C25B43862498}.x64|x86.ActiveCfg = Release|Any CPU
		{CF92B261-DB32-4D52-BCF6-98CFCAE66D3C}.Debug|Any CPU.ActiveCfg = Debug|Any CPU
		{CF92B261-DB32-4D52-BCF6-98CFCAE66D3C}.Debug|Any CPU.Build.0 = Debug|Any CPU
		{CF92B261-DB32-4D52-BCF6-98CFCAE66D3C}.Debug|Mixed Platforms.ActiveCfg = Debug|Any CPU
		{CF92B261-DB32-4D52-BCF6-98CFCAE66D3C}.Debug|Mixed Platforms.Build.0 = Debug|Any CPU
		{CF92B261-DB32-4D52-BCF6-98CFCAE66D3C}.Debug|x64.ActiveCfg = Debug|Any CPU
		{CF92B261-DB32-4D52-BCF6-98CFCAE66D3C}.Debug|x64.Build.0 = Debug|Any CPU
		{CF92B261-DB32-4D52-BCF6-98CFCAE66D3C}.Debug|x86.ActiveCfg = Debug|Any CPU
		{CF92B261-DB32-4D52-BCF6-98CFCAE66D3C}.Debug|x86.Build.0 = Debug|Any CPU
		{CF92B261-DB32-4D52-BCF6-98CFCAE66D3C}.Release|Any CPU.ActiveCfg = Release|Any CPU
		{CF92B261-DB32-4D52-BCF6-98CFCAE66D3C}.Release|Any CPU.Build.0 = Release|Any CPU
		{CF92B261-DB32-4D52-BCF6-98CFCAE66D3C}.Release|Mixed Platforms.ActiveCfg = Release|Any CPU
		{CF92B261-DB32-4D52-BCF6-98CFCAE66D3C}.Release|Mixed Platforms.Build.0 = Release|Any CPU
		{CF92B261-DB32-4D52-BCF6-98CFCAE66D3C}.Release|x64.ActiveCfg = Release|Any CPU
		{CF92B261-DB32-4D52-BCF6-98CFCAE66D3C}.Release|x64.Build.0 = Release|Any CPU
		{CF92B261-DB32-4D52-BCF6-98CFCAE66D3C}.Release|x86.ActiveCfg = Release|Any CPU
		{CF92B261-DB32-4D52-BCF6-98CFCAE66D3C}.test_x64|Any CPU.ActiveCfg = test_x64|Any CPU
		{CF92B261-DB32-4D52-BCF6-98CFCAE66D3C}.test_x64|Any CPU.Build.0 = test_x64|Any CPU
		{CF92B261-DB32-4D52-BCF6-98CFCAE66D3C}.test_x64|Mixed Platforms.ActiveCfg = test_x64|x86
		{CF92B261-DB32-4D52-BCF6-98CFCAE66D3C}.test_x64|Mixed Platforms.Build.0 = test_x64|x86
		{CF92B261-DB32-4D52-BCF6-98CFCAE66D3C}.test_x64|x64.ActiveCfg = test_x64|x86
		{CF92B261-DB32-4D52-BCF6-98CFCAE66D3C}.test_x64|x86.ActiveCfg = test_x64|x86
		{CF92B261-DB32-4D52-BCF6-98CFCAE66D3C}.test_x64|x86.Build.0 = test_x64|x86
		{CF92B261-DB32-4D52-BCF6-98CFCAE66D3C}.x64|Any CPU.ActiveCfg = Release|Any CPU
		{CF92B261-DB32-4D52-BCF6-98CFCAE66D3C}.x64|Any CPU.Build.0 = Release|Any CPU
		{CF92B261-DB32-4D52-BCF6-98CFCAE66D3C}.x64|Mixed Platforms.ActiveCfg = Release|Any CPU
		{CF92B261-DB32-4D52-BCF6-98CFCAE66D3C}.x64|Mixed Platforms.Build.0 = Release|Any CPU
		{CF92B261-DB32-4D52-BCF6-98CFCAE66D3C}.x64|x64.ActiveCfg = Release|Any CPU
		{CF92B261-DB32-4D52-BCF6-98CFCAE66D3C}.x64|x86.ActiveCfg = Release|Any CPU
		{89148742-F482-479E-8831-579F54FDF08A}.Debug|Any CPU.ActiveCfg = Debug|Any CPU
		{89148742-F482-479E-8831-579F54FDF08A}.Debug|Any CPU.Build.0 = Debug|Any CPU
		{89148742-F482-479E-8831-579F54FDF08A}.Debug|Mixed Platforms.ActiveCfg = Debug|Any CPU
		{89148742-F482-479E-8831-579F54FDF08A}.Debug|Mixed Platforms.Build.0 = Debug|Any CPU
		{89148742-F482-479E-8831-579F54FDF08A}.Debug|x64.ActiveCfg = Debug|Any CPU
		{89148742-F482-479E-8831-579F54FDF08A}.Debug|x64.Build.0 = Debug|Any CPU
		{89148742-F482-479E-8831-579F54FDF08A}.Debug|x86.ActiveCfg = Debug|Any CPU
		{89148742-F482-479E-8831-579F54FDF08A}.Release|Any CPU.ActiveCfg = Release|Any CPU
		{89148742-F482-479E-8831-579F54FDF08A}.Release|Any CPU.Build.0 = Release|Any CPU
		{89148742-F482-479E-8831-579F54FDF08A}.Release|Mixed Platforms.ActiveCfg = Release|Any CPU
		{89148742-F482-479E-8831-579F54FDF08A}.Release|Mixed Platforms.Build.0 = Release|Any CPU
		{89148742-F482-479E-8831-579F54FDF08A}.Release|x64.ActiveCfg = Release|Any CPU
		{89148742-F482-479E-8831-579F54FDF08A}.Release|x64.Build.0 = Release|Any CPU
		{89148742-F482-479E-8831-579F54FDF08A}.Release|x86.ActiveCfg = Release|Any CPU
		{89148742-F482-479E-8831-579F54FDF08A}.test_x64|Any CPU.ActiveCfg = x64|Any CPU
		{89148742-F482-479E-8831-579F54FDF08A}.test_x64|Any CPU.Build.0 = x64|Any CPU
		{89148742-F482-479E-8831-579F54FDF08A}.test_x64|Mixed Platforms.ActiveCfg = x64|x64
		{89148742-F482-479E-8831-579F54FDF08A}.test_x64|Mixed Platforms.Build.0 = x64|x64
		{89148742-F482-479E-8831-579F54FDF08A}.test_x64|x64.ActiveCfg = x64|x64
		{89148742-F482-479E-8831-579F54FDF08A}.test_x64|x64.Build.0 = x64|x64
		{89148742-F482-479E-8831-579F54FDF08A}.test_x64|x86.ActiveCfg = x64|x64
		{89148742-F482-479E-8831-579F54FDF08A}.x64|Any CPU.ActiveCfg = x64|Any CPU
		{89148742-F482-479E-8831-579F54FDF08A}.x64|Any CPU.Build.0 = x64|Any CPU
		{89148742-F482-479E-8831-579F54FDF08A}.x64|Mixed Platforms.ActiveCfg = x64|Any CPU
		{89148742-F482-479E-8831-579F54FDF08A}.x64|Mixed Platforms.Build.0 = x64|Any CPU
		{89148742-F482-479E-8831-579F54FDF08A}.x64|x64.ActiveCfg = x64|Any CPU
		{89148742-F482-479E-8831-579F54FDF08A}.x64|x86.ActiveCfg = x64|Any CPU
		{FED8686B-7BE7-432C-B1F6-FA5900F6BAC2}.Debug|Any CPU.ActiveCfg = Debug|Any CPU
		{FED8686B-7BE7-432C-B1F6-FA5900F6BAC2}.Debug|Any CPU.Build.0 = Debug|Any CPU
		{FED8686B-7BE7-432C-B1F6-FA5900F6BAC2}.Debug|Mixed Platforms.ActiveCfg = Debug|Any CPU
		{FED8686B-7BE7-432C-B1F6-FA5900F6BAC2}.Debug|Mixed Platforms.Build.0 = Debug|Any CPU
		{FED8686B-7BE7-432C-B1F6-FA5900F6BAC2}.Debug|x64.ActiveCfg = Debug|Any CPU
		{FED8686B-7BE7-432C-B1F6-FA5900F6BAC2}.Debug|x64.Build.0 = Debug|Any CPU
		{FED8686B-7BE7-432C-B1F6-FA5900F6BAC2}.Debug|x86.ActiveCfg = Debug|x64
		{FED8686B-7BE7-432C-B1F6-FA5900F6BAC2}.Release|Any CPU.ActiveCfg = Release|Any CPU
		{FED8686B-7BE7-432C-B1F6-FA5900F6BAC2}.Release|Any CPU.Build.0 = Release|Any CPU
		{FED8686B-7BE7-432C-B1F6-FA5900F6BAC2}.Release|Mixed Platforms.ActiveCfg = Release|Any CPU
		{FED8686B-7BE7-432C-B1F6-FA5900F6BAC2}.Release|Mixed Platforms.Build.0 = Release|Any CPU
		{FED8686B-7BE7-432C-B1F6-FA5900F6BAC2}.Release|x64.ActiveCfg = Release|Any CPU
		{FED8686B-7BE7-432C-B1F6-FA5900F6BAC2}.Release|x64.Build.0 = Release|Any CPU
		{FED8686B-7BE7-432C-B1F6-FA5900F6BAC2}.Release|x86.ActiveCfg = Release|x64
		{FED8686B-7BE7-432C-B1F6-FA5900F6BAC2}.test_x64|Any CPU.ActiveCfg = x64|Any CPU
		{FED8686B-7BE7-432C-B1F6-FA5900F6BAC2}.test_x64|Any CPU.Build.0 = x64|Any CPU
		{FED8686B-7BE7-432C-B1F6-FA5900F6BAC2}.test_x64|Mixed Platforms.ActiveCfg = x64|x64
		{FED8686B-7BE7-432C-B1F6-FA5900F6BAC2}.test_x64|Mixed Platforms.Build.0 = x64|x64
		{FED8686B-7BE7-432C-B1F6-FA5900F6BAC2}.test_x64|x64.ActiveCfg = x64|x64
		{FED8686B-7BE7-432C-B1F6-FA5900F6BAC2}.test_x64|x64.Build.0 = x64|x64
		{FED8686B-7BE7-432C-B1F6-FA5900F6BAC2}.test_x64|x86.ActiveCfg = x64|x64
		{FED8686B-7BE7-432C-B1F6-FA5900F6BAC2}.x64|Any CPU.ActiveCfg = x64|Any CPU
		{FED8686B-7BE7-432C-B1F6-FA5900F6BAC2}.x64|Any CPU.Build.0 = x64|Any CPU
		{FED8686B-7BE7-432C-B1F6-FA5900F6BAC2}.x64|Mixed Platforms.ActiveCfg = x64|x64
		{FED8686B-7BE7-432C-B1F6-FA5900F6BAC2}.x64|Mixed Platforms.Build.0 = x64|x64
		{FED8686B-7BE7-432C-B1F6-FA5900F6BAC2}.x64|x64.ActiveCfg = x64|x64
		{FED8686B-7BE7-432C-B1F6-FA5900F6BAC2}.x64|x64.Build.0 = x64|x64
		{FED8686B-7BE7-432C-B1F6-FA5900F6BAC2}.x64|x86.ActiveCfg = x64|x64
		{1AFE5981-7268-4249-AFFA-77E42495886E}.Debug|Any CPU.ActiveCfg = Debug|Any CPU
		{1AFE5981-7268-4249-AFFA-77E42495886E}.Debug|Any CPU.Build.0 = Debug|Any CPU
		{1AFE5981-7268-4249-AFFA-77E42495886E}.Debug|Mixed Platforms.ActiveCfg = Debug|Any CPU
		{1AFE5981-7268-4249-AFFA-77E42495886E}.Debug|Mixed Platforms.Build.0 = Debug|Any CPU
		{1AFE5981-7268-4249-AFFA-77E42495886E}.Debug|x64.ActiveCfg = Debug|Any CPU
		{1AFE5981-7268-4249-AFFA-77E42495886E}.Debug|x64.Build.0 = Debug|Any CPU
		{1AFE5981-7268-4249-AFFA-77E42495886E}.Debug|x86.ActiveCfg = Debug|Any CPU
		{1AFE5981-7268-4249-AFFA-77E42495886E}.Release|Any CPU.ActiveCfg = Release|Any CPU
		{1AFE5981-7268-4249-AFFA-77E42495886E}.Release|Any CPU.Build.0 = Release|Any CPU
		{1AFE5981-7268-4249-AFFA-77E42495886E}.Release|Mixed Platforms.ActiveCfg = Release|Any CPU
		{1AFE5981-7268-4249-AFFA-77E42495886E}.Release|Mixed Platforms.Build.0 = Release|Any CPU
		{1AFE5981-7268-4249-AFFA-77E42495886E}.Release|x64.ActiveCfg = Release|Any CPU
		{1AFE5981-7268-4249-AFFA-77E42495886E}.Release|x64.Build.0 = Release|Any CPU
		{1AFE5981-7268-4249-AFFA-77E42495886E}.Release|x86.ActiveCfg = Release|Any CPU
		{1AFE5981-7268-4249-AFFA-77E42495886E}.test_x64|Any CPU.ActiveCfg = Release|Any CPU
		{1AFE5981-7268-4249-AFFA-77E42495886E}.test_x64|Any CPU.Build.0 = Release|Any CPU
		{1AFE5981-7268-4249-AFFA-77E42495886E}.test_x64|Mixed Platforms.ActiveCfg = Release|Any CPU
		{1AFE5981-7268-4249-AFFA-77E42495886E}.test_x64|Mixed Platforms.Build.0 = Release|Any CPU
		{1AFE5981-7268-4249-AFFA-77E42495886E}.test_x64|x64.ActiveCfg = Release|Any CPU
		{1AFE5981-7268-4249-AFFA-77E42495886E}.test_x64|x86.ActiveCfg = Release|Any CPU
		{1AFE5981-7268-4249-AFFA-77E42495886E}.x64|Any CPU.ActiveCfg = Release|Any CPU
		{1AFE5981-7268-4249-AFFA-77E42495886E}.x64|Any CPU.Build.0 = Release|Any CPU
		{1AFE5981-7268-4249-AFFA-77E42495886E}.x64|Mixed Platforms.ActiveCfg = Release|Any CPU
		{1AFE5981-7268-4249-AFFA-77E42495886E}.x64|Mixed Platforms.Build.0 = Release|Any CPU
		{1AFE5981-7268-4249-AFFA-77E42495886E}.x64|x64.ActiveCfg = Release|Any CPU
		{1AFE5981-7268-4249-AFFA-77E42495886E}.x64|x86.ActiveCfg = Release|Any CPU
		{7BECB850-389A-44FC-8523-3EF0B2540F07}.Debug|Any CPU.ActiveCfg = Debug|Any CPU
		{7BECB850-389A-44FC-8523-3EF0B2540F07}.Debug|Any CPU.Build.0 = Debug|Any CPU
		{7BECB850-389A-44FC-8523-3EF0B2540F07}.Debug|Mixed Platforms.ActiveCfg = Debug|Any CPU
		{7BECB850-389A-44FC-8523-3EF0B2540F07}.Debug|Mixed Platforms.Build.0 = Debug|Any CPU
		{7BECB850-389A-44FC-8523-3EF0B2540F07}.Debug|x64.ActiveCfg = Debug|Any CPU
		{7BECB850-389A-44FC-8523-3EF0B2540F07}.Debug|x64.Build.0 = Debug|Any CPU
		{7BECB850-389A-44FC-8523-3EF0B2540F07}.Debug|x86.ActiveCfg = Debug|Any CPU
		{7BECB850-389A-44FC-8523-3EF0B2540F07}.Release|Any CPU.ActiveCfg = Release|Any CPU
		{7BECB850-389A-44FC-8523-3EF0B2540F07}.Release|Any CPU.Build.0 = Release|Any CPU
		{7BECB850-389A-44FC-8523-3EF0B2540F07}.Release|Mixed Platforms.ActiveCfg = Release|Any CPU
		{7BECB850-389A-44FC-8523-3EF0B2540F07}.Release|Mixed Platforms.Build.0 = Release|Any CPU
		{7BECB850-389A-44FC-8523-3EF0B2540F07}.Release|x64.ActiveCfg = Release|Any CPU
		{7BECB850-389A-44FC-8523-3EF0B2540F07}.Release|x64.Build.0 = Release|Any CPU
		{7BECB850-389A-44FC-8523-3EF0B2540F07}.Release|x86.ActiveCfg = Release|Any CPU
		{7BECB850-389A-44FC-8523-3EF0B2540F07}.test_x64|Any CPU.ActiveCfg = Release|Any CPU
		{7BECB850-389A-44FC-8523-3EF0B2540F07}.test_x64|Any CPU.Build.0 = Release|Any CPU
		{7BECB850-389A-44FC-8523-3EF0B2540F07}.test_x64|Mixed Platforms.ActiveCfg = Release|Any CPU
		{7BECB850-389A-44FC-8523-3EF0B2540F07}.test_x64|Mixed Platforms.Build.0 = Release|Any CPU
		{7BECB850-389A-44FC-8523-3EF0B2540F07}.test_x64|x64.ActiveCfg = Release|Any CPU
		{7BECB850-389A-44FC-8523-3EF0B2540F07}.test_x64|x86.ActiveCfg = Release|Any CPU
		{7BECB850-389A-44FC-8523-3EF0B2540F07}.x64|Any CPU.ActiveCfg = Release|Any CPU
		{7BECB850-389A-44FC-8523-3EF0B2540F07}.x64|Any CPU.Build.0 = Release|Any CPU
		{7BECB850-389A-44FC-8523-3EF0B2540F07}.x64|Mixed Platforms.ActiveCfg = Release|Any CPU
		{7BECB850-389A-44FC-8523-3EF0B2540F07}.x64|Mixed Platforms.Build.0 = Release|Any CPU
		{7BECB850-389A-44FC-8523-3EF0B2540F07}.x64|x64.ActiveCfg = Release|Any CPU
		{7BECB850-389A-44FC-8523-3EF0B2540F07}.x64|x86.ActiveCfg = Release|Any CPU
		{8362D3C1-21B0-46E4-B7F2-B11B958029A0}.Debug|Any CPU.ActiveCfg = Debug|Any CPU
		{8362D3C1-21B0-46E4-B7F2-B11B958029A0}.Debug|Any CPU.Build.0 = Debug|Any CPU
		{8362D3C1-21B0-46E4-B7F2-B11B958029A0}.Debug|Mixed Platforms.ActiveCfg = Debug|Any CPU
		{8362D3C1-21B0-46E4-B7F2-B11B958029A0}.Debug|Mixed Platforms.Build.0 = Debug|Any CPU
		{8362D3C1-21B0-46E4-B7F2-B11B958029A0}.Debug|x64.ActiveCfg = Debug|Any CPU
		{8362D3C1-21B0-46E4-B7F2-B11B958029A0}.Debug|x64.Build.0 = Debug|Any CPU
		{8362D3C1-21B0-46E4-B7F2-B11B958029A0}.Debug|x86.ActiveCfg = Debug|Any CPU
		{8362D3C1-21B0-46E4-B7F2-B11B958029A0}.Release|Any CPU.ActiveCfg = Release|Any CPU
		{8362D3C1-21B0-46E4-B7F2-B11B958029A0}.Release|Any CPU.Build.0 = Release|Any CPU
		{8362D3C1-21B0-46E4-B7F2-B11B958029A0}.Release|Mixed Platforms.ActiveCfg = Release|Any CPU
		{8362D3C1-21B0-46E4-B7F2-B11B958029A0}.Release|Mixed Platforms.Build.0 = Release|Any CPU
		{8362D3C1-21B0-46E4-B7F2-B11B958029A0}.Release|x64.ActiveCfg = Release|Any CPU
		{8362D3C1-21B0-46E4-B7F2-B11B958029A0}.Release|x64.Build.0 = Release|Any CPU
		{8362D3C1-21B0-46E4-B7F2-B11B958029A0}.Release|x86.ActiveCfg = Release|Any CPU
		{8362D3C1-21B0-46E4-B7F2-B11B958029A0}.test_x64|Any CPU.ActiveCfg = Release|Any CPU
		{8362D3C1-21B0-46E4-B7F2-B11B958029A0}.test_x64|Any CPU.Build.0 = Release|Any CPU
		{8362D3C1-21B0-46E4-B7F2-B11B958029A0}.test_x64|Mixed Platforms.ActiveCfg = Release|Any CPU
		{8362D3C1-21B0-46E4-B7F2-B11B958029A0}.test_x64|Mixed Platforms.Build.0 = Release|Any CPU
		{8362D3C1-21B0-46E4-B7F2-B11B958029A0}.test_x64|x64.ActiveCfg = Release|Any CPU
		{8362D3C1-21B0-46E4-B7F2-B11B958029A0}.test_x64|x86.ActiveCfg = Release|Any CPU
		{8362D3C1-21B0-46E4-B7F2-B11B958029A0}.x64|Any CPU.ActiveCfg = Release|Any CPU
		{8362D3C1-21B0-46E4-B7F2-B11B958029A0}.x64|Any CPU.Build.0 = Release|Any CPU
		{8362D3C1-21B0-46E4-B7F2-B11B958029A0}.x64|Mixed Platforms.ActiveCfg = Release|Any CPU
		{8362D3C1-21B0-46E4-B7F2-B11B958029A0}.x64|Mixed Platforms.Build.0 = Release|Any CPU
		{8362D3C1-21B0-46E4-B7F2-B11B958029A0}.x64|x64.ActiveCfg = Release|Any CPU
		{8362D3C1-21B0-46E4-B7F2-B11B958029A0}.x64|x86.ActiveCfg = Release|Any CPU
		{3DD6B8BD-6A9F-4653-A7B9-481A5D025D00}.Debug|Any CPU.ActiveCfg = Debug|Any CPU
		{3DD6B8BD-6A9F-4653-A7B9-481A5D025D00}.Debug|Any CPU.Build.0 = Debug|Any CPU
		{3DD6B8BD-6A9F-4653-A7B9-481A5D025D00}.Debug|Mixed Platforms.ActiveCfg = Debug|Any CPU
		{3DD6B8BD-6A9F-4653-A7B9-481A5D025D00}.Debug|Mixed Platforms.Build.0 = Debug|Any CPU
		{3DD6B8BD-6A9F-4653-A7B9-481A5D025D00}.Debug|x64.ActiveCfg = Debug|Any CPU
		{3DD6B8BD-6A9F-4653-A7B9-481A5D025D00}.Debug|x64.Build.0 = Debug|Any CPU
		{3DD6B8BD-6A9F-4653-A7B9-481A5D025D00}.Debug|x86.ActiveCfg = Debug|Any CPU
		{3DD6B8BD-6A9F-4653-A7B9-481A5D025D00}.Release|Any CPU.ActiveCfg = Release|Any CPU
		{3DD6B8BD-6A9F-4653-A7B9-481A5D025D00}.Release|Any CPU.Build.0 = Release|Any CPU
		{3DD6B8BD-6A9F-4653-A7B9-481A5D025D00}.Release|Mixed Platforms.ActiveCfg = Release|Any CPU
		{3DD6B8BD-6A9F-4653-A7B9-481A5D025D00}.Release|Mixed Platforms.Build.0 = Release|Any CPU
		{3DD6B8BD-6A9F-4653-A7B9-481A5D025D00}.Release|x64.ActiveCfg = Release|Any CPU
		{3DD6B8BD-6A9F-4653-A7B9-481A5D025D00}.Release|x64.Build.0 = Release|Any CPU
		{3DD6B8BD-6A9F-4653-A7B9-481A5D025D00}.Release|x86.ActiveCfg = Release|Any CPU
		{3DD6B8BD-6A9F-4653-A7B9-481A5D025D00}.test_x64|Any CPU.ActiveCfg = Release|Any CPU
		{3DD6B8BD-6A9F-4653-A7B9-481A5D025D00}.test_x64|Any CPU.Build.0 = Release|Any CPU
		{3DD6B8BD-6A9F-4653-A7B9-481A5D025D00}.test_x64|Mixed Platforms.ActiveCfg = Release|Any CPU
		{3DD6B8BD-6A9F-4653-A7B9-481A5D025D00}.test_x64|Mixed Platforms.Build.0 = Release|Any CPU
		{3DD6B8BD-6A9F-4653-A7B9-481A5D025D00}.test_x64|x64.ActiveCfg = Release|Any CPU
		{3DD6B8BD-6A9F-4653-A7B9-481A5D025D00}.test_x64|x86.ActiveCfg = Release|Any CPU
		{3DD6B8BD-6A9F-4653-A7B9-481A5D025D00}.x64|Any CPU.ActiveCfg = Release|Any CPU
		{3DD6B8BD-6A9F-4653-A7B9-481A5D025D00}.x64|Any CPU.Build.0 = Release|Any CPU
		{3DD6B8BD-6A9F-4653-A7B9-481A5D025D00}.x64|Mixed Platforms.ActiveCfg = Release|Any CPU
		{3DD6B8BD-6A9F-4653-A7B9-481A5D025D00}.x64|Mixed Platforms.Build.0 = Release|Any CPU
		{3DD6B8BD-6A9F-4653-A7B9-481A5D025D00}.x64|x64.ActiveCfg = Release|Any CPU
		{3DD6B8BD-6A9F-4653-A7B9-481A5D025D00}.x64|x86.ActiveCfg = Release|Any CPU
		{0B6E6387-9CB1-4420-88E4-B27BDD172C89}.Debug|Any CPU.ActiveCfg = Debug|x86
		{0B6E6387-9CB1-4420-88E4-B27BDD172C89}.Debug|Mixed Platforms.ActiveCfg = Debug|x86
		{0B6E6387-9CB1-4420-88E4-B27BDD172C89}.Debug|Mixed Platforms.Build.0 = Debug|x86
		{0B6E6387-9CB1-4420-88E4-B27BDD172C89}.Debug|x64.ActiveCfg = Debug|Any CPU
		{0B6E6387-9CB1-4420-88E4-B27BDD172C89}.Debug|x64.Build.0 = Debug|Any CPU
		{0B6E6387-9CB1-4420-88E4-B27BDD172C89}.Debug|x86.ActiveCfg = Debug|x86
		{0B6E6387-9CB1-4420-88E4-B27BDD172C89}.Debug|x86.Build.0 = Debug|x86
		{0B6E6387-9CB1-4420-88E4-B27BDD172C89}.Release|Any CPU.ActiveCfg = Release|x86
		{0B6E6387-9CB1-4420-88E4-B27BDD172C89}.Release|Mixed Platforms.ActiveCfg = Release|Any CPU
		{0B6E6387-9CB1-4420-88E4-B27BDD172C89}.Release|Mixed Platforms.Build.0 = Release|Any CPU
		{0B6E6387-9CB1-4420-88E4-B27BDD172C89}.Release|x64.ActiveCfg = Release|x86
		{0B6E6387-9CB1-4420-88E4-B27BDD172C89}.Release|x64.Build.0 = Release|x86
		{0B6E6387-9CB1-4420-88E4-B27BDD172C89}.Release|x86.ActiveCfg = Release|x86
		{0B6E6387-9CB1-4420-88E4-B27BDD172C89}.Release|x86.Build.0 = Release|x86
		{0B6E6387-9CB1-4420-88E4-B27BDD172C89}.test_x64|Any CPU.ActiveCfg = Release|x86
		{0B6E6387-9CB1-4420-88E4-B27BDD172C89}.test_x64|Mixed Platforms.ActiveCfg = Release|x86
		{0B6E6387-9CB1-4420-88E4-B27BDD172C89}.test_x64|Mixed Platforms.Build.0 = Release|x86
		{0B6E6387-9CB1-4420-88E4-B27BDD172C89}.test_x64|x64.ActiveCfg = Release|x86
		{0B6E6387-9CB1-4420-88E4-B27BDD172C89}.test_x64|x86.ActiveCfg = Release|x86
		{0B6E6387-9CB1-4420-88E4-B27BDD172C89}.test_x64|x86.Build.0 = Release|x86
		{0B6E6387-9CB1-4420-88E4-B27BDD172C89}.x64|Any CPU.ActiveCfg = Release|x86
		{0B6E6387-9CB1-4420-88E4-B27BDD172C89}.x64|Mixed Platforms.ActiveCfg = Release|x86
		{0B6E6387-9CB1-4420-88E4-B27BDD172C89}.x64|Mixed Platforms.Build.0 = Release|x86
		{0B6E6387-9CB1-4420-88E4-B27BDD172C89}.x64|x64.ActiveCfg = Release|x86
		{0B6E6387-9CB1-4420-88E4-B27BDD172C89}.x64|x86.ActiveCfg = Release|x86
		{0B6E6387-9CB1-4420-88E4-B27BDD172C89}.x64|x86.Build.0 = Release|x86
		{6E5FB80C-3B10-475B-ACF3-640D6D3399B0}.Debug|Any CPU.ActiveCfg = Debug|Any CPU
		{6E5FB80C-3B10-475B-ACF3-640D6D3399B0}.Debug|Any CPU.Build.0 = Debug|Any CPU
		{6E5FB80C-3B10-475B-ACF3-640D6D3399B0}.Debug|Mixed Platforms.ActiveCfg = Debug|Any CPU
		{6E5FB80C-3B10-475B-ACF3-640D6D3399B0}.Debug|Mixed Platforms.Build.0 = Debug|Any CPU
		{6E5FB80C-3B10-475B-ACF3-640D6D3399B0}.Debug|x64.ActiveCfg = Debug|Any CPU
		{6E5FB80C-3B10-475B-ACF3-640D6D3399B0}.Debug|x64.Build.0 = Debug|Any CPU
		{6E5FB80C-3B10-475B-ACF3-640D6D3399B0}.Debug|x86.ActiveCfg = Debug|x86
		{6E5FB80C-3B10-475B-ACF3-640D6D3399B0}.Debug|x86.Build.0 = Debug|x86
		{6E5FB80C-3B10-475B-ACF3-640D6D3399B0}.Release|Any CPU.ActiveCfg = Release|Any CPU
		{6E5FB80C-3B10-475B-ACF3-640D6D3399B0}.Release|Any CPU.Build.0 = Release|Any CPU
		{6E5FB80C-3B10-475B-ACF3-640D6D3399B0}.Release|Mixed Platforms.ActiveCfg = Release|Any CPU
		{6E5FB80C-3B10-475B-ACF3-640D6D3399B0}.Release|Mixed Platforms.Build.0 = Release|Any CPU
		{6E5FB80C-3B10-475B-ACF3-640D6D3399B0}.Release|x64.ActiveCfg = Release|Any CPU
		{6E5FB80C-3B10-475B-ACF3-640D6D3399B0}.Release|x64.Build.0 = Release|Any CPU
		{6E5FB80C-3B10-475B-ACF3-640D6D3399B0}.Release|x86.ActiveCfg = Release|x86
		{6E5FB80C-3B10-475B-ACF3-640D6D3399B0}.Release|x86.Build.0 = Release|x86
		{6E5FB80C-3B10-475B-ACF3-640D6D3399B0}.test_x64|Any CPU.ActiveCfg = test_x64|Any CPU
		{6E5FB80C-3B10-475B-ACF3-640D6D3399B0}.test_x64|Any CPU.Build.0 = test_x64|Any CPU
		{6E5FB80C-3B10-475B-ACF3-640D6D3399B0}.test_x64|Mixed Platforms.ActiveCfg = test_x64|x86
		{6E5FB80C-3B10-475B-ACF3-640D6D3399B0}.test_x64|Mixed Platforms.Build.0 = test_x64|x86
		{6E5FB80C-3B10-475B-ACF3-640D6D3399B0}.test_x64|x64.ActiveCfg = test_x64|x64
		{6E5FB80C-3B10-475B-ACF3-640D6D3399B0}.test_x64|x64.Build.0 = test_x64|x64
		{6E5FB80C-3B10-475B-ACF3-640D6D3399B0}.test_x64|x86.ActiveCfg = test_x64|x86
		{6E5FB80C-3B10-475B-ACF3-640D6D3399B0}.test_x64|x86.Build.0 = test_x64|x86
		{6E5FB80C-3B10-475B-ACF3-640D6D3399B0}.x64|Any CPU.ActiveCfg = test_x64|Any CPU
		{6E5FB80C-3B10-475B-ACF3-640D6D3399B0}.x64|Any CPU.Build.0 = test_x64|Any CPU
		{6E5FB80C-3B10-475B-ACF3-640D6D3399B0}.x64|Mixed Platforms.ActiveCfg = test_x64|x86
		{6E5FB80C-3B10-475B-ACF3-640D6D3399B0}.x64|Mixed Platforms.Build.0 = test_x64|x86
		{6E5FB80C-3B10-475B-ACF3-640D6D3399B0}.x64|x64.ActiveCfg = test_x64|x64
		{6E5FB80C-3B10-475B-ACF3-640D6D3399B0}.x64|x64.Build.0 = test_x64|x64
		{6E5FB80C-3B10-475B-ACF3-640D6D3399B0}.x64|x86.ActiveCfg = test_x64|x86
		{6E5FB80C-3B10-475B-ACF3-640D6D3399B0}.x64|x86.Build.0 = test_x64|x86
		{8920FBEF-30A9-4A3A-91C5-7FCA3597A6A1}.Debug|Any CPU.ActiveCfg = Debug|Any CPU
		{8920FBEF-30A9-4A3A-91C5-7FCA3597A6A1}.Debug|Any CPU.Build.0 = Debug|Any CPU
		{8920FBEF-30A9-4A3A-91C5-7FCA3597A6A1}.Debug|Mixed Platforms.ActiveCfg = Debug|Any CPU
		{8920FBEF-30A9-4A3A-91C5-7FCA3597A6A1}.Debug|Mixed Platforms.Build.0 = Debug|Any CPU
		{8920FBEF-30A9-4A3A-91C5-7FCA3597A6A1}.Debug|x64.ActiveCfg = Debug|Any CPU
		{8920FBEF-30A9-4A3A-91C5-7FCA3597A6A1}.Debug|x64.Build.0 = Debug|Any CPU
		{8920FBEF-30A9-4A3A-91C5-7FCA3597A6A1}.Debug|x86.ActiveCfg = Debug|Any CPU
		{8920FBEF-30A9-4A3A-91C5-7FCA3597A6A1}.Release|Any CPU.ActiveCfg = Release|Any CPU
		{8920FBEF-30A9-4A3A-91C5-7FCA3597A6A1}.Release|Any CPU.Build.0 = Release|Any CPU
		{8920FBEF-30A9-4A3A-91C5-7FCA3597A6A1}.Release|Mixed Platforms.ActiveCfg = Release|Any CPU
		{8920FBEF-30A9-4A3A-91C5-7FCA3597A6A1}.Release|Mixed Platforms.Build.0 = Release|Any CPU
		{8920FBEF-30A9-4A3A-91C5-7FCA3597A6A1}.Release|x64.ActiveCfg = Release|Any CPU
		{8920FBEF-30A9-4A3A-91C5-7FCA3597A6A1}.Release|x64.Build.0 = Release|Any CPU
		{8920FBEF-30A9-4A3A-91C5-7FCA3597A6A1}.Release|x86.ActiveCfg = Release|Any CPU
		{8920FBEF-30A9-4A3A-91C5-7FCA3597A6A1}.test_x64|Any CPU.ActiveCfg = Release|Any CPU
		{8920FBEF-30A9-4A3A-91C5-7FCA3597A6A1}.test_x64|Any CPU.Build.0 = Release|Any CPU
		{8920FBEF-30A9-4A3A-91C5-7FCA3597A6A1}.test_x64|Mixed Platforms.ActiveCfg = Release|Any CPU
		{8920FBEF-30A9-4A3A-91C5-7FCA3597A6A1}.test_x64|Mixed Platforms.Build.0 = Release|Any CPU
		{8920FBEF-30A9-4A3A-91C5-7FCA3597A6A1}.test_x64|x64.ActiveCfg = Release|Any CPU
		{8920FBEF-30A9-4A3A-91C5-7FCA3597A6A1}.test_x64|x86.ActiveCfg = Release|Any CPU
		{8920FBEF-30A9-4A3A-91C5-7FCA3597A6A1}.x64|Any CPU.ActiveCfg = Release|Any CPU
		{8920FBEF-30A9-4A3A-91C5-7FCA3597A6A1}.x64|Any CPU.Build.0 = Release|Any CPU
		{8920FBEF-30A9-4A3A-91C5-7FCA3597A6A1}.x64|Mixed Platforms.ActiveCfg = Release|Any CPU
		{8920FBEF-30A9-4A3A-91C5-7FCA3597A6A1}.x64|Mixed Platforms.Build.0 = Release|Any CPU
		{8920FBEF-30A9-4A3A-91C5-7FCA3597A6A1}.x64|x64.ActiveCfg = Release|Any CPU
		{8920FBEF-30A9-4A3A-91C5-7FCA3597A6A1}.x64|x86.ActiveCfg = Release|Any CPU
		{74D9A8FB-4CD1-4AED-9476-AF2E6D3DB4A0}.Debug|Any CPU.ActiveCfg = Debug|Any CPU
		{74D9A8FB-4CD1-4AED-9476-AF2E6D3DB4A0}.Debug|Any CPU.Build.0 = Debug|Any CPU
		{74D9A8FB-4CD1-4AED-9476-AF2E6D3DB4A0}.Debug|Mixed Platforms.ActiveCfg = Debug|Any CPU
		{74D9A8FB-4CD1-4AED-9476-AF2E6D3DB4A0}.Debug|Mixed Platforms.Build.0 = Debug|Any CPU
		{74D9A8FB-4CD1-4AED-9476-AF2E6D3DB4A0}.Debug|x64.ActiveCfg = Debug|Any CPU
		{74D9A8FB-4CD1-4AED-9476-AF2E6D3DB4A0}.Debug|x64.Build.0 = Debug|Any CPU
		{74D9A8FB-4CD1-4AED-9476-AF2E6D3DB4A0}.Debug|x86.ActiveCfg = Debug|Any CPU
		{74D9A8FB-4CD1-4AED-9476-AF2E6D3DB4A0}.Release|Any CPU.ActiveCfg = Release|Any CPU
		{74D9A8FB-4CD1-4AED-9476-AF2E6D3DB4A0}.Release|Any CPU.Build.0 = Release|Any CPU
		{74D9A8FB-4CD1-4AED-9476-AF2E6D3DB4A0}.Release|Mixed Platforms.ActiveCfg = Release|Any CPU
		{74D9A8FB-4CD1-4AED-9476-AF2E6D3DB4A0}.Release|Mixed Platforms.Build.0 = Release|Any CPU
		{74D9A8FB-4CD1-4AED-9476-AF2E6D3DB4A0}.Release|x64.ActiveCfg = Release|Any CPU
		{74D9A8FB-4CD1-4AED-9476-AF2E6D3DB4A0}.Release|x64.Build.0 = Release|Any CPU
		{74D9A8FB-4CD1-4AED-9476-AF2E6D3DB4A0}.Release|x86.ActiveCfg = Release|Any CPU
		{74D9A8FB-4CD1-4AED-9476-AF2E6D3DB4A0}.test_x64|Any CPU.ActiveCfg = Release|Any CPU
		{74D9A8FB-4CD1-4AED-9476-AF2E6D3DB4A0}.test_x64|Any CPU.Build.0 = Release|Any CPU
		{74D9A8FB-4CD1-4AED-9476-AF2E6D3DB4A0}.test_x64|Mixed Platforms.ActiveCfg = Release|Any CPU
		{74D9A8FB-4CD1-4AED-9476-AF2E6D3DB4A0}.test_x64|Mixed Platforms.Build.0 = Release|Any CPU
		{74D9A8FB-4CD1-4AED-9476-AF2E6D3DB4A0}.test_x64|x64.ActiveCfg = Release|Any CPU
		{74D9A8FB-4CD1-4AED-9476-AF2E6D3DB4A0}.test_x64|x86.ActiveCfg = Release|Any CPU
		{74D9A8FB-4CD1-4AED-9476-AF2E6D3DB4A0}.x64|Any CPU.ActiveCfg = Release|Any CPU
		{74D9A8FB-4CD1-4AED-9476-AF2E6D3DB4A0}.x64|Any CPU.Build.0 = Release|Any CPU
		{74D9A8FB-4CD1-4AED-9476-AF2E6D3DB4A0}.x64|Mixed Platforms.ActiveCfg = Release|Any CPU
		{74D9A8FB-4CD1-4AED-9476-AF2E6D3DB4A0}.x64|Mixed Platforms.Build.0 = Release|Any CPU
		{74D9A8FB-4CD1-4AED-9476-AF2E6D3DB4A0}.x64|x64.ActiveCfg = Release|Any CPU
		{74D9A8FB-4CD1-4AED-9476-AF2E6D3DB4A0}.x64|x86.ActiveCfg = Release|Any CPU
		{BA1782EF-56DA-4872-BCB2-3F1A339E8243}.Debug|Any CPU.ActiveCfg = Debug|Any CPU
		{BA1782EF-56DA-4872-BCB2-3F1A339E8243}.Debug|Any CPU.Build.0 = Debug|Any CPU
		{BA1782EF-56DA-4872-BCB2-3F1A339E8243}.Debug|Mixed Platforms.ActiveCfg = Debug|Any CPU
		{BA1782EF-56DA-4872-BCB2-3F1A339E8243}.Debug|Mixed Platforms.Build.0 = Debug|Any CPU
		{BA1782EF-56DA-4872-BCB2-3F1A339E8243}.Debug|x64.ActiveCfg = Debug|Any CPU
		{BA1782EF-56DA-4872-BCB2-3F1A339E8243}.Debug|x64.Build.0 = Debug|Any CPU
		{BA1782EF-56DA-4872-BCB2-3F1A339E8243}.Debug|x86.ActiveCfg = Debug|Any CPU
		{BA1782EF-56DA-4872-BCB2-3F1A339E8243}.Release|Any CPU.ActiveCfg = Release|Any CPU
		{BA1782EF-56DA-4872-BCB2-3F1A339E8243}.Release|Any CPU.Build.0 = Release|Any CPU
		{BA1782EF-56DA-4872-BCB2-3F1A339E8243}.Release|Mixed Platforms.ActiveCfg = Release|Any CPU
		{BA1782EF-56DA-4872-BCB2-3F1A339E8243}.Release|Mixed Platforms.Build.0 = Release|Any CPU
		{BA1782EF-56DA-4872-BCB2-3F1A339E8243}.Release|x64.ActiveCfg = Release|Any CPU
		{BA1782EF-56DA-4872-BCB2-3F1A339E8243}.Release|x64.Build.0 = Release|Any CPU
		{BA1782EF-56DA-4872-BCB2-3F1A339E8243}.Release|x86.ActiveCfg = Release|Any CPU
		{BA1782EF-56DA-4872-BCB2-3F1A339E8243}.test_x64|Any CPU.ActiveCfg = Release|Any CPU
		{BA1782EF-56DA-4872-BCB2-3F1A339E8243}.test_x64|Any CPU.Build.0 = Release|Any CPU
		{BA1782EF-56DA-4872-BCB2-3F1A339E8243}.test_x64|Mixed Platforms.ActiveCfg = Release|Any CPU
		{BA1782EF-56DA-4872-BCB2-3F1A339E8243}.test_x64|Mixed Platforms.Build.0 = Release|Any CPU
		{BA1782EF-56DA-4872-BCB2-3F1A339E8243}.test_x64|x64.ActiveCfg = Release|Any CPU
		{BA1782EF-56DA-4872-BCB2-3F1A339E8243}.test_x64|x86.ActiveCfg = Release|Any CPU
		{BA1782EF-56DA-4872-BCB2-3F1A339E8243}.x64|Any CPU.ActiveCfg = Release|Any CPU
		{BA1782EF-56DA-4872-BCB2-3F1A339E8243}.x64|Any CPU.Build.0 = Release|Any CPU
		{BA1782EF-56DA-4872-BCB2-3F1A339E8243}.x64|Mixed Platforms.ActiveCfg = Release|Any CPU
		{BA1782EF-56DA-4872-BCB2-3F1A339E8243}.x64|Mixed Platforms.Build.0 = Release|Any CPU
		{BA1782EF-56DA-4872-BCB2-3F1A339E8243}.x64|x64.ActiveCfg = Release|Any CPU
		{BA1782EF-56DA-4872-BCB2-3F1A339E8243}.x64|x86.ActiveCfg = Release|Any CPU
	EndGlobalSection
	GlobalSection(SolutionProperties) = preSolution
		HideSolutionNode = FALSE
	EndGlobalSection
EndGlobal
