
Microsoft Visual Studio Solution File, Format Version 11.00
# Visual Studio 2010
Project("{FAE04EC0-301F-11D3-BF4B-00C04F79EFBC}") = "TransDATA", "TransDATA\TransDATA.csproj", "{F100AAE4-D43A-4EC2-ADD9-E21B13B322DB}"
EndProject
Project("{FAE04EC0-301F-11D3-BF4B-00C04F79EFBC}") = "TransDATABusiness", "TransDATABusiness\TransDATABusiness.csproj", "{A34DB37D-7F0E-4D25-9DD4-811BB86D93CD}"
EndProject
Project("{FAE04EC0-301F-11D3-BF4B-00C04F79EFBC}") = "DbAccess", "..\..\..\Libraries\DbAccess\DbAccess.csproj", "{53CD0B45-9B49-4CAC-B5D8-F8C73671B6B1}"
EndProject
Project("{FAE04EC0-301F-11D3-BF4B-00C04F79EFBC}") = "AvdWpfControls", "..\..\..\Libraries\AvdWpfControls\AvdWpfControls.csproj", "{E3B12F3F-E420-48FA-B991-FA1FF8D603F2}"
EndProject
Project("{FAE04EC0-301F-11D3-BF4B-00C04F79EFBC}") = "AvdWpfDbControls", "..\..\..\Libraries\AvdWpfDbControls\AvdWpfDbControls.csproj", "{DD87CD3D-512C-4137-BF3B-4817C19B89F5}"
EndProject
Global
	GlobalSection(SubversionScc) = preSolution
		Svn-Managed = True
		Manager = AnkhSVN - Subversion Support for Visual Studio
	EndGlobalSection
	GlobalSection(SolutionConfigurationPlatforms) = preSolution
		Debug|Any CPU = Debug|Any CPU
		Debug|Mixed Platforms = Debug|Mixed Platforms
		Debug|x86 = Debug|x86
		Release|Any CPU = Release|Any CPU
		Release|Mixed Platforms = Release|Mixed Platforms
		Release|x86 = Release|x86
	EndGlobalSection
	GlobalSection(ProjectConfigurationPlatforms) = postSolution
		{F100AAE4-D43A-4EC2-ADD9-E21B13B322DB}.Debug|Any CPU.ActiveCfg = Debug|x86
		{F100AAE4-D43A-4EC2-ADD9-E21B13B322DB}.Debug|Mixed Platforms.ActiveCfg = Debug|x86
		{F100AAE4-D43A-4EC2-ADD9-E21B13B322DB}.Debug|Mixed Platforms.Build.0 = Debug|x86
		{F100AAE4-D43A-4EC2-ADD9-E21B13B322DB}.Debug|x86.ActiveCfg = Debug|x86
		{F100AAE4-D43A-4EC2-ADD9-E21B13B322DB}.Debug|x86.Build.0 = Debug|x86
		{F100AAE4-D43A-4EC2-ADD9-E21B13B322DB}.Release|Any CPU.ActiveCfg = Release|x86
		{F100AAE4-D43A-4EC2-ADD9-E21B13B322DB}.Release|Mixed Platforms.ActiveCfg = Release|x86
		{F100AAE4-D43A-4EC2-ADD9-E21B13B322DB}.Release|Mixed Platforms.Build.0 = Release|x86
		{F100AAE4-D43A-4EC2-ADD9-E21B13B322DB}.Release|x86.ActiveCfg = Release|x86
		{F100AAE4-D43A-4EC2-ADD9-E21B13B322DB}.Release|x86.Build.0 = Release|x86
		{A34DB37D-7F0E-4D25-9DD4-811BB86D93CD}.Debug|Any CPU.ActiveCfg = Debug|Any CPU
		{A34DB37D-7F0E-4D25-9DD4-811BB86D93CD}.Debug|Any CPU.Build.0 = Debug|Any CPU
		{A34DB37D-7F0E-4D25-9DD4-811BB86D93CD}.Debug|Mixed Platforms.ActiveCfg = Debug|Any CPU
		{A34DB37D-7F0E-4D25-9DD4-811BB86D93CD}.Debug|Mixed Platforms.Build.0 = Debug|Any CPU
		{A34DB37D-7F0E-4D25-9DD4-811BB86D93CD}.Debug|x86.ActiveCfg = Debug|Any CPU
		{A34DB37D-7F0E-4D25-9DD4-811BB86D93CD}.Release|Any CPU.ActiveCfg = Release|Any CPU
		{A34DB37D-7F0E-4D25-9DD4-811BB86D93CD}.Release|Any CPU.Build.0 = Release|Any CPU
		{A34DB37D-7F0E-4D25-9DD4-811BB86D93CD}.Release|Mixed Platforms.ActiveCfg = Release|Any CPU
		{A34DB37D-7F0E-4D25-9DD4-811BB86D93CD}.Release|Mixed Platforms.Build.0 = Release|Any CPU
		{A34DB37D-7F0E-4D25-9DD4-811BB86D93CD}.Release|x86.ActiveCfg = Release|Any CPU
		{53CD0B45-9B49-4CAC-B5D8-F8C73671B6B1}.Debug|Any CPU.ActiveCfg = Debug|Any CPU
		{53CD0B45-9B49-4CAC-B5D8-F8C73671B6B1}.Debug|Any CPU.Build.0 = Debug|Any CPU
		{53CD0B45-9B49-4CAC-B5D8-F8C73671B6B1}.Debug|Mixed Platforms.ActiveCfg = Debug|Any CPU
		{53CD0B45-9B49-4CAC-B5D8-F8C73671B6B1}.Debug|Mixed Platforms.Build.0 = Debug|Any CPU
		{53CD0B45-9B49-4CAC-B5D8-F8C73671B6B1}.Debug|x86.ActiveCfg = Debug|Any CPU
		{53CD0B45-9B49-4CAC-B5D8-F8C73671B6B1}.Release|Any CPU.ActiveCfg = Release|Any CPU
		{53CD0B45-9B49-4CAC-B5D8-F8C73671B6B1}.Release|Any CPU.Build.0 = Release|Any CPU
		{53CD0B45-9B49-4CAC-B5D8-F8C73671B6B1}.Release|Mixed Platforms.ActiveCfg = Release|Any CPU
		{53CD0B45-9B49-4CAC-B5D8-F8C73671B6B1}.Release|Mixed Platforms.Build.0 = Release|Any CPU
		{53CD0B45-9B49-4CAC-B5D8-F8C73671B6B1}.Release|x86.ActiveCfg = Release|Any CPU
		{E3B12F3F-E420-48FA-B991-FA1FF8D603F2}.Debug|Any CPU.ActiveCfg = Debug|Any CPU
		{E3B12F3F-E420-48FA-B991-FA1FF8D603F2}.Debug|Any CPU.Build.0 = Debug|Any CPU
		{E3B12F3F-E420-48FA-B991-FA1FF8D603F2}.Debug|Mixed Platforms.ActiveCfg = Debug|Any CPU
		{E3B12F3F-E420-48FA-B991-FA1FF8D603F2}.Debug|Mixed Platforms.Build.0 = Debug|Any CPU
		{E3B12F3F-E420-48FA-B991-FA1FF8D603F2}.Debug|x86.ActiveCfg = Debug|Any CPU
		{E3B12F3F-E420-48FA-B991-FA1FF8D603F2}.Release|Any CPU.ActiveCfg = Release|Any CPU
		{E3B12F3F-E420-48FA-B991-FA1FF8D603F2}.Release|Any CPU.Build.0 = Release|Any CPU
		{E3B12F3F-E420-48FA-B991-FA1FF8D603F2}.Release|Mixed Platforms.ActiveCfg = Release|Any CPU
		{E3B12F3F-E420-48FA-B991-FA1FF8D603F2}.Release|Mixed Platforms.Build.0 = Release|Any CPU
		{E3B12F3F-E420-48FA-B991-FA1FF8D603F2}.Release|x86.ActiveCfg = Release|Any CPU
		{DD87CD3D-512C-4137-BF3B-4817C19B89F5}.Debug|Any CPU.ActiveCfg = Debug|Any CPU
		{DD87CD3D-512C-4137-BF3B-4817C19B89F5}.Debug|Any CPU.Build.0 = Debug|Any CPU
		{DD87CD3D-512C-4137-BF3B-4817C19B89F5}.Debug|Mixed Platforms.ActiveCfg = Debug|Any CPU
		{DD87CD3D-512C-4137-BF3B-4817C19B89F5}.Debug|Mixed Platforms.Build.0 = Debug|Any CPU
		{DD87CD3D-512C-4137-BF3B-4817C19B89F5}.Debug|x86.ActiveCfg = Debug|Any CPU
		{DD87CD3D-512C-4137-BF3B-4817C19B89F5}.Release|Any CPU.ActiveCfg = Release|Any CPU
		{DD87CD3D-512C-4137-BF3B-4817C19B89F5}.Release|Any CPU.Build.0 = Release|Any CPU
		{DD87CD3D-512C-4137-BF3B-4817C19B89F5}.Release|Mixed Platforms.ActiveCfg = Release|Any CPU
		{DD87CD3D-512C-4137-BF3B-4817C19B89F5}.Release|Mixed Platforms.Build.0 = Release|Any CPU
		{DD87CD3D-512C-4137-BF3B-4817C19B89F5}.Release|x86.ActiveCfg = Release|Any CPU
	EndGlobalSection
	GlobalSection(SolutionProperties) = preSolution
		HideSolutionNode = FALSE
	EndGlobalSection
EndGlobal
