
Microsoft Visual Studio Solution File, Format Version 11.00
# Visual Studio 2010
Project("{FAE04EC0-301F-11D3-BF4B-00C04F79EFBC}") = "DbAccess", "..\..\..\..\Libraries\DbAccess\DbAccess.csproj", "{53CD0B45-9B49-4CAC-B5D8-F8C73671B6B1}"
EndProject
Project("{FAE04EC0-301F-11D3-BF4B-00C04F79EFBC}") = "DbConsolidate", "DbConsolidate\DbConsolidate.csproj", "{92FE269B-D642-45BE-9D33-705659B2D4E9}"
EndProject
Project("{FAE04EC0-301F-11D3-BF4B-00C04F79EFBC}") = "Utils", "..\..\..\..\Libraries\Utils\Utils.csproj", "{10E662B9-E973-4EBF-BB42-E340D52AFE11}"
EndProject
Project("{FAE04EC0-301F-11D3-BF4B-00C04F79EFBC}") = "DbConsolidateBusiness", "DbConsolidateBusiness\DbConsolidateBusiness.csproj", "{F87624F2-17C4-49DB-8E2F-C45F5577771D}"
EndProject
Global
	GlobalSection(SubversionScc) = preSolution
		Svn-Managed = True
		Manager = AnkhSVN - Subversion Support for Visual Studio
	EndGlobalSection
	GlobalSection(SolutionConfigurationPlatforms) = preSolution
		Debug|Any CPU = Debug|Any CPU
		Debug|Mixed Platforms = Debug|Mixed Platforms
		Debug|x64 = Debug|x64
		Debug|x86 = Debug|x86
		Release|Any CPU = Release|Any CPU
		Release|Mixed Platforms = Release|Mixed Platforms
		Release|x64 = Release|x64
		Release|x86 = Release|x86
		test_x64|Any CPU = test_x64|Any CPU
		test_x64|Mixed Platforms = test_x64|Mixed Platforms
		test_x64|x64 = test_x64|x64
		test_x64|x86 = test_x64|x86
		x64|Any CPU = x64|Any CPU
		x64|Mixed Platforms = x64|Mixed Platforms
		x64|x64 = x64|x64
		x64|x86 = x64|x86
	EndGlobalSection
	GlobalSection(ProjectConfigurationPlatforms) = postSolution
		{53CD0B45-9B49-4CAC-B5D8-F8C73671B6B1}.Debug|Any CPU.ActiveCfg = Debug|Any CPU
		{53CD0B45-9B49-4CAC-B5D8-F8C73671B6B1}.Debug|Any CPU.Build.0 = Debug|Any CPU
		{53CD0B45-9B49-4CAC-B5D8-F8C73671B6B1}.Debug|Mixed Platforms.ActiveCfg = Debug|x86
		{53CD0B45-9B49-4CAC-B5D8-F8C73671B6B1}.Debug|Mixed Platforms.Build.0 = Debug|x86
		{53CD0B45-9B49-4CAC-B5D8-F8C73671B6B1}.Debug|x64.ActiveCfg = Debug|x64
		{53CD0B45-9B49-4CAC-B5D8-F8C73671B6B1}.Debug|x64.Build.0 = Debug|x64
		{53CD0B45-9B49-4CAC-B5D8-F8C73671B6B1}.Debug|x86.ActiveCfg = Debug|x86
		{53CD0B45-9B49-4CAC-B5D8-F8C73671B6B1}.Debug|x86.Build.0 = Debug|x86
		{53CD0B45-9B49-4CAC-B5D8-F8C73671B6B1}.Release|Any CPU.ActiveCfg = Release|Any CPU
		{53CD0B45-9B49-4CAC-B5D8-F8C73671B6B1}.Release|Any CPU.Build.0 = Release|Any CPU
		{53CD0B45-9B49-4CAC-B5D8-F8C73671B6B1}.Release|Mixed Platforms.ActiveCfg = Release|x86
		{53CD0B45-9B49-4CAC-B5D8-F8C73671B6B1}.Release|Mixed Platforms.Build.0 = Release|x86
		{53CD0B45-9B49-4CAC-B5D8-F8C73671B6B1}.Release|x64.ActiveCfg = Release|x64
		{53CD0B45-9B49-4CAC-B5D8-F8C73671B6B1}.Release|x64.Build.0 = Release|x64
		{53CD0B45-9B49-4CAC-B5D8-F8C73671B6B1}.Release|x86.ActiveCfg = Release|x86
		{53CD0B45-9B49-4CAC-B5D8-F8C73671B6B1}.Release|x86.Build.0 = Release|x86
		{53CD0B45-9B49-4CAC-B5D8-F8C73671B6B1}.test_x64|Any CPU.ActiveCfg = test_x64|Any CPU
		{53CD0B45-9B49-4CAC-B5D8-F8C73671B6B1}.test_x64|Any CPU.Build.0 = test_x64|Any CPU
		{53CD0B45-9B49-4CAC-B5D8-F8C73671B6B1}.test_x64|Mixed Platforms.ActiveCfg = test_x64|x86
		{53CD0B45-9B49-4CAC-B5D8-F8C73671B6B1}.test_x64|Mixed Platforms.Build.0 = test_x64|x86
		{53CD0B45-9B49-4CAC-B5D8-F8C73671B6B1}.test_x64|x64.ActiveCfg = test_x64|x64
		{53CD0B45-9B49-4CAC-B5D8-F8C73671B6B1}.test_x64|x64.Build.0 = test_x64|x64
		{53CD0B45-9B49-4CAC-B5D8-F8C73671B6B1}.test_x64|x86.ActiveCfg = test_x64|x86
		{53CD0B45-9B49-4CAC-B5D8-F8C73671B6B1}.test_x64|x86.Build.0 = test_x64|x86
		{53CD0B45-9B49-4CAC-B5D8-F8C73671B6B1}.x64|Any CPU.ActiveCfg = x64|Any CPU
		{53CD0B45-9B49-4CAC-B5D8-F8C73671B6B1}.x64|Any CPU.Build.0 = x64|Any CPU
		{53CD0B45-9B49-4CAC-B5D8-F8C73671B6B1}.x64|Mixed Platforms.ActiveCfg = x64|x86
		{53CD0B45-9B49-4CAC-B5D8-F8C73671B6B1}.x64|Mixed Platforms.Build.0 = x64|x86
		{53CD0B45-9B49-4CAC-B5D8-F8C73671B6B1}.x64|x64.ActiveCfg = x64|x64
		{53CD0B45-9B49-4CAC-B5D8-F8C73671B6B1}.x64|x64.Build.0 = x64|x64
		{53CD0B45-9B49-4CAC-B5D8-F8C73671B6B1}.x64|x86.ActiveCfg = x64|x86
		{53CD0B45-9B49-4CAC-B5D8-F8C73671B6B1}.x64|x86.Build.0 = x64|x86
		{92FE269B-D642-45BE-9D33-705659B2D4E9}.Debug|Any CPU.ActiveCfg = Debug|x86
		{92FE269B-D642-45BE-9D33-705659B2D4E9}.Debug|Any CPU.Build.0 = Debug|x86
		{92FE269B-D642-45BE-9D33-705659B2D4E9}.Debug|Mixed Platforms.ActiveCfg = Debug|x86
		{92FE269B-D642-45BE-9D33-705659B2D4E9}.Debug|Mixed Platforms.Build.0 = Debug|x86
		{92FE269B-D642-45BE-9D33-705659B2D4E9}.Debug|x64.ActiveCfg = Debug|x86
		{92FE269B-D642-45BE-9D33-705659B2D4E9}.Debug|x86.ActiveCfg = Debug|x86
		{92FE269B-D642-45BE-9D33-705659B2D4E9}.Debug|x86.Build.0 = Debug|x86
		{92FE269B-D642-45BE-9D33-705659B2D4E9}.Release|Any CPU.ActiveCfg = Release|x86
		{92FE269B-D642-45BE-9D33-705659B2D4E9}.Release|Mixed Platforms.ActiveCfg = Release|x86
		{92FE269B-D642-45BE-9D33-705659B2D4E9}.Release|Mixed Platforms.Build.0 = Release|x86
		{92FE269B-D642-45BE-9D33-705659B2D4E9}.Release|x64.ActiveCfg = Release|x86
		{92FE269B-D642-45BE-9D33-705659B2D4E9}.Release|x86.ActiveCfg = Release|x86
		{92FE269B-D642-45BE-9D33-705659B2D4E9}.Release|x86.Build.0 = Release|x86
		{92FE269B-D642-45BE-9D33-705659B2D4E9}.test_x64|Any CPU.ActiveCfg = Release|x86
		{92FE269B-D642-45BE-9D33-705659B2D4E9}.test_x64|Mixed Platforms.ActiveCfg = Release|x86
		{92FE269B-D642-45BE-9D33-705659B2D4E9}.test_x64|Mixed Platforms.Build.0 = Release|x86
		{92FE269B-D642-45BE-9D33-705659B2D4E9}.test_x64|x64.ActiveCfg = Release|x86
		{92FE269B-D642-45BE-9D33-705659B2D4E9}.test_x64|x86.ActiveCfg = Release|x86
		{92FE269B-D642-45BE-9D33-705659B2D4E9}.test_x64|x86.Build.0 = Release|x86
		{92FE269B-D642-45BE-9D33-705659B2D4E9}.x64|Any CPU.ActiveCfg = Release|x86
		{92FE269B-D642-45BE-9D33-705659B2D4E9}.x64|Mixed Platforms.ActiveCfg = Release|x86
		{92FE269B-D642-45BE-9D33-705659B2D4E9}.x64|Mixed Platforms.Build.0 = Release|x86
		{92FE269B-D642-45BE-9D33-705659B2D4E9}.x64|x64.ActiveCfg = Release|x86
		{92FE269B-D642-45BE-9D33-705659B2D4E9}.x64|x86.ActiveCfg = Release|x86
		{92FE269B-D642-45BE-9D33-705659B2D4E9}.x64|x86.Build.0 = Release|x86
		{10E662B9-E973-4EBF-BB42-E340D52AFE11}.Debug|Any CPU.ActiveCfg = Debug|Any CPU
		{10E662B9-E973-4EBF-BB42-E340D52AFE11}.Debug|Any CPU.Build.0 = Debug|Any CPU
		{10E662B9-E973-4EBF-BB42-E340D52AFE11}.Debug|Mixed Platforms.ActiveCfg = Debug|x86
		{10E662B9-E973-4EBF-BB42-E340D52AFE11}.Debug|Mixed Platforms.Build.0 = Debug|x86
		{10E662B9-E973-4EBF-BB42-E340D52AFE11}.Debug|x64.ActiveCfg = Debug|x64
		{10E662B9-E973-4EBF-BB42-E340D52AFE11}.Debug|x64.Build.0 = Debug|x64
		{10E662B9-E973-4EBF-BB42-E340D52AFE11}.Debug|x86.ActiveCfg = Debug|x86
		{10E662B9-E973-4EBF-BB42-E340D52AFE11}.Debug|x86.Build.0 = Debug|x86
		{10E662B9-E973-4EBF-BB42-E340D52AFE11}.Release|Any CPU.ActiveCfg = Release|Any CPU
		{10E662B9-E973-4EBF-BB42-E340D52AFE11}.Release|Any CPU.Build.0 = Release|Any CPU
		{10E662B9-E973-4EBF-BB42-E340D52AFE11}.Release|Mixed Platforms.ActiveCfg = Release|x86
		{10E662B9-E973-4EBF-BB42-E340D52AFE11}.Release|Mixed Platforms.Build.0 = Release|x86
		{10E662B9-E973-4EBF-BB42-E340D52AFE11}.Release|x64.ActiveCfg = Release|x64
		{10E662B9-E973-4EBF-BB42-E340D52AFE11}.Release|x64.Build.0 = Release|x64
		{10E662B9-E973-4EBF-BB42-E340D52AFE11}.Release|x86.ActiveCfg = Release|x86
		{10E662B9-E973-4EBF-BB42-E340D52AFE11}.Release|x86.Build.0 = Release|x86
		{10E662B9-E973-4EBF-BB42-E340D52AFE11}.test_x64|Any CPU.ActiveCfg = test_x64|Any CPU
		{10E662B9-E973-4EBF-BB42-E340D52AFE11}.test_x64|Any CPU.Build.0 = test_x64|Any CPU
		{10E662B9-E973-4EBF-BB42-E340D52AFE11}.test_x64|Mixed Platforms.ActiveCfg = test_x64|x86
		{10E662B9-E973-4EBF-BB42-E340D52AFE11}.test_x64|Mixed Platforms.Build.0 = test_x64|x86
		{10E662B9-E973-4EBF-BB42-E340D52AFE11}.test_x64|x64.ActiveCfg = test_x64|x64
		{10E662B9-E973-4EBF-BB42-E340D52AFE11}.test_x64|x64.Build.0 = test_x64|x64
		{10E662B9-E973-4EBF-BB42-E340D52AFE11}.test_x64|x86.ActiveCfg = test_x64|x86
		{10E662B9-E973-4EBF-BB42-E340D52AFE11}.test_x64|x86.Build.0 = test_x64|x86
		{10E662B9-E973-4EBF-BB42-E340D52AFE11}.x64|Any CPU.ActiveCfg = x64|Any CPU
		{10E662B9-E973-4EBF-BB42-E340D52AFE11}.x64|Any CPU.Build.0 = x64|Any CPU
		{10E662B9-E973-4EBF-BB42-E340D52AFE11}.x64|Mixed Platforms.ActiveCfg = x64|x86
		{10E662B9-E973-4EBF-BB42-E340D52AFE11}.x64|Mixed Platforms.Build.0 = x64|x86
		{10E662B9-E973-4EBF-BB42-E340D52AFE11}.x64|x64.ActiveCfg = x64|x64
		{10E662B9-E973-4EBF-BB42-E340D52AFE11}.x64|x64.Build.0 = x64|x64
		{10E662B9-E973-4EBF-BB42-E340D52AFE11}.x64|x86.ActiveCfg = x64|x86
		{10E662B9-E973-4EBF-BB42-E340D52AFE11}.x64|x86.Build.0 = x64|x86
		{F87624F2-17C4-49DB-8E2F-C45F5577771D}.Debug|Any CPU.ActiveCfg = Debug|Any CPU
		{F87624F2-17C4-49DB-8E2F-C45F5577771D}.Debug|Any CPU.Build.0 = Debug|Any CPU
		{F87624F2-17C4-49DB-8E2F-C45F5577771D}.Debug|Mixed Platforms.ActiveCfg = Debug|Any CPU
		{F87624F2-17C4-49DB-8E2F-C45F5577771D}.Debug|Mixed Platforms.Build.0 = Debug|Any CPU
		{F87624F2-17C4-49DB-8E2F-C45F5577771D}.Debug|x64.ActiveCfg = Debug|Any CPU
		{F87624F2-17C4-49DB-8E2F-C45F5577771D}.Debug|x86.ActiveCfg = Debug|Any CPU
		{F87624F2-17C4-49DB-8E2F-C45F5577771D}.Release|Any CPU.ActiveCfg = Release|Any CPU
		{F87624F2-17C4-49DB-8E2F-C45F5577771D}.Release|Any CPU.Build.0 = Release|Any CPU
		{F87624F2-17C4-49DB-8E2F-C45F5577771D}.Release|Mixed Platforms.ActiveCfg = Release|Any CPU
		{F87624F2-17C4-49DB-8E2F-C45F5577771D}.Release|Mixed Platforms.Build.0 = Release|Any CPU
		{F87624F2-17C4-49DB-8E2F-C45F5577771D}.Release|x64.ActiveCfg = Release|Any CPU
		{F87624F2-17C4-49DB-8E2F-C45F5577771D}.Release|x86.ActiveCfg = Release|Any CPU
		{F87624F2-17C4-49DB-8E2F-C45F5577771D}.test_x64|Any CPU.ActiveCfg = Release|Any CPU
		{F87624F2-17C4-49DB-8E2F-C45F5577771D}.test_x64|Any CPU.Build.0 = Release|Any CPU
		{F87624F2-17C4-49DB-8E2F-C45F5577771D}.test_x64|Mixed Platforms.ActiveCfg = Release|Any CPU
		{F87624F2-17C4-49DB-8E2F-C45F5577771D}.test_x64|Mixed Platforms.Build.0 = Release|Any CPU
		{F87624F2-17C4-49DB-8E2F-C45F5577771D}.test_x64|x64.ActiveCfg = Release|Any CPU
		{F87624F2-17C4-49DB-8E2F-C45F5577771D}.test_x64|x86.ActiveCfg = Release|Any CPU
		{F87624F2-17C4-49DB-8E2F-C45F5577771D}.x64|Any CPU.ActiveCfg = Release|Any CPU
		{F87624F2-17C4-49DB-8E2F-C45F5577771D}.x64|Any CPU.Build.0 = Release|Any CPU
		{F87624F2-17C4-49DB-8E2F-C45F5577771D}.x64|Mixed Platforms.ActiveCfg = Release|Any CPU
		{F87624F2-17C4-49DB-8E2F-C45F5577771D}.x64|Mixed Platforms.Build.0 = Release|Any CPU
		{F87624F2-17C4-49DB-8E2F-C45F5577771D}.x64|x64.ActiveCfg = Release|Any CPU
		{F87624F2-17C4-49DB-8E2F-C45F5577771D}.x64|x86.ActiveCfg = Release|Any CPU
	EndGlobalSection
	GlobalSection(SolutionProperties) = preSolution
		HideSolutionNode = FALSE
	EndGlobalSection
EndGlobal
