
Microsoft Visual Studio Solution File, Format Version 11.00
# Visual Studio 2010
Project("{FAE04EC0-301F-11D3-BF4B-00C04F79EFBC}") = "CommonErrors", "CommonErrors\CommonErrors.csproj", "{0AFB564B-9B06-4399-A1D4-7099F51CEAFA}"
EndProject
Global
	GlobalSection(SolutionConfigurationPlatforms) = preSolution
		Debug|x86 = Debug|x86
		Release|x86 = Release|x86
	EndGlobalSection
	GlobalSection(ProjectConfigurationPlatforms) = postSolution
		{0AFB564B-9B06-4399-A1D4-7099F51CEAFA}.Debug|x86.ActiveCfg = Debug|x86
		{0AFB564B-9B06-4399-A1D4-7099F51CEAFA}.Debug|x86.Build.0 = Debug|x86
		{0AFB564B-9B06-4399-A1D4-7099F51CEAFA}.Release|x86.ActiveCfg = Release|x86
		{0AFB564B-9B06-4399-A1D4-7099F51CEAFA}.Release|x86.Build.0 = Release|x86
	EndGlobalSection
	GlobalSection(SolutionProperties) = preSolution
		HideSolutionNode = FALSE
	EndGlobalSection
EndGlobal
