
Microsoft Visual Studio Solution File, Format Version 11.00
# Visual Studio 2010
Project("{FAE04EC0-301F-11D3-BF4B-00C04F79EFBC}") = "BaseArchiveConnection", "BaseArchiveConnection.csproj", "{E4B7BA7C-2B8C-4CAB-9BC5-DB8519F661DE}"
EndProject
Project("{FAE04EC0-301F-11D3-BF4B-00C04F79EFBC}") = "ArchiveWebServiceInterface", "..\..\ArchiveWebServiceInterface\ArchiveWebServiceInterface.csproj", "{EBD13E76-0CA0-4B01-ABFD-E8F1E4E2459B}"
EndProject
Project("{FAE04EC0-301F-11D3-BF4B-00C04F79EFBC}") = "DbAccess", "..\..\..\..\..\..\Libraries\DbAccess\DbAccess.csproj", "{53CD0B45-9B49-4CAC-B5D8-F8C73671B6B1}"
EndProject
Project("{FAE04EC0-301F-11D3-BF4B-00C04F79EFBC}") = "SystemDb", "..\..\..\..\Libraries\SystemDb\SystemDb.csproj", "{A7FA3A52-0DDD-456B-BF7A-CED14D0AE0DF}"
EndProject
Project("{FAE04EC0-301F-11D3-BF4B-00C04F79EFBC}") = "Utils", "..\..\..\..\..\..\Libraries\Utils\Utils.csproj", "{10E662B9-E973-4EBF-BB42-E340D52AFE11}"
EndProject
Project("{FAE04EC0-301F-11D3-BF4B-00C04F79EFBC}") = "ViewboxDb", "..\..\..\..\Libraries\ViewboxDb\ViewboxDb.csproj", "{6E5FB80C-3B10-475B-ACF3-640D6D3399B0}"
EndProject
Global
	GlobalSection(SubversionScc) = preSolution
		Svn-Managed = True
		Manager = AnkhSVN - Subversion Support for Visual Studio
	EndGlobalSection
	GlobalSection(SolutionConfigurationPlatforms) = preSolution
		Debug|Any CPU = Debug|Any CPU
		Debug|x64 = Debug|x64
		Debug|x86 = Debug|x86
		Release|Any CPU = Release|Any CPU
		Release|x64 = Release|x64
		Release|x86 = Release|x86
		test_x64|Any CPU = test_x64|Any CPU
		test_x64|x64 = test_x64|x64
		test_x64|x86 = test_x64|x86
		x64|Any CPU = x64|Any CPU
		x64|x64 = x64|x64
		x64|x86 = x64|x86
	EndGlobalSection
	GlobalSection(ProjectConfigurationPlatforms) = postSolution
		{E4B7BA7C-2B8C-4CAB-9BC5-DB8519F661DE}.Debug|Any CPU.ActiveCfg = Debug|Any CPU
		{E4B7BA7C-2B8C-4CAB-9BC5-DB8519F661DE}.Debug|Any CPU.Build.0 = Debug|Any CPU
		{E4B7BA7C-2B8C-4CAB-9BC5-DB8519F661DE}.Debug|x64.ActiveCfg = Debug|Any CPU
		{E4B7BA7C-2B8C-4CAB-9BC5-DB8519F661DE}.Debug|x86.ActiveCfg = Debug|Any CPU
		{E4B7BA7C-2B8C-4CAB-9BC5-DB8519F661DE}.Release|Any CPU.ActiveCfg = Release|Any CPU
		{E4B7BA7C-2B8C-4CAB-9BC5-DB8519F661DE}.Release|Any CPU.Build.0 = Release|Any CPU
		{E4B7BA7C-2B8C-4CAB-9BC5-DB8519F661DE}.Release|x64.ActiveCfg = Release|Any CPU
		{E4B7BA7C-2B8C-4CAB-9BC5-DB8519F661DE}.Release|x86.ActiveCfg = Release|Any CPU
		{E4B7BA7C-2B8C-4CAB-9BC5-DB8519F661DE}.test_x64|Any CPU.ActiveCfg = Release|Any CPU
		{E4B7BA7C-2B8C-4CAB-9BC5-DB8519F661DE}.test_x64|Any CPU.Build.0 = Release|Any CPU
		{E4B7BA7C-2B8C-4CAB-9BC5-DB8519F661DE}.test_x64|x64.ActiveCfg = Release|Any CPU
		{E4B7BA7C-2B8C-4CAB-9BC5-DB8519F661DE}.test_x64|x86.ActiveCfg = Release|Any CPU
		{E4B7BA7C-2B8C-4CAB-9BC5-DB8519F661DE}.x64|Any CPU.ActiveCfg = Release|Any CPU
		{E4B7BA7C-2B8C-4CAB-9BC5-DB8519F661DE}.x64|Any CPU.Build.0 = Release|Any CPU
		{E4B7BA7C-2B8C-4CAB-9BC5-DB8519F661DE}.x64|x64.ActiveCfg = Release|Any CPU
		{E4B7BA7C-2B8C-4CAB-9BC5-DB8519F661DE}.x64|x86.ActiveCfg = Release|Any CPU
		{EBD13E76-0CA0-4B01-ABFD-E8F1E4E2459B}.Debug|Any CPU.ActiveCfg = Debug|Any CPU
		{EBD13E76-0CA0-4B01-ABFD-E8F1E4E2459B}.Debug|Any CPU.Build.0 = Debug|Any CPU
		{EBD13E76-0CA0-4B01-ABFD-E8F1E4E2459B}.Debug|x64.ActiveCfg = Debug|Any CPU
		{EBD13E76-0CA0-4B01-ABFD-E8F1E4E2459B}.Debug|x86.ActiveCfg = Debug|Any CPU
		{EBD13E76-0CA0-4B01-ABFD-E8F1E4E2459B}.Release|Any CPU.ActiveCfg = Release|Any CPU
		{EBD13E76-0CA0-4B01-ABFD-E8F1E4E2459B}.Release|Any CPU.Build.0 = Release|Any CPU
		{EBD13E76-0CA0-4B01-ABFD-E8F1E4E2459B}.Release|x64.ActiveCfg = Release|Any CPU
		{EBD13E76-0CA0-4B01-ABFD-E8F1E4E2459B}.Release|x86.ActiveCfg = Release|Any CPU
		{EBD13E76-0CA0-4B01-ABFD-E8F1E4E2459B}.test_x64|Any CPU.ActiveCfg = Release|Any CPU
		{EBD13E76-0CA0-4B01-ABFD-E8F1E4E2459B}.test_x64|Any CPU.Build.0 = Release|Any CPU
		{EBD13E76-0CA0-4B01-ABFD-E8F1E4E2459B}.test_x64|x64.ActiveCfg = Release|Any CPU
		{EBD13E76-0CA0-4B01-ABFD-E8F1E4E2459B}.test_x64|x86.ActiveCfg = Release|Any CPU
		{EBD13E76-0CA0-4B01-ABFD-E8F1E4E2459B}.x64|Any CPU.ActiveCfg = Release|Any CPU
		{EBD13E76-0CA0-4B01-ABFD-E8F1E4E2459B}.x64|Any CPU.Build.0 = Release|Any CPU
		{EBD13E76-0CA0-4B01-ABFD-E8F1E4E2459B}.x64|x64.ActiveCfg = Release|Any CPU
		{EBD13E76-0CA0-4B01-ABFD-E8F1E4E2459B}.x64|x86.ActiveCfg = Release|Any CPU
		{53CD0B45-9B49-4CAC-B5D8-F8C73671B6B1}.Debug|Any CPU.ActiveCfg = Debug|Any CPU
		{53CD0B45-9B49-4CAC-B5D8-F8C73671B6B1}.Debug|Any CPU.Build.0 = Debug|Any CPU
		{53CD0B45-9B49-4CAC-B5D8-F8C73671B6B1}.Debug|x64.ActiveCfg = Debug|x64
		{53CD0B45-9B49-4CAC-B5D8-F8C73671B6B1}.Debug|x64.Build.0 = Debug|x64
		{53CD0B45-9B49-4CAC-B5D8-F8C73671B6B1}.Debug|x86.ActiveCfg = Debug|x86
		{53CD0B45-9B49-4CAC-B5D8-F8C73671B6B1}.Debug|x86.Build.0 = Debug|x86
		{53CD0B45-9B49-4CAC-B5D8-F8C73671B6B1}.Release|Any CPU.ActiveCfg = Release|Any CPU
		{53CD0B45-9B49-4CAC-B5D8-F8C73671B6B1}.Release|Any CPU.Build.0 = Release|Any CPU
		{53CD0B45-9B49-4CAC-B5D8-F8C73671B6B1}.Release|x64.ActiveCfg = Release|x64
		{53CD0B45-9B49-4CAC-B5D8-F8C73671B6B1}.Release|x64.Build.0 = Release|x64
		{53CD0B45-9B49-4CAC-B5D8-F8C73671B6B1}.Release|x86.ActiveCfg = Release|x86
		{53CD0B45-9B49-4CAC-B5D8-F8C73671B6B1}.Release|x86.Build.0 = Release|x86
		{53CD0B45-9B49-4CAC-B5D8-F8C73671B6B1}.test_x64|Any CPU.ActiveCfg = test_x64|Any CPU
		{53CD0B45-9B49-4CAC-B5D8-F8C73671B6B1}.test_x64|Any CPU.Build.0 = test_x64|Any CPU
		{53CD0B45-9B49-4CAC-B5D8-F8C73671B6B1}.test_x64|x64.ActiveCfg = test_x64|x64
		{53CD0B45-9B49-4CAC-B5D8-F8C73671B6B1}.test_x64|x64.Build.0 = test_x64|x64
		{53CD0B45-9B49-4CAC-B5D8-F8C73671B6B1}.test_x64|x86.ActiveCfg = test_x64|x86
		{53CD0B45-9B49-4CAC-B5D8-F8C73671B6B1}.test_x64|x86.Build.0 = test_x64|x86
		{53CD0B45-9B49-4CAC-B5D8-F8C73671B6B1}.x64|Any CPU.ActiveCfg = x64|Any CPU
		{53CD0B45-9B49-4CAC-B5D8-F8C73671B6B1}.x64|Any CPU.Build.0 = x64|Any CPU
		{53CD0B45-9B49-4CAC-B5D8-F8C73671B6B1}.x64|x64.ActiveCfg = x64|x64
		{53CD0B45-9B49-4CAC-B5D8-F8C73671B6B1}.x64|x64.Build.0 = x64|x64
		{53CD0B45-9B49-4CAC-B5D8-F8C73671B6B1}.x64|x86.ActiveCfg = x64|x86
		{53CD0B45-9B49-4CAC-B5D8-F8C73671B6B1}.x64|x86.Build.0 = x64|x86
		{A7FA3A52-0DDD-456B-BF7A-CED14D0AE0DF}.Debug|Any CPU.ActiveCfg = Debug|Any CPU
		{A7FA3A52-0DDD-456B-BF7A-CED14D0AE0DF}.Debug|Any CPU.Build.0 = Debug|Any CPU
		{A7FA3A52-0DDD-456B-BF7A-CED14D0AE0DF}.Debug|x64.ActiveCfg = Debug|x64
		{A7FA3A52-0DDD-456B-BF7A-CED14D0AE0DF}.Debug|x64.Build.0 = Debug|x64
		{A7FA3A52-0DDD-456B-BF7A-CED14D0AE0DF}.Debug|x86.ActiveCfg = Debug|x86
		{A7FA3A52-0DDD-456B-BF7A-CED14D0AE0DF}.Debug|x86.Build.0 = Debug|x86
		{A7FA3A52-0DDD-456B-BF7A-CED14D0AE0DF}.Release|Any CPU.ActiveCfg = Release|Any CPU
		{A7FA3A52-0DDD-456B-BF7A-CED14D0AE0DF}.Release|Any CPU.Build.0 = Release|Any CPU
		{A7FA3A52-0DDD-456B-BF7A-CED14D0AE0DF}.Release|x64.ActiveCfg = Release|x64
		{A7FA3A52-0DDD-456B-BF7A-CED14D0AE0DF}.Release|x64.Build.0 = Release|x64
		{A7FA3A52-0DDD-456B-BF7A-CED14D0AE0DF}.Release|x86.ActiveCfg = Release|x86
		{A7FA3A52-0DDD-456B-BF7A-CED14D0AE0DF}.Release|x86.Build.0 = Release|x86
		{A7FA3A52-0DDD-456B-BF7A-CED14D0AE0DF}.test_x64|Any CPU.ActiveCfg = test_x64|Any CPU
		{A7FA3A52-0DDD-456B-BF7A-CED14D0AE0DF}.test_x64|Any CPU.Build.0 = test_x64|Any CPU
		{A7FA3A52-0DDD-456B-BF7A-CED14D0AE0DF}.test_x64|x64.ActiveCfg = test_x64|x64
		{A7FA3A52-0DDD-456B-BF7A-CED14D0AE0DF}.test_x64|x64.Build.0 = test_x64|x64
		{A7FA3A52-0DDD-456B-BF7A-CED14D0AE0DF}.test_x64|x86.ActiveCfg = test_x64|x86
		{A7FA3A52-0DDD-456B-BF7A-CED14D0AE0DF}.test_x64|x86.Build.0 = test_x64|x86
		{A7FA3A52-0DDD-456B-BF7A-CED14D0AE0DF}.x64|Any CPU.ActiveCfg = test_x64|Any CPU
		{A7FA3A52-0DDD-456B-BF7A-CED14D0AE0DF}.x64|Any CPU.Build.0 = test_x64|Any CPU
		{A7FA3A52-0DDD-456B-BF7A-CED14D0AE0DF}.x64|x64.ActiveCfg = test_x64|x64
		{A7FA3A52-0DDD-456B-BF7A-CED14D0AE0DF}.x64|x64.Build.0 = test_x64|x64
		{A7FA3A52-0DDD-456B-BF7A-CED14D0AE0DF}.x64|x86.ActiveCfg = test_x64|x86
		{A7FA3A52-0DDD-456B-BF7A-CED14D0AE0DF}.x64|x86.Build.0 = test_x64|x86
		{10E662B9-E973-4EBF-BB42-E340D52AFE11}.Debug|Any CPU.ActiveCfg = Debug|Any CPU
		{10E662B9-E973-4EBF-BB42-E340D52AFE11}.Debug|Any CPU.Build.0 = Debug|Any CPU
		{10E662B9-E973-4EBF-BB42-E340D52AFE11}.Debug|x64.ActiveCfg = Debug|x64
		{10E662B9-E973-4EBF-BB42-E340D52AFE11}.Debug|x64.Build.0 = Debug|x64
		{10E662B9-E973-4EBF-BB42-E340D52AFE11}.Debug|x86.ActiveCfg = Debug|x86
		{10E662B9-E973-4EBF-BB42-E340D52AFE11}.Debug|x86.Build.0 = Debug|x86
		{10E662B9-E973-4EBF-BB42-E340D52AFE11}.Release|Any CPU.ActiveCfg = Release|Any CPU
		{10E662B9-E973-4EBF-BB42-E340D52AFE11}.Release|Any CPU.Build.0 = Release|Any CPU
		{10E662B9-E973-4EBF-BB42-E340D52AFE11}.Release|x64.ActiveCfg = Release|x64
		{10E662B9-E973-4EBF-BB42-E340D52AFE11}.Release|x64.Build.0 = Release|x64
		{10E662B9-E973-4EBF-BB42-E340D52AFE11}.Release|x86.ActiveCfg = Release|x86
		{10E662B9-E973-4EBF-BB42-E340D52AFE11}.Release|x86.Build.0 = Release|x86
		{10E662B9-E973-4EBF-BB42-E340D52AFE11}.test_x64|Any CPU.ActiveCfg = test_x64|Any CPU
		{10E662B9-E973-4EBF-BB42-E340D52AFE11}.test_x64|Any CPU.Build.0 = test_x64|Any CPU
		{10E662B9-E973-4EBF-BB42-E340D52AFE11}.test_x64|x64.ActiveCfg = test_x64|x64
		{10E662B9-E973-4EBF-BB42-E340D52AFE11}.test_x64|x64.Build.0 = test_x64|x64
		{10E662B9-E973-4EBF-BB42-E340D52AFE11}.test_x64|x86.ActiveCfg = test_x64|x86
		{10E662B9-E973-4EBF-BB42-E340D52AFE11}.test_x64|x86.Build.0 = test_x64|x86
		{10E662B9-E973-4EBF-BB42-E340D52AFE11}.x64|Any CPU.ActiveCfg = x64|Any CPU
		{10E662B9-E973-4EBF-BB42-E340D52AFE11}.x64|Any CPU.Build.0 = x64|Any CPU
		{10E662B9-E973-4EBF-BB42-E340D52AFE11}.x64|x64.ActiveCfg = x64|x64
		{10E662B9-E973-4EBF-BB42-E340D52AFE11}.x64|x64.Build.0 = x64|x64
		{10E662B9-E973-4EBF-BB42-E340D52AFE11}.x64|x86.ActiveCfg = x64|x86
		{10E662B9-E973-4EBF-BB42-E340D52AFE11}.x64|x86.Build.0 = x64|x86
		{6E5FB80C-3B10-475B-ACF3-640D6D3399B0}.Debug|Any CPU.ActiveCfg = Debug|Any CPU
		{6E5FB80C-3B10-475B-ACF3-640D6D3399B0}.Debug|Any CPU.Build.0 = Debug|Any CPU
		{6E5FB80C-3B10-475B-ACF3-640D6D3399B0}.Debug|x64.ActiveCfg = Debug|x64
		{6E5FB80C-3B10-475B-ACF3-640D6D3399B0}.Debug|x64.Build.0 = Debug|x64
		{6E5FB80C-3B10-475B-ACF3-640D6D3399B0}.Debug|x86.ActiveCfg = Debug|x86
		{6E5FB80C-3B10-475B-ACF3-640D6D3399B0}.Debug|x86.Build.0 = Debug|x86
		{6E5FB80C-3B10-475B-ACF3-640D6D3399B0}.Release|Any CPU.ActiveCfg = Release|Any CPU
		{6E5FB80C-3B10-475B-ACF3-640D6D3399B0}.Release|Any CPU.Build.0 = Release|Any CPU
		{6E5FB80C-3B10-475B-ACF3-640D6D3399B0}.Release|x64.ActiveCfg = Release|x64
		{6E5FB80C-3B10-475B-ACF3-640D6D3399B0}.Release|x64.Build.0 = Release|x64
		{6E5FB80C-3B10-475B-ACF3-640D6D3399B0}.Release|x86.ActiveCfg = Release|x86
		{6E5FB80C-3B10-475B-ACF3-640D6D3399B0}.Release|x86.Build.0 = Release|x86
		{6E5FB80C-3B10-475B-ACF3-640D6D3399B0}.test_x64|Any CPU.ActiveCfg = test_x64|Any CPU
		{6E5FB80C-3B10-475B-ACF3-640D6D3399B0}.test_x64|Any CPU.Build.0 = test_x64|Any CPU
		{6E5FB80C-3B10-475B-ACF3-640D6D3399B0}.test_x64|x64.ActiveCfg = test_x64|x64
		{6E5FB80C-3B10-475B-ACF3-640D6D3399B0}.test_x64|x64.Build.0 = test_x64|x64
		{6E5FB80C-3B10-475B-ACF3-640D6D3399B0}.test_x64|x86.ActiveCfg = test_x64|x86
		{6E5FB80C-3B10-475B-ACF3-640D6D3399B0}.test_x64|x86.Build.0 = test_x64|x86
		{6E5FB80C-3B10-475B-ACF3-640D6D3399B0}.x64|Any CPU.ActiveCfg = test_x64|Any CPU
		{6E5FB80C-3B10-475B-ACF3-640D6D3399B0}.x64|Any CPU.Build.0 = test_x64|Any CPU
		{6E5FB80C-3B10-475B-ACF3-640D6D3399B0}.x64|x64.ActiveCfg = test_x64|x64
		{6E5FB80C-3B10-475B-ACF3-640D6D3399B0}.x64|x64.Build.0 = test_x64|x64
		{6E5FB80C-3B10-475B-ACF3-640D6D3399B0}.x64|x86.ActiveCfg = test_x64|x86
		{6E5FB80C-3B10-475B-ACF3-640D6D3399B0}.x64|x86.Build.0 = test_x64|x86
	EndGlobalSection
	GlobalSection(SolutionProperties) = preSolution
		HideSolutionNode = FALSE
	EndGlobalSection
EndGlobal
