
Microsoft Visual Studio Solution File, Format Version 11.00
# Visual Studio 2010
Project("{FAE04EC0-301F-11D3-BF4B-00C04F79EFBC}") = "DbSearch", "DbSearch\DbSearch.csproj", "{88AF04D0-8B4E-4FE7-96AD-15B0B637C0BB}"
EndProject
Project("{FAE04EC0-301F-11D3-BF4B-00C04F79EFBC}") = "AvdWpfControls", "..\..\..\..\Libraries\AvdWpfControls\AvdWpfControls.csproj", "{E3B12F3F-E420-48FA-B991-FA1FF8D603F2}"
EndProject
Project("{FAE04EC0-301F-11D3-BF4B-00C04F79EFBC}") = "DbAccess", "..\..\..\..\Libraries\DbAccess\DbAccess.csproj", "{53CD0B45-9B49-4CAC-B5D8-F8C73671B6B1}"
EndProject
Project("{FAE04EC0-301F-11D3-BF4B-00C04F79EFBC}") = "DbSearchLogic", "DbSearchLogic\DbSearchLogic.csproj", "{2790FBA2-1F3C-4EC7-96C9-6015D9C17DF6}"
EndProject
Project("{FAE04EC0-301F-11D3-BF4B-00C04F79EFBC}") = "AvdWpfStyles", "..\..\..\..\Libraries\AvdWpfStyles\AvdWpfStyles.csproj", "{FED8686B-7BE7-432C-B1F6-FA5900F6BAC2}"
EndProject
Project("{FAE04EC0-301F-11D3-BF4B-00C04F79EFBC}") = "DbSearchDatabase", "DbSearchDatabase\DbSearchDatabase.csproj", "{57ED24CB-1B7C-4F5E-8C14-0E321944E64E}"
EndProject
Project("{FAE04EC0-301F-11D3-BF4B-00C04F79EFBC}") = "DbSearchBase", "DbSearchBase\DbSearchBase.csproj", "{7675B5FD-9CC3-4B88-A75C-7154CCDD3B48}"
EndProject
Project("{FAE04EC0-301F-11D3-BF4B-00C04F79EFBC}") = "Utils", "..\..\..\..\Libraries\Utils\Utils.csproj", "{10E662B9-E973-4EBF-BB42-E340D52AFE11}"
EndProject
Project("{FAE04EC0-301F-11D3-BF4B-00C04F79EFBC}") = "TestdataGenerator", "TestdataGenerator\TestdataGenerator.csproj", "{8445AD9D-5165-4D84-A296-367A8D823627}"
EndProject
Project("{FAE04EC0-301F-11D3-BF4B-00C04F79EFBC}") = "DbSearchLogic.Test", "DbSearchLogic.Test\DbSearchLogic.Test.csproj", "{0828B731-337F-445C-B7D6-785B173D5FD9}"
EndProject
Project("{2150E333-8FDC-42A3-9474-1A3956D46DE8}") = "Solution Items", "Solution Items", "{61C62A10-336E-4134-BD09-C0B1B5C09E0D}"
	ProjectSection(SolutionItems) = preProject
		Changelog.txt = Changelog.txt
		DbChangelog.txt = DbChangelog.txt
		DbSearch.vsmdi = DbSearch.vsmdi
		Local.testsettings = Local.testsettings
		TraceAndTestImpact.testsettings = TraceAndTestImpact.testsettings
	EndProjectSection
EndProject
Project("{FAE04EC0-301F-11D3-BF4B-00C04F79EFBC}") = "AvdCommon", "..\..\..\..\Libraries\AvdCommon\AvdCommon.csproj", "{89148742-F482-479E-8831-579F54FDF08A}"
EndProject
Project("{FAE04EC0-301F-11D3-BF4B-00C04F79EFBC}") = "Ude", "..\..\..\..\Libraries\UniversalCharsetDetector\Library\Ude.csproj", "{7BECB850-389A-44FC-8523-3EF0B2540F07}"
EndProject
Project("{FAE04EC0-301F-11D3-BF4B-00C04F79EFBC}") = "AV.Log.LogHelper", "..\..\..\..\Libraries\LogHelper\LogHelper\AV.Log.LogHelper.csproj", "{1AFE5981-7268-4249-AFFA-77E42495886E}"
EndProject
Global
	GlobalSection(SubversionScc) = preSolution
		Svn-Managed = True
		Manager = AnkhSVN - Subversion Support for Visual Studio
	EndGlobalSection
	GlobalSection(TestCaseManagementSettings) = postSolution
		CategoryFile = DbSearch.vsmdi
	EndGlobalSection
	GlobalSection(SolutionConfigurationPlatforms) = preSolution
		Debug|Any CPU = Debug|Any CPU
		Debug|Mixed Platforms = Debug|Mixed Platforms
		Debug|x64 = Debug|x64
		Debug|x86 = Debug|x86
		Release|Any CPU = Release|Any CPU
		Release|Mixed Platforms = Release|Mixed Platforms
		Release|x64 = Release|x64
		Release|x86 = Release|x86
		x64|Any CPU = x64|Any CPU
		x64|Mixed Platforms = x64|Mixed Platforms
		x64|x64 = x64|x64
		x64|x86 = x64|x86
	EndGlobalSection
	GlobalSection(ProjectConfigurationPlatforms) = postSolution
		{88AF04D0-8B4E-4FE7-96AD-15B0B637C0BB}.Debug|Any CPU.ActiveCfg = Debug|x86
		{88AF04D0-8B4E-4FE7-96AD-15B0B637C0BB}.Debug|Any CPU.Build.0 = Debug|x86
		{88AF04D0-8B4E-4FE7-96AD-15B0B637C0BB}.Debug|Mixed Platforms.ActiveCfg = Debug|x64
		{88AF04D0-8B4E-4FE7-96AD-15B0B637C0BB}.Debug|Mixed Platforms.Build.0 = Debug|x64
		{88AF04D0-8B4E-4FE7-96AD-15B0B637C0BB}.Debug|x64.ActiveCfg = Debug|x64
		{88AF04D0-8B4E-4FE7-96AD-15B0B637C0BB}.Debug|x64.Build.0 = Debug|x64
		{88AF04D0-8B4E-4FE7-96AD-15B0B637C0BB}.Debug|x86.ActiveCfg = Debug|x86
		{88AF04D0-8B4E-4FE7-96AD-15B0B637C0BB}.Debug|x86.Build.0 = Debug|x86
		{88AF04D0-8B4E-4FE7-96AD-15B0B637C0BB}.Release|Any CPU.ActiveCfg = Release|x64
		{88AF04D0-8B4E-4FE7-96AD-15B0B637C0BB}.Release|Any CPU.Build.0 = Release|x64
		{88AF04D0-8B4E-4FE7-96AD-15B0B637C0BB}.Release|Mixed Platforms.ActiveCfg = Release|x86
		{88AF04D0-8B4E-4FE7-96AD-15B0B637C0BB}.Release|Mixed Platforms.Build.0 = Release|x86
		{88AF04D0-8B4E-4FE7-96AD-15B0B637C0BB}.Release|x64.ActiveCfg = Release|x64
		{88AF04D0-8B4E-4FE7-96AD-15B0B637C0BB}.Release|x64.Build.0 = Release|x64
		{88AF04D0-8B4E-4FE7-96AD-15B0B637C0BB}.Release|x86.ActiveCfg = Release|x86
		{88AF04D0-8B4E-4FE7-96AD-15B0B637C0BB}.Release|x86.Build.0 = Release|x86
		{88AF04D0-8B4E-4FE7-96AD-15B0B637C0BB}.x64|Any CPU.ActiveCfg = x64|x86
		{88AF04D0-8B4E-4FE7-96AD-15B0B637C0BB}.x64|Mixed Platforms.ActiveCfg = x64|x64
		{88AF04D0-8B4E-4FE7-96AD-15B0B637C0BB}.x64|Mixed Platforms.Build.0 = x64|x64
		{88AF04D0-8B4E-4FE7-96AD-15B0B637C0BB}.x64|x64.ActiveCfg = x64|x64
		{88AF04D0-8B4E-4FE7-96AD-15B0B637C0BB}.x64|x64.Build.0 = x64|x64
		{88AF04D0-8B4E-4FE7-96AD-15B0B637C0BB}.x64|x86.ActiveCfg = x64|x86
		{E3B12F3F-E420-48FA-B991-FA1FF8D603F2}.Debug|Any CPU.ActiveCfg = Debug|Any CPU
		{E3B12F3F-E420-48FA-B991-FA1FF8D603F2}.Debug|Any CPU.Build.0 = Debug|Any CPU
		{E3B12F3F-E420-48FA-B991-FA1FF8D603F2}.Debug|Mixed Platforms.ActiveCfg = Debug|Any CPU
		{E3B12F3F-E420-48FA-B991-FA1FF8D603F2}.Debug|Mixed Platforms.Build.0 = Debug|Any CPU
		{E3B12F3F-E420-48FA-B991-FA1FF8D603F2}.Debug|x64.ActiveCfg = Debug|Any CPU
		{E3B12F3F-E420-48FA-B991-FA1FF8D603F2}.Debug|x64.Build.0 = Debug|Any CPU
		{E3B12F3F-E420-48FA-B991-FA1FF8D603F2}.Debug|x86.ActiveCfg = Debug|Any CPU
		{E3B12F3F-E420-48FA-B991-FA1FF8D603F2}.Debug|x86.Build.0 = Debug|Any CPU
		{E3B12F3F-E420-48FA-B991-FA1FF8D603F2}.Release|Any CPU.ActiveCfg = Release|Any CPU
		{E3B12F3F-E420-48FA-B991-FA1FF8D603F2}.Release|Any CPU.Build.0 = Release|Any CPU
		{E3B12F3F-E420-48FA-B991-FA1FF8D603F2}.Release|Mixed Platforms.ActiveCfg = Release|Any CPU
		{E3B12F3F-E420-48FA-B991-FA1FF8D603F2}.Release|Mixed Platforms.Build.0 = Release|Any CPU
		{E3B12F3F-E420-48FA-B991-FA1FF8D603F2}.Release|x64.ActiveCfg = Release|x64
		{E3B12F3F-E420-48FA-B991-FA1FF8D603F2}.Release|x64.Build.0 = Release|x64
		{E3B12F3F-E420-48FA-B991-FA1FF8D603F2}.Release|x86.ActiveCfg = Release|Any CPU
		{E3B12F3F-E420-48FA-B991-FA1FF8D603F2}.Release|x86.Build.0 = Release|Any CPU
		{E3B12F3F-E420-48FA-B991-FA1FF8D603F2}.x64|Any CPU.ActiveCfg = x64|Any CPU
		{E3B12F3F-E420-48FA-B991-FA1FF8D603F2}.x64|Any CPU.Build.0 = x64|Any CPU
		{E3B12F3F-E420-48FA-B991-FA1FF8D603F2}.x64|Mixed Platforms.ActiveCfg = x64|x64
		{E3B12F3F-E420-48FA-B991-FA1FF8D603F2}.x64|Mixed Platforms.Build.0 = x64|x64
		{E3B12F3F-E420-48FA-B991-FA1FF8D603F2}.x64|x64.ActiveCfg = x64|x64
		{E3B12F3F-E420-48FA-B991-FA1FF8D603F2}.x64|x64.Build.0 = x64|x64
		{E3B12F3F-E420-48FA-B991-FA1FF8D603F2}.x64|x86.ActiveCfg = x64|Any CPU
		{53CD0B45-9B49-4CAC-B5D8-F8C73671B6B1}.Debug|Any CPU.ActiveCfg = Debug|Any CPU
		{53CD0B45-9B49-4CAC-B5D8-F8C73671B6B1}.Debug|Any CPU.Build.0 = Debug|Any CPU
		{53CD0B45-9B49-4CAC-B5D8-F8C73671B6B1}.Debug|Mixed Platforms.ActiveCfg = Debug|Any CPU
		{53CD0B45-9B49-4CAC-B5D8-F8C73671B6B1}.Debug|Mixed Platforms.Build.0 = Debug|Any CPU
		{53CD0B45-9B49-4CAC-B5D8-F8C73671B6B1}.Debug|x64.ActiveCfg = Debug|Any CPU
		{53CD0B45-9B49-4CAC-B5D8-F8C73671B6B1}.Debug|x64.Build.0 = Debug|Any CPU
		{53CD0B45-9B49-4CAC-B5D8-F8C73671B6B1}.Debug|x86.ActiveCfg = Debug|Any CPU
		{53CD0B45-9B49-4CAC-B5D8-F8C73671B6B1}.Debug|x86.Build.0 = Debug|Any CPU
		{53CD0B45-9B49-4CAC-B5D8-F8C73671B6B1}.Release|Any CPU.ActiveCfg = Release|Any CPU
		{53CD0B45-9B49-4CAC-B5D8-F8C73671B6B1}.Release|Any CPU.Build.0 = Release|Any CPU
		{53CD0B45-9B49-4CAC-B5D8-F8C73671B6B1}.Release|Mixed Platforms.ActiveCfg = Release|Any CPU
		{53CD0B45-9B49-4CAC-B5D8-F8C73671B6B1}.Release|Mixed Platforms.Build.0 = Release|Any CPU
		{53CD0B45-9B49-4CAC-B5D8-F8C73671B6B1}.Release|x64.ActiveCfg = Release|x64
		{53CD0B45-9B49-4CAC-B5D8-F8C73671B6B1}.Release|x64.Build.0 = Release|x64
		{53CD0B45-9B49-4CAC-B5D8-F8C73671B6B1}.Release|x86.ActiveCfg = Release|Any CPU
		{53CD0B45-9B49-4CAC-B5D8-F8C73671B6B1}.Release|x86.Build.0 = Release|Any CPU
		{53CD0B45-9B49-4CAC-B5D8-F8C73671B6B1}.x64|Any CPU.ActiveCfg = x64|Any CPU
		{53CD0B45-9B49-4CAC-B5D8-F8C73671B6B1}.x64|Any CPU.Build.0 = x64|Any CPU
		{53CD0B45-9B49-4CAC-B5D8-F8C73671B6B1}.x64|Mixed Platforms.ActiveCfg = x64|x64
		{53CD0B45-9B49-4CAC-B5D8-F8C73671B6B1}.x64|Mixed Platforms.Build.0 = x64|x64
		{53CD0B45-9B49-4CAC-B5D8-F8C73671B6B1}.x64|x64.ActiveCfg = x64|x64
		{53CD0B45-9B49-4CAC-B5D8-F8C73671B6B1}.x64|x64.Build.0 = x64|x64
		{53CD0B45-9B49-4CAC-B5D8-F8C73671B6B1}.x64|x86.ActiveCfg = x64|x86
		{53CD0B45-9B49-4CAC-B5D8-F8C73671B6B1}.x64|x86.Build.0 = x64|x86
		{2790FBA2-1F3C-4EC7-96C9-6015D9C17DF6}.Debug|Any CPU.ActiveCfg = Debug|Any CPU
		{2790FBA2-1F3C-4EC7-96C9-6015D9C17DF6}.Debug|Any CPU.Build.0 = Debug|Any CPU
		{2790FBA2-1F3C-4EC7-96C9-6015D9C17DF6}.Debug|Mixed Platforms.ActiveCfg = Debug|Any CPU
		{2790FBA2-1F3C-4EC7-96C9-6015D9C17DF6}.Debug|Mixed Platforms.Build.0 = Debug|Any CPU
		{2790FBA2-1F3C-4EC7-96C9-6015D9C17DF6}.Debug|x64.ActiveCfg = Debug|Any CPU
		{2790FBA2-1F3C-4EC7-96C9-6015D9C17DF6}.Debug|x64.Build.0 = Debug|Any CPU
		{2790FBA2-1F3C-4EC7-96C9-6015D9C17DF6}.Debug|x86.ActiveCfg = Debug|Any CPU
		{2790FBA2-1F3C-4EC7-96C9-6015D9C17DF6}.Debug|x86.Build.0 = Debug|Any CPU
		{2790FBA2-1F3C-4EC7-96C9-6015D9C17DF6}.Release|Any CPU.ActiveCfg = Release|Any CPU
		{2790FBA2-1F3C-4EC7-96C9-6015D9C17DF6}.Release|Any CPU.Build.0 = Release|Any CPU
		{2790FBA2-1F3C-4EC7-96C9-6015D9C17DF6}.Release|Mixed Platforms.ActiveCfg = Release|Any CPU
		{2790FBA2-1F3C-4EC7-96C9-6015D9C17DF6}.Release|Mixed Platforms.Build.0 = Release|Any CPU
		{2790FBA2-1F3C-4EC7-96C9-6015D9C17DF6}.Release|x64.ActiveCfg = Release|x64
		{2790FBA2-1F3C-4EC7-96C9-6015D9C17DF6}.Release|x64.Build.0 = Release|x64
		{2790FBA2-1F3C-4EC7-96C9-6015D9C17DF6}.Release|x86.ActiveCfg = Release|Any CPU
		{2790FBA2-1F3C-4EC7-96C9-6015D9C17DF6}.Release|x86.Build.0 = Release|Any CPU
		{2790FBA2-1F3C-4EC7-96C9-6015D9C17DF6}.x64|Any CPU.ActiveCfg = x64|Any CPU
		{2790FBA2-1F3C-4EC7-96C9-6015D9C17DF6}.x64|Any CPU.Build.0 = x64|Any CPU
		{2790FBA2-1F3C-4EC7-96C9-6015D9C17DF6}.x64|Mixed Platforms.ActiveCfg = x64|x64
		{2790FBA2-1F3C-4EC7-96C9-6015D9C17DF6}.x64|Mixed Platforms.Build.0 = x64|x64
		{2790FBA2-1F3C-4EC7-96C9-6015D9C17DF6}.x64|x64.ActiveCfg = x64|x64
		{2790FBA2-1F3C-4EC7-96C9-6015D9C17DF6}.x64|x64.Build.0 = x64|x64
		{2790FBA2-1F3C-4EC7-96C9-6015D9C17DF6}.x64|x86.ActiveCfg = x64|x64
		{FED8686B-7BE7-432C-B1F6-FA5900F6BAC2}.Debug|Any CPU.ActiveCfg = Debug|Any CPU
		{FED8686B-7BE7-432C-B1F6-FA5900F6BAC2}.Debug|Any CPU.Build.0 = Debug|Any CPU
		{FED8686B-7BE7-432C-B1F6-FA5900F6BAC2}.Debug|Mixed Platforms.ActiveCfg = Debug|Any CPU
		{FED8686B-7BE7-432C-B1F6-FA5900F6BAC2}.Debug|Mixed Platforms.Build.0 = Debug|Any CPU
		{FED8686B-7BE7-432C-B1F6-FA5900F6BAC2}.Debug|x64.ActiveCfg = Debug|Any CPU
		{FED8686B-7BE7-432C-B1F6-FA5900F6BAC2}.Debug|x64.Build.0 = Debug|Any CPU
		{FED8686B-7BE7-432C-B1F6-FA5900F6BAC2}.Debug|x86.ActiveCfg = Debug|Any CPU
		{FED8686B-7BE7-432C-B1F6-FA5900F6BAC2}.Debug|x86.Build.0 = Debug|Any CPU
		{FED8686B-7BE7-432C-B1F6-FA5900F6BAC2}.Release|Any CPU.ActiveCfg = Release|Any CPU
		{FED8686B-7BE7-432C-B1F6-FA5900F6BAC2}.Release|Any CPU.Build.0 = Release|Any CPU
		{FED8686B-7BE7-432C-B1F6-FA5900F6BAC2}.Release|Mixed Platforms.ActiveCfg = Release|Any CPU
		{FED8686B-7BE7-432C-B1F6-FA5900F6BAC2}.Release|Mixed Platforms.Build.0 = Release|Any CPU
		{FED8686B-7BE7-432C-B1F6-FA5900F6BAC2}.Release|x64.ActiveCfg = Release|x64
		{FED8686B-7BE7-432C-B1F6-FA5900F6BAC2}.Release|x64.Build.0 = Release|x64
		{FED8686B-7BE7-432C-B1F6-FA5900F6BAC2}.Release|x86.ActiveCfg = Release|Any CPU
		{FED8686B-7BE7-432C-B1F6-FA5900F6BAC2}.Release|x86.Build.0 = Release|Any CPU
		{FED8686B-7BE7-432C-B1F6-FA5900F6BAC2}.x64|Any CPU.ActiveCfg = x64|Any CPU
		{FED8686B-7BE7-432C-B1F6-FA5900F6BAC2}.x64|Any CPU.Build.0 = x64|Any CPU
		{FED8686B-7BE7-432C-B1F6-FA5900F6BAC2}.x64|Mixed Platforms.ActiveCfg = x64|x64
		{FED8686B-7BE7-432C-B1F6-FA5900F6BAC2}.x64|Mixed Platforms.Build.0 = x64|x64
		{FED8686B-7BE7-432C-B1F6-FA5900F6BAC2}.x64|x64.ActiveCfg = x64|x64
		{FED8686B-7BE7-432C-B1F6-FA5900F6BAC2}.x64|x64.Build.0 = x64|x64
		{FED8686B-7BE7-432C-B1F6-FA5900F6BAC2}.x64|x86.ActiveCfg = x64|Any CPU
		{57ED24CB-1B7C-4F5E-8C14-0E321944E64E}.Debug|Any CPU.ActiveCfg = Debug|Any CPU
		{57ED24CB-1B7C-4F5E-8C14-0E321944E64E}.Debug|Any CPU.Build.0 = Debug|Any CPU
		{57ED24CB-1B7C-4F5E-8C14-0E321944E64E}.Debug|Mixed Platforms.ActiveCfg = Debug|Any CPU
		{57ED24CB-1B7C-4F5E-8C14-0E321944E64E}.Debug|Mixed Platforms.Build.0 = Debug|Any CPU
		{57ED24CB-1B7C-4F5E-8C14-0E321944E64E}.Debug|x64.ActiveCfg = Debug|Any CPU
		{57ED24CB-1B7C-4F5E-8C14-0E321944E64E}.Debug|x64.Build.0 = Debug|Any CPU
		{57ED24CB-1B7C-4F5E-8C14-0E321944E64E}.Debug|x86.ActiveCfg = Debug|Any CPU
		{57ED24CB-1B7C-4F5E-8C14-0E321944E64E}.Debug|x86.Build.0 = Debug|Any CPU
		{57ED24CB-1B7C-4F5E-8C14-0E321944E64E}.Release|Any CPU.ActiveCfg = Release|Any CPU
		{57ED24CB-1B7C-4F5E-8C14-0E321944E64E}.Release|Any CPU.Build.0 = Release|Any CPU
		{57ED24CB-1B7C-4F5E-8C14-0E321944E64E}.Release|Mixed Platforms.ActiveCfg = Release|Any CPU
		{57ED24CB-1B7C-4F5E-8C14-0E321944E64E}.Release|Mixed Platforms.Build.0 = Release|Any CPU
		{57ED24CB-1B7C-4F5E-8C14-0E321944E64E}.Release|x64.ActiveCfg = Release|x64
		{57ED24CB-1B7C-4F5E-8C14-0E321944E64E}.Release|x64.Build.0 = Release|x64
		{57ED24CB-1B7C-4F5E-8C14-0E321944E64E}.Release|x86.ActiveCfg = Release|Any CPU
		{57ED24CB-1B7C-4F5E-8C14-0E321944E64E}.Release|x86.Build.0 = Release|Any CPU
		{57ED24CB-1B7C-4F5E-8C14-0E321944E64E}.x64|Any CPU.ActiveCfg = x64|Any CPU
		{57ED24CB-1B7C-4F5E-8C14-0E321944E64E}.x64|Any CPU.Build.0 = x64|Any CPU
		{57ED24CB-1B7C-4F5E-8C14-0E321944E64E}.x64|Mixed Platforms.ActiveCfg = x64|x64
		{57ED24CB-1B7C-4F5E-8C14-0E321944E64E}.x64|Mixed Platforms.Build.0 = x64|x64
		{57ED24CB-1B7C-4F5E-8C14-0E321944E64E}.x64|x64.ActiveCfg = x64|x64
		{57ED24CB-1B7C-4F5E-8C14-0E321944E64E}.x64|x64.Build.0 = x64|x64
		{57ED24CB-1B7C-4F5E-8C14-0E321944E64E}.x64|x86.ActiveCfg = x64|x64
		{7675B5FD-9CC3-4B88-A75C-7154CCDD3B48}.Debug|Any CPU.ActiveCfg = Debug|Any CPU
		{7675B5FD-9CC3-4B88-A75C-7154CCDD3B48}.Debug|Any CPU.Build.0 = Debug|Any CPU
		{7675B5FD-9CC3-4B88-A75C-7154CCDD3B48}.Debug|Mixed Platforms.ActiveCfg = Debug|Any CPU
		{7675B5FD-9CC3-4B88-A75C-7154CCDD3B48}.Debug|Mixed Platforms.Build.0 = Debug|Any CPU
		{7675B5FD-9CC3-4B88-A75C-7154CCDD3B48}.Debug|x64.ActiveCfg = Debug|Any CPU
		{7675B5FD-9CC3-4B88-A75C-7154CCDD3B48}.Debug|x64.Build.0 = Debug|Any CPU
		{7675B5FD-9CC3-4B88-A75C-7154CCDD3B48}.Debug|x86.ActiveCfg = Debug|Any CPU
		{7675B5FD-9CC3-4B88-A75C-7154CCDD3B48}.Debug|x86.Build.0 = Debug|Any CPU
		{7675B5FD-9CC3-4B88-A75C-7154CCDD3B48}.Release|Any CPU.ActiveCfg = Release|Any CPU
		{7675B5FD-9CC3-4B88-A75C-7154CCDD3B48}.Release|Any CPU.Build.0 = Release|Any CPU
		{7675B5FD-9CC3-4B88-A75C-7154CCDD3B48}.Release|Mixed Platforms.ActiveCfg = Release|Any CPU
		{7675B5FD-9CC3-4B88-A75C-7154CCDD3B48}.Release|Mixed Platforms.Build.0 = Release|Any CPU
		{7675B5FD-9CC3-4B88-A75C-7154CCDD3B48}.Release|x64.ActiveCfg = Release|x64
		{7675B5FD-9CC3-4B88-A75C-7154CCDD3B48}.Release|x64.Build.0 = Release|x64
		{7675B5FD-9CC3-4B88-A75C-7154CCDD3B48}.Release|x86.ActiveCfg = Release|Any CPU
		{7675B5FD-9CC3-4B88-A75C-7154CCDD3B48}.Release|x86.Build.0 = Release|Any CPU
		{7675B5FD-9CC3-4B88-A75C-7154CCDD3B48}.x64|Any CPU.ActiveCfg = x64|Any CPU
		{7675B5FD-9CC3-4B88-A75C-7154CCDD3B48}.x64|Any CPU.Build.0 = x64|Any CPU
		{7675B5FD-9CC3-4B88-A75C-7154CCDD3B48}.x64|Mixed Platforms.ActiveCfg = x64|x64
		{7675B5FD-9CC3-4B88-A75C-7154CCDD3B48}.x64|Mixed Platforms.Build.0 = x64|x64
		{7675B5FD-9CC3-4B88-A75C-7154CCDD3B48}.x64|x64.ActiveCfg = x64|x64
		{7675B5FD-9CC3-4B88-A75C-7154CCDD3B48}.x64|x64.Build.0 = x64|x64
		{7675B5FD-9CC3-4B88-A75C-7154CCDD3B48}.x64|x86.ActiveCfg = x64|x64
		{10E662B9-E973-4EBF-BB42-E340D52AFE11}.Debug|Any CPU.ActiveCfg = Debug|Any CPU
		{10E662B9-E973-4EBF-BB42-E340D52AFE11}.Debug|Any CPU.Build.0 = Debug|Any CPU
		{10E662B9-E973-4EBF-BB42-E340D52AFE11}.Debug|Mixed Platforms.ActiveCfg = Debug|Any CPU
		{10E662B9-E973-4EBF-BB42-E340D52AFE11}.Debug|Mixed Platforms.Build.0 = Debug|Any CPU
		{10E662B9-E973-4EBF-BB42-E340D52AFE11}.Debug|x64.ActiveCfg = Debug|Any CPU
		{10E662B9-E973-4EBF-BB42-E340D52AFE11}.Debug|x64.Build.0 = Debug|Any CPU
		{10E662B9-E973-4EBF-BB42-E340D52AFE11}.Debug|x86.ActiveCfg = Debug|Any CPU
		{10E662B9-E973-4EBF-BB42-E340D52AFE11}.Debug|x86.Build.0 = Debug|Any CPU
		{10E662B9-E973-4EBF-BB42-E340D52AFE11}.Release|Any CPU.ActiveCfg = Release|Any CPU
		{10E662B9-E973-4EBF-BB42-E340D52AFE11}.Release|Any CPU.Build.0 = Release|Any CPU
		{10E662B9-E973-4EBF-BB42-E340D52AFE11}.Release|Mixed Platforms.ActiveCfg = Release|Any CPU
		{10E662B9-E973-4EBF-BB42-E340D52AFE11}.Release|Mixed Platforms.Build.0 = Release|Any CPU
		{10E662B9-E973-4EBF-BB42-E340D52AFE11}.Release|x64.ActiveCfg = Release|x64
		{10E662B9-E973-4EBF-BB42-E340D52AFE11}.Release|x86.ActiveCfg = Release|Any CPU
		{10E662B9-E973-4EBF-BB42-E340D52AFE11}.Release|x86.Build.0 = Release|Any CPU
		{10E662B9-E973-4EBF-BB42-E340D52AFE11}.x64|Any CPU.ActiveCfg = x64|Any CPU
		{10E662B9-E973-4EBF-BB42-E340D52AFE11}.x64|Any CPU.Build.0 = x64|Any CPU
		{10E662B9-E973-4EBF-BB42-E340D52AFE11}.x64|Mixed Platforms.ActiveCfg = x64|x64
		{10E662B9-E973-4EBF-BB42-E340D52AFE11}.x64|Mixed Platforms.Build.0 = x64|x64
		{10E662B9-E973-4EBF-BB42-E340D52AFE11}.x64|x64.ActiveCfg = x64|x64
		{10E662B9-E973-4EBF-BB42-E340D52AFE11}.x64|x64.Build.0 = x64|x64
		{10E662B9-E973-4EBF-BB42-E340D52AFE11}.x64|x86.ActiveCfg = x64|x64
		{8445AD9D-5165-4D84-A296-367A8D823627}.Debug|Any CPU.ActiveCfg = Debug|Any CPU
		{8445AD9D-5165-4D84-A296-367A8D823627}.Debug|Any CPU.Build.0 = Debug|Any CPU
		{8445AD9D-5165-4D84-A296-367A8D823627}.Debug|Mixed Platforms.ActiveCfg = Debug|Any CPU
		{8445AD9D-5165-4D84-A296-367A8D823627}.Debug|Mixed Platforms.Build.0 = Debug|Any CPU
		{8445AD9D-5165-4D84-A296-367A8D823627}.Debug|x64.ActiveCfg = Debug|Any CPU
		{8445AD9D-5165-4D84-A296-367A8D823627}.Debug|x64.Build.0 = Debug|Any CPU
		{8445AD9D-5165-4D84-A296-367A8D823627}.Debug|x86.ActiveCfg = Debug|Any CPU
		{8445AD9D-5165-4D84-A296-367A8D823627}.Debug|x86.Build.0 = Debug|Any CPU
		{8445AD9D-5165-4D84-A296-367A8D823627}.Release|Any CPU.ActiveCfg = Release|Any CPU
		{8445AD9D-5165-4D84-A296-367A8D823627}.Release|Any CPU.Build.0 = Release|Any CPU
		{8445AD9D-5165-4D84-A296-367A8D823627}.Release|Mixed Platforms.ActiveCfg = Release|Any CPU
		{8445AD9D-5165-4D84-A296-367A8D823627}.Release|Mixed Platforms.Build.0 = Release|Any CPU
		{8445AD9D-5165-4D84-A296-367A8D823627}.Release|x64.ActiveCfg = Release|x64
		{8445AD9D-5165-4D84-A296-367A8D823627}.Release|x64.Build.0 = Release|x64
		{8445AD9D-5165-4D84-A296-367A8D823627}.Release|x86.ActiveCfg = Release|Any CPU
		{8445AD9D-5165-4D84-A296-367A8D823627}.Release|x86.Build.0 = Release|Any CPU
		{8445AD9D-5165-4D84-A296-367A8D823627}.x64|Any CPU.ActiveCfg = x64|Any CPU
		{8445AD9D-5165-4D84-A296-367A8D823627}.x64|Any CPU.Build.0 = x64|Any CPU
		{8445AD9D-5165-4D84-A296-367A8D823627}.x64|Mixed Platforms.ActiveCfg = x64|x64
		{8445AD9D-5165-4D84-A296-367A8D823627}.x64|Mixed Platforms.Build.0 = x64|x64
		{8445AD9D-5165-4D84-A296-367A8D823627}.x64|x64.ActiveCfg = x64|x64
		{8445AD9D-5165-4D84-A296-367A8D823627}.x64|x64.Build.0 = x64|x64
		{8445AD9D-5165-4D84-A296-367A8D823627}.x64|x86.ActiveCfg = x64|Any CPU
		{0828B731-337F-445C-B7D6-785B173D5FD9}.Debug|Any CPU.ActiveCfg = Debug|Any CPU
		{0828B731-337F-445C-B7D6-785B173D5FD9}.Debug|Any CPU.Build.0 = Debug|Any CPU
		{0828B731-337F-445C-B7D6-785B173D5FD9}.Debug|Mixed Platforms.ActiveCfg = Debug|Any CPU
		{0828B731-337F-445C-B7D6-785B173D5FD9}.Debug|Mixed Platforms.Build.0 = Debug|Any CPU
		{0828B731-337F-445C-B7D6-785B173D5FD9}.Debug|x64.ActiveCfg = Debug|Any CPU
		{0828B731-337F-445C-B7D6-785B173D5FD9}.Debug|x64.Build.0 = Debug|Any CPU
		{0828B731-337F-445C-B7D6-785B173D5FD9}.Debug|x86.ActiveCfg = Debug|Any CPU
		{0828B731-337F-445C-B7D6-785B173D5FD9}.Debug|x86.Build.0 = Debug|Any CPU
		{0828B731-337F-445C-B7D6-785B173D5FD9}.Release|Any CPU.ActiveCfg = Release|Any CPU
		{0828B731-337F-445C-B7D6-785B173D5FD9}.Release|Any CPU.Build.0 = Release|Any CPU
		{0828B731-337F-445C-B7D6-785B173D5FD9}.Release|Mixed Platforms.ActiveCfg = Release|Any CPU
		{0828B731-337F-445C-B7D6-785B173D5FD9}.Release|Mixed Platforms.Build.0 = Release|Any CPU
		{0828B731-337F-445C-B7D6-785B173D5FD9}.Release|x64.ActiveCfg = Release|x64
		{0828B731-337F-445C-B7D6-785B173D5FD9}.Release|x64.Build.0 = Release|x64
		{0828B731-337F-445C-B7D6-785B173D5FD9}.Release|x86.ActiveCfg = Release|Any CPU
		{0828B731-337F-445C-B7D6-785B173D5FD9}.Release|x86.Build.0 = Release|Any CPU
		{0828B731-337F-445C-B7D6-785B173D5FD9}.x64|Any CPU.ActiveCfg = x64|Any CPU
		{0828B731-337F-445C-B7D6-785B173D5FD9}.x64|Any CPU.Build.0 = x64|Any CPU
		{0828B731-337F-445C-B7D6-785B173D5FD9}.x64|Mixed Platforms.ActiveCfg = x64|x64
		{0828B731-337F-445C-B7D6-785B173D5FD9}.x64|Mixed Platforms.Build.0 = x64|x64
		{0828B731-337F-445C-B7D6-785B173D5FD9}.x64|x64.ActiveCfg = x64|x64
		{0828B731-337F-445C-B7D6-785B173D5FD9}.x64|x64.Build.0 = x64|x64
		{0828B731-337F-445C-B7D6-785B173D5FD9}.x64|x86.ActiveCfg = x64|Any CPU
		{89148742-F482-479E-8831-579F54FDF08A}.Debug|Any CPU.ActiveCfg = Debug|Any CPU
		{89148742-F482-479E-8831-579F54FDF08A}.Debug|Any CPU.Build.0 = Debug|Any CPU
		{89148742-F482-479E-8831-579F54FDF08A}.Debug|Mixed Platforms.ActiveCfg = Debug|Any CPU
		{89148742-F482-479E-8831-579F54FDF08A}.Debug|Mixed Platforms.Build.0 = Debug|Any CPU
		{89148742-F482-479E-8831-579F54FDF08A}.Debug|x64.ActiveCfg = Debug|Any CPU
		{89148742-F482-479E-8831-579F54FDF08A}.Debug|x64.Build.0 = Debug|Any CPU
		{89148742-F482-479E-8831-579F54FDF08A}.Debug|x86.ActiveCfg = Debug|Any CPU
		{89148742-F482-479E-8831-579F54FDF08A}.Debug|x86.Build.0 = Debug|Any CPU
		{89148742-F482-479E-8831-579F54FDF08A}.Release|Any CPU.ActiveCfg = Release|Any CPU
		{89148742-F482-479E-8831-579F54FDF08A}.Release|Any CPU.Build.0 = Release|Any CPU
		{89148742-F482-479E-8831-579F54FDF08A}.Release|Mixed Platforms.ActiveCfg = Release|Any CPU
		{89148742-F482-479E-8831-579F54FDF08A}.Release|Mixed Platforms.Build.0 = Release|Any CPU
		{89148742-F482-479E-8831-579F54FDF08A}.Release|x64.ActiveCfg = Release|x64
		{89148742-F482-479E-8831-579F54FDF08A}.Release|x64.Build.0 = Release|x64
		{89148742-F482-479E-8831-579F54FDF08A}.Release|x86.ActiveCfg = Release|Any CPU
		{89148742-F482-479E-8831-579F54FDF08A}.Release|x86.Build.0 = Release|Any CPU
		{89148742-F482-479E-8831-579F54FDF08A}.x64|Any CPU.ActiveCfg = x64|Any CPU
		{89148742-F482-479E-8831-579F54FDF08A}.x64|Any CPU.Build.0 = x64|Any CPU
		{89148742-F482-479E-8831-579F54FDF08A}.x64|Mixed Platforms.ActiveCfg = x64|x64
		{89148742-F482-479E-8831-579F54FDF08A}.x64|Mixed Platforms.Build.0 = x64|x64
		{89148742-F482-479E-8831-579F54FDF08A}.x64|x64.ActiveCfg = x64|x64
		{89148742-F482-479E-8831-579F54FDF08A}.x64|x64.Build.0 = x64|x64
		{89148742-F482-479E-8831-579F54FDF08A}.x64|x86.ActiveCfg = x64|Any CPU
		{7BECB850-389A-44FC-8523-3EF0B2540F07}.Debug|Any CPU.ActiveCfg = Debug|Any CPU
		{7BECB850-389A-44FC-8523-3EF0B2540F07}.Debug|Any CPU.Build.0 = Debug|Any CPU
		{7BECB850-389A-44FC-8523-3EF0B2540F07}.Debug|Mixed Platforms.ActiveCfg = Debug|Any CPU
		{7BECB850-389A-44FC-8523-3EF0B2540F07}.Debug|Mixed Platforms.Build.0 = Debug|Any CPU
		{7BECB850-389A-44FC-8523-3EF0B2540F07}.Debug|x64.ActiveCfg = Debug|Any CPU
		{7BECB850-389A-44FC-8523-3EF0B2540F07}.Debug|x64.Build.0 = Debug|Any CPU
		{7BECB850-389A-44FC-8523-3EF0B2540F07}.Debug|x86.ActiveCfg = Debug|Any CPU
		{7BECB850-389A-44FC-8523-3EF0B2540F07}.Debug|x86.Build.0 = Debug|Any CPU
		{7BECB850-389A-44FC-8523-3EF0B2540F07}.Release|Any CPU.ActiveCfg = Release|Any CPU
		{7BECB850-389A-44FC-8523-3EF0B2540F07}.Release|Any CPU.Build.0 = Release|Any CPU
		{7BECB850-389A-44FC-8523-3EF0B2540F07}.Release|Mixed Platforms.ActiveCfg = Release|Any CPU
		{7BECB850-389A-44FC-8523-3EF0B2540F07}.Release|Mixed Platforms.Build.0 = Release|Any CPU
		{7BECB850-389A-44FC-8523-3EF0B2540F07}.Release|x64.ActiveCfg = Release|Any CPU
		{7BECB850-389A-44FC-8523-3EF0B2540F07}.Release|x64.Build.0 = Release|Any CPU
		{7BECB850-389A-44FC-8523-3EF0B2540F07}.Release|x86.ActiveCfg = Release|Any CPU
		{7BECB850-389A-44FC-8523-3EF0B2540F07}.Release|x86.Build.0 = Release|Any CPU
		{7BECB850-389A-44FC-8523-3EF0B2540F07}.x64|Any CPU.ActiveCfg = Release|Any CPU
		{7BECB850-389A-44FC-8523-3EF0B2540F07}.x64|Any CPU.Build.0 = Release|Any CPU
		{7BECB850-389A-44FC-8523-3EF0B2540F07}.x64|Mixed Platforms.ActiveCfg = Release|Any CPU
		{7BECB850-389A-44FC-8523-3EF0B2540F07}.x64|Mixed Platforms.Build.0 = Release|Any CPU
		{7BECB850-389A-44FC-8523-3EF0B2540F07}.x64|x64.ActiveCfg = Release|Any CPU
		{7BECB850-389A-44FC-8523-3EF0B2540F07}.x64|x86.ActiveCfg = Release|Any CPU
		{1AFE5981-7268-4249-AFFA-77E42495886E}.Debug|Any CPU.ActiveCfg = Debug|Any CPU
		{1AFE5981-7268-4249-AFFA-77E42495886E}.Debug|Any CPU.Build.0 = Debug|Any CPU
		{1AFE5981-7268-4249-AFFA-77E42495886E}.Debug|Mixed Platforms.ActiveCfg = Debug|Any CPU
		{1AFE5981-7268-4249-AFFA-77E42495886E}.Debug|Mixed Platforms.Build.0 = Debug|Any CPU
		{1AFE5981-7268-4249-AFFA-77E42495886E}.Debug|x64.ActiveCfg = Debug|Any CPU
		{1AFE5981-7268-4249-AFFA-77E42495886E}.Debug|x86.ActiveCfg = Debug|Any CPU
		{1AFE5981-7268-4249-AFFA-77E42495886E}.Release|Any CPU.ActiveCfg = Release|Any CPU
		{1AFE5981-7268-4249-AFFA-77E42495886E}.Release|Any CPU.Build.0 = Release|Any CPU
		{1AFE5981-7268-4249-AFFA-77E42495886E}.Release|Mixed Platforms.ActiveCfg = Release|Any CPU
		{1AFE5981-7268-4249-AFFA-77E42495886E}.Release|Mixed Platforms.Build.0 = Release|Any CPU
		{1AFE5981-7268-4249-AFFA-77E42495886E}.Release|x64.ActiveCfg = Release|Any CPU
		{1AFE5981-7268-4249-AFFA-77E42495886E}.Release|x86.ActiveCfg = Release|Any CPU
		{1AFE5981-7268-4249-AFFA-77E42495886E}.x64|Any CPU.ActiveCfg = Release|Any CPU
		{1AFE5981-7268-4249-AFFA-77E42495886E}.x64|Any CPU.Build.0 = Release|Any CPU
		{1AFE5981-7268-4249-AFFA-77E42495886E}.x64|Mixed Platforms.ActiveCfg = Release|Any CPU
		{1AFE5981-7268-4249-AFFA-77E42495886E}.x64|Mixed Platforms.Build.0 = Release|Any CPU
		{1AFE5981-7268-4249-AFFA-77E42495886E}.x64|x64.ActiveCfg = Release|Any CPU
		{1AFE5981-7268-4249-AFFA-77E42495886E}.x64|x86.ActiveCfg = Release|Any CPU
	EndGlobalSection
	GlobalSection(SolutionProperties) = preSolution
		HideSolutionNode = FALSE
	EndGlobalSection
EndGlobal
