
Microsoft Visual Studio Solution File, Format Version 11.00
# Visual Studio 2010
Project("{FAE04EC0-301F-11D3-BF4B-00C04F79EFBC}") = "CustomResources", "CustomResources.csproj", "{19BA285F-1B52-4127-A844-023EEF03BABC}"
EndProject
Global
	GlobalSection(SolutionConfigurationPlatforms) = preSolution
		Debug|Any CPU = Debug|Any CPU
		Release|Any CPU = Release|Any CPU
	EndGlobalSection
	GlobalSection(ProjectConfigurationPlatforms) = postSolution
		{19BA285F-1B52-4127-A844-023EEF03BABC}.Debug|Any CPU.ActiveCfg = Debug|Any CPU
		{19BA285F-1B52-4127-A844-023EEF03BABC}.Debug|Any CPU.Build.0 = Debug|Any CPU
		{19BA285F-1B52-4127-A844-023EEF03BABC}.Release|Any CPU.ActiveCfg = Release|Any CPU
		{19BA285F-1B52-4127-A844-023EEF03BABC}.Release|Any CPU.Build.0 = Release|Any CPU
	EndGlobalSection
	GlobalSection(SolutionProperties) = preSolution
		HideSolutionNode = FALSE
	EndGlobalSection
EndGlobal
