
Microsoft Visual Studio Solution File, Format Version 11.00
# Visual Studio 2010
Project("{FAE04EC0-301F-11D3-BF4B-00C04F79EFBC}") = "RegKeyGenerator", "RegKeyGenerator.csproj", "{7EEA8C15-D9A0-43D0-8113-6067E974663D}"
EndProject
Project("{FAE04EC0-301F-11D3-BF4B-00C04F79EFBC}") = "EricWrapper", "..\EricWrapper\EricWrapper.csproj", "{DEB7D8F7-5F31-47A6-BFE5-EF46BD2A386D}"
EndProject
Project("{FAE04EC0-301F-11D3-BF4B-00C04F79EFBC}") = "DbAccess", "..\..\..\Libraries\DbAccess\DbAccess.csproj", "{53CD0B45-9B49-4CAC-B5D8-F8C73671B6B1}"
EndProject
Project("{FAE04EC0-301F-11D3-BF4B-00C04F79EFBC}") = "eBalanceKitBase", "..\eBalanceKitBase\eBalanceKitBase.csproj", "{E2CEEA3B-3845-427E-998E-08ED35B18D29}"
EndProject
Project("{FAE04EC0-301F-11D3-BF4B-00C04F79EFBC}") = "Utils", "..\..\..\Libraries\Utils\Utils.csproj", "{10E662B9-E973-4EBF-BB42-E340D52AFE11}"
EndProject
Global
	GlobalSection(SolutionConfigurationPlatforms) = preSolution
		Debug|Any CPU = Debug|Any CPU
		Debug|Mixed Platforms = Debug|Mixed Platforms
		Debug|x86 = Debug|x86
		Release|Any CPU = Release|Any CPU
		Release|Mixed Platforms = Release|Mixed Platforms
		Release|x86 = Release|x86
	EndGlobalSection
	GlobalSection(ProjectConfigurationPlatforms) = postSolution
		{7EEA8C15-D9A0-43D0-8113-6067E974663D}.Debug|Any CPU.ActiveCfg = Debug|x86
		{7EEA8C15-D9A0-43D0-8113-6067E974663D}.Debug|Mixed Platforms.ActiveCfg = Debug|x86
		{7EEA8C15-D9A0-43D0-8113-6067E974663D}.Debug|Mixed Platforms.Build.0 = Debug|x86
		{7EEA8C15-D9A0-43D0-8113-6067E974663D}.Debug|x86.ActiveCfg = Debug|x86
		{7EEA8C15-D9A0-43D0-8113-6067E974663D}.Debug|x86.Build.0 = Debug|x86
		{7EEA8C15-D9A0-43D0-8113-6067E974663D}.Release|Any CPU.ActiveCfg = Release|x86
		{7EEA8C15-D9A0-43D0-8113-6067E974663D}.Release|Mixed Platforms.ActiveCfg = Release|x86
		{7EEA8C15-D9A0-43D0-8113-6067E974663D}.Release|Mixed Platforms.Build.0 = Release|x86
		{7EEA8C15-D9A0-43D0-8113-6067E974663D}.Release|x86.ActiveCfg = Release|x86
		{7EEA8C15-D9A0-43D0-8113-6067E974663D}.Release|x86.Build.0 = Release|x86
		{DEB7D8F7-5F31-47A6-BFE5-EF46BD2A386D}.Debug|Any CPU.ActiveCfg = Debug|Any CPU
		{DEB7D8F7-5F31-47A6-BFE5-EF46BD2A386D}.Debug|Any CPU.Build.0 = Debug|Any CPU
		{DEB7D8F7-5F31-47A6-BFE5-EF46BD2A386D}.Debug|Mixed Platforms.ActiveCfg = Debug|Any CPU
		{DEB7D8F7-5F31-47A6-BFE5-EF46BD2A386D}.Debug|Mixed Platforms.Build.0 = Debug|Any CPU
		{DEB7D8F7-5F31-47A6-BFE5-EF46BD2A386D}.Debug|x86.ActiveCfg = Debug|Any CPU
		{DEB7D8F7-5F31-47A6-BFE5-EF46BD2A386D}.Release|Any CPU.ActiveCfg = Release|Any CPU
		{DEB7D8F7-5F31-47A6-BFE5-EF46BD2A386D}.Release|Any CPU.Build.0 = Release|Any CPU
		{DEB7D8F7-5F31-47A6-BFE5-EF46BD2A386D}.Release|Mixed Platforms.ActiveCfg = Release|Any CPU
		{DEB7D8F7-5F31-47A6-BFE5-EF46BD2A386D}.Release|Mixed Platforms.Build.0 = Release|Any CPU
		{DEB7D8F7-5F31-47A6-BFE5-EF46BD2A386D}.Release|x86.ActiveCfg = Release|Any CPU
		{53CD0B45-9B49-4CAC-B5D8-F8C73671B6B1}.Debug|Any CPU.ActiveCfg = Debug|Any CPU
		{53CD0B45-9B49-4CAC-B5D8-F8C73671B6B1}.Debug|Any CPU.Build.0 = Debug|Any CPU
		{53CD0B45-9B49-4CAC-B5D8-F8C73671B6B1}.Debug|Mixed Platforms.ActiveCfg = Debug|Any CPU
		{53CD0B45-9B49-4CAC-B5D8-F8C73671B6B1}.Debug|Mixed Platforms.Build.0 = Debug|Any CPU
		{53CD0B45-9B49-4CAC-B5D8-F8C73671B6B1}.Debug|x86.ActiveCfg = Debug|Any CPU
		{53CD0B45-9B49-4CAC-B5D8-F8C73671B6B1}.Release|Any CPU.ActiveCfg = Release|Any CPU
		{53CD0B45-9B49-4CAC-B5D8-F8C73671B6B1}.Release|Any CPU.Build.0 = Release|Any CPU
		{53CD0B45-9B49-4CAC-B5D8-F8C73671B6B1}.Release|Mixed Platforms.ActiveCfg = Release|Any CPU
		{53CD0B45-9B49-4CAC-B5D8-F8C73671B6B1}.Release|Mixed Platforms.Build.0 = Release|Any CPU
		{53CD0B45-9B49-4CAC-B5D8-F8C73671B6B1}.Release|x86.ActiveCfg = Release|Any CPU
		{E2CEEA3B-3845-427E-998E-08ED35B18D29}.Debug|Any CPU.ActiveCfg = Debug|Any CPU
		{E2CEEA3B-3845-427E-998E-08ED35B18D29}.Debug|Any CPU.Build.0 = Debug|Any CPU
		{E2CEEA3B-3845-427E-998E-08ED35B18D29}.Debug|Mixed Platforms.ActiveCfg = Debug|Any CPU
		{E2CEEA3B-3845-427E-998E-08ED35B18D29}.Debug|Mixed Platforms.Build.0 = Debug|Any CPU
		{E2CEEA3B-3845-427E-998E-08ED35B18D29}.Debug|x86.ActiveCfg = Debug|Any CPU
		{E2CEEA3B-3845-427E-998E-08ED35B18D29}.Release|Any CPU.ActiveCfg = Release|Any CPU
		{E2CEEA3B-3845-427E-998E-08ED35B18D29}.Release|Any CPU.Build.0 = Release|Any CPU
		{E2CEEA3B-3845-427E-998E-08ED35B18D29}.Release|Mixed Platforms.ActiveCfg = Release|Any CPU
		{E2CEEA3B-3845-427E-998E-08ED35B18D29}.Release|Mixed Platforms.Build.0 = Release|Any CPU
		{E2CEEA3B-3845-427E-998E-08ED35B18D29}.Release|x86.ActiveCfg = Release|Any CPU
		{10E662B9-E973-4EBF-BB42-E340D52AFE11}.Debug|Any CPU.ActiveCfg = Debug|Any CPU
		{10E662B9-E973-4EBF-BB42-E340D52AFE11}.Debug|Any CPU.Build.0 = Debug|Any CPU
		{10E662B9-E973-4EBF-BB42-E340D52AFE11}.Debug|Mixed Platforms.ActiveCfg = Debug|Any CPU
		{10E662B9-E973-4EBF-BB42-E340D52AFE11}.Debug|Mixed Platforms.Build.0 = Debug|Any CPU
		{10E662B9-E973-4EBF-BB42-E340D52AFE11}.Debug|x86.ActiveCfg = Debug|Any CPU
		{10E662B9-E973-4EBF-BB42-E340D52AFE11}.Release|Any CPU.ActiveCfg = Release|Any CPU
		{10E662B9-E973-4EBF-BB42-E340D52AFE11}.Release|Any CPU.Build.0 = Release|Any CPU
		{10E662B9-E973-4EBF-BB42-E340D52AFE11}.Release|Mixed Platforms.ActiveCfg = Release|Any CPU
		{10E662B9-E973-4EBF-BB42-E340D52AFE11}.Release|Mixed Platforms.Build.0 = Release|Any CPU
		{10E662B9-E973-4EBF-BB42-E340D52AFE11}.Release|x86.ActiveCfg = Release|Any CPU
	EndGlobalSection
	GlobalSection(SolutionProperties) = preSolution
		HideSolutionNode = FALSE
	EndGlobalSection
EndGlobal
