Microsoft Visual Studio Solution File, Format Version 11.00
# Visual Studio 2010
Project("{FAE04EC0-301F-11D3-BF4B-00C04F79EFBC}") = "Sys2010", "Sys\Sys2010.csproj", "{1A9A64A4-3BDD-467D-ADB3-58BEDBBDEB4E}"
EndProject
Project("{FAE04EC0-301F-11D3-BF4B-00C04F79EFBC}") = "Parser2010", "Parser\Parser2010.csproj", "{210DBD13-A7B0-430A-AEB4-7E558CA61A46}"
EndProject
Project("{FAE04EC0-301F-11D3-BF4B-00C04F79EFBC}") = "Interpreter2010", "Interpreter\Interpreter2010.csproj", "{3F1B94DC-2EE6-4674-A2DE-E60FFC63A1D9}"
EndProject
Project("{FAE04EC0-301F-11D3-BF4B-00C04F79EFBC}") = "Rtf2Raw2010", "Rtf2Raw\Rtf2Raw2010.csproj", "{879F1DF6-4280-4906-96EE-0B7CD1EF12A0}"
EndProject
Project("{FAE04EC0-301F-11D3-BF4B-00C04F79EFBC}") = "DbAccess", "..\..\Libraries\DbAccess\DbAccess.csproj", "{53CD0B45-9B49-4CAC-B5D8-F8C73671B6B1}"
EndProject
Global
	GlobalSection(SolutionConfigurationPlatforms) = preSolution
		Debug|Any CPU = Debug|Any CPU
		Debug|x64 = Debug|x64
		Debug|x86 = Debug|x86
		Release|Any CPU = Release|Any CPU
		Release|x64 = Release|x64
		Release|x86 = Release|x86
		test_x64|Any CPU = test_x64|Any CPU
		test_x64|x64 = test_x64|x64
		test_x64|x86 = test_x64|x86
		x64|Any CPU = x64|Any CPU
		x64|x64 = x64|x64
		x64|x86 = x64|x86
	EndGlobalSection
	GlobalSection(ProjectConfigurationPlatforms) = postSolution
		{1A9A64A4-3BDD-467D-ADB3-58BEDBBDEB4E}.Debug|Any CPU.ActiveCfg = Debug|Any CPU
		{1A9A64A4-3BDD-467D-ADB3-58BEDBBDEB4E}.Debug|Any CPU.Build.0 = Debug|Any CPU
		{1A9A64A4-3BDD-467D-ADB3-58BEDBBDEB4E}.Debug|x64.ActiveCfg = Debug|Any CPU
		{1A9A64A4-3BDD-467D-ADB3-58BEDBBDEB4E}.Debug|x86.ActiveCfg = Debug|Any CPU
		{1A9A64A4-3BDD-467D-ADB3-58BEDBBDEB4E}.Release|Any CPU.ActiveCfg = Release|Any CPU
		{1A9A64A4-3BDD-467D-ADB3-58BEDBBDEB4E}.Release|Any CPU.Build.0 = Release|Any CPU
		{1A9A64A4-3BDD-467D-ADB3-58BEDBBDEB4E}.Release|x64.ActiveCfg = Release|Any CPU
		{1A9A64A4-3BDD-467D-ADB3-58BEDBBDEB4E}.Release|x86.ActiveCfg = Release|Any CPU
		{1A9A64A4-3BDD-467D-ADB3-58BEDBBDEB4E}.test_x64|Any CPU.ActiveCfg = Release|Any CPU
		{1A9A64A4-3BDD-467D-ADB3-58BEDBBDEB4E}.test_x64|Any CPU.Build.0 = Release|Any CPU
		{1A9A64A4-3BDD-467D-ADB3-58BEDBBDEB4E}.test_x64|x64.ActiveCfg = Release|Any CPU
		{1A9A64A4-3BDD-467D-ADB3-58BEDBBDEB4E}.test_x64|x86.ActiveCfg = Release|Any CPU
		{1A9A64A4-3BDD-467D-ADB3-58BEDBBDEB4E}.x64|Any CPU.ActiveCfg = Release|Any CPU
		{1A9A64A4-3BDD-467D-ADB3-58BEDBBDEB4E}.x64|Any CPU.Build.0 = Release|Any CPU
		{1A9A64A4-3BDD-467D-ADB3-58BEDBBDEB4E}.x64|x64.ActiveCfg = Release|Any CPU
		{1A9A64A4-3BDD-467D-ADB3-58BEDBBDEB4E}.x64|x86.ActiveCfg = Release|Any CPU
		{210DBD13-A7B0-430A-AEB4-7E558CA61A46}.Debug|Any CPU.ActiveCfg = Debug|Any CPU
		{210DBD13-A7B0-430A-AEB4-7E558CA61A46}.Debug|Any CPU.Build.0 = Debug|Any CPU
		{210DBD13-A7B0-430A-AEB4-7E558CA61A46}.Debug|x64.ActiveCfg = Debug|Any CPU
		{210DBD13-A7B0-430A-AEB4-7E558CA61A46}.Debug|x86.ActiveCfg = Debug|Any CPU
		{210DBD13-A7B0-430A-AEB4-7E558CA61A46}.Release|Any CPU.ActiveCfg = Release|Any CPU
		{210DBD13-A7B0-430A-AEB4-7E558CA61A46}.Release|Any CPU.Build.0 = Release|Any CPU
		{210DBD13-A7B0-430A-AEB4-7E558CA61A46}.Release|x64.ActiveCfg = Release|Any CPU
		{210DBD13-A7B0-430A-AEB4-7E558CA61A46}.Release|x86.ActiveCfg = Release|Any CPU
		{210DBD13-A7B0-430A-AEB4-7E558CA61A46}.test_x64|Any CPU.ActiveCfg = Release|Any CPU
		{210DBD13-A7B0-430A-AEB4-7E558CA61A46}.test_x64|Any CPU.Build.0 = Release|Any CPU
		{210DBD13-A7B0-430A-AEB4-7E558CA61A46}.test_x64|x64.ActiveCfg = Release|Any CPU
		{210DBD13-A7B0-430A-AEB4-7E558CA61A46}.test_x64|x86.ActiveCfg = Release|Any CPU
		{210DBD13-A7B0-430A-AEB4-7E558CA61A46}.x64|Any CPU.ActiveCfg = Release|Any CPU
		{210DBD13-A7B0-430A-AEB4-7E558CA61A46}.x64|Any CPU.Build.0 = Release|Any CPU
		{210DBD13-A7B0-430A-AEB4-7E558CA61A46}.x64|x64.ActiveCfg = Release|Any CPU
		{210DBD13-A7B0-430A-AEB4-7E558CA61A46}.x64|x86.ActiveCfg = Release|Any CPU
		{3F1B94DC-2EE6-4674-A2DE-E60FFC63A1D9}.Debug|Any CPU.ActiveCfg = Debug|Any CPU
		{3F1B94DC-2EE6-4674-A2DE-E60FFC63A1D9}.Debug|Any CPU.Build.0 = Debug|Any CPU
		{3F1B94DC-2EE6-4674-A2DE-E60FFC63A1D9}.Debug|x64.ActiveCfg = Debug|Any CPU
		{3F1B94DC-2EE6-4674-A2DE-E60FFC63A1D9}.Debug|x86.ActiveCfg = Debug|Any CPU
		{3F1B94DC-2EE6-4674-A2DE-E60FFC63A1D9}.Release|Any CPU.ActiveCfg = Release|Any CPU
		{3F1B94DC-2EE6-4674-A2DE-E60FFC63A1D9}.Release|Any CPU.Build.0 = Release|Any CPU
		{3F1B94DC-2EE6-4674-A2DE-E60FFC63A1D9}.Release|x64.ActiveCfg = Release|Any CPU
		{3F1B94DC-2EE6-4674-A2DE-E60FFC63A1D9}.Release|x86.ActiveCfg = Release|Any CPU
		{3F1B94DC-2EE6-4674-A2DE-E60FFC63A1D9}.test_x64|Any CPU.ActiveCfg = Release|Any CPU
		{3F1B94DC-2EE6-4674-A2DE-E60FFC63A1D9}.test_x64|Any CPU.Build.0 = Release|Any CPU
		{3F1B94DC-2EE6-4674-A2DE-E60FFC63A1D9}.test_x64|x64.ActiveCfg = Release|Any CPU
		{3F1B94DC-2EE6-4674-A2DE-E60FFC63A1D9}.test_x64|x86.ActiveCfg = Release|Any CPU
		{3F1B94DC-2EE6-4674-A2DE-E60FFC63A1D9}.x64|Any CPU.ActiveCfg = Release|Any CPU
		{3F1B94DC-2EE6-4674-A2DE-E60FFC63A1D9}.x64|Any CPU.Build.0 = Release|Any CPU
		{3F1B94DC-2EE6-4674-A2DE-E60FFC63A1D9}.x64|x64.ActiveCfg = Release|Any CPU
		{3F1B94DC-2EE6-4674-A2DE-E60FFC63A1D9}.x64|x86.ActiveCfg = Release|Any CPU
		{879F1DF6-4280-4906-96EE-0B7CD1EF12A0}.Debug|Any CPU.ActiveCfg = Debug|Any CPU
		{879F1DF6-4280-4906-96EE-0B7CD1EF12A0}.Debug|Any CPU.Build.0 = Debug|Any CPU
		{879F1DF6-4280-4906-96EE-0B7CD1EF12A0}.Debug|x64.ActiveCfg = Debug|Any CPU
		{879F1DF6-4280-4906-96EE-0B7CD1EF12A0}.Debug|x86.ActiveCfg = Debug|Any CPU
		{879F1DF6-4280-4906-96EE-0B7CD1EF12A0}.Release|Any CPU.ActiveCfg = Release|Any CPU
		{879F1DF6-4280-4906-96EE-0B7CD1EF12A0}.Release|Any CPU.Build.0 = Release|Any CPU
		{879F1DF6-4280-4906-96EE-0B7CD1EF12A0}.Release|x64.ActiveCfg = Release|Any CPU
		{879F1DF6-4280-4906-96EE-0B7CD1EF12A0}.Release|x86.ActiveCfg = Release|Any CPU
		{879F1DF6-4280-4906-96EE-0B7CD1EF12A0}.test_x64|Any CPU.ActiveCfg = Release|Any CPU
		{879F1DF6-4280-4906-96EE-0B7CD1EF12A0}.test_x64|Any CPU.Build.0 = Release|Any CPU
		{879F1DF6-4280-4906-96EE-0B7CD1EF12A0}.test_x64|x64.ActiveCfg = Release|Any CPU
		{879F1DF6-4280-4906-96EE-0B7CD1EF12A0}.test_x64|x86.ActiveCfg = Release|Any CPU
		{879F1DF6-4280-4906-96EE-0B7CD1EF12A0}.x64|Any CPU.ActiveCfg = Release|Any CPU
		{879F1DF6-4280-4906-96EE-0B7CD1EF12A0}.x64|Any CPU.Build.0 = Release|Any CPU
		{879F1DF6-4280-4906-96EE-0B7CD1EF12A0}.x64|x64.ActiveCfg = Release|Any CPU
		{879F1DF6-4280-4906-96EE-0B7CD1EF12A0}.x64|x86.ActiveCfg = Release|Any CPU
		{53CD0B45-9B49-4CAC-B5D8-F8C73671B6B1}.Debug|Any CPU.ActiveCfg = Debug|Any CPU
		{53CD0B45-9B49-4CAC-B5D8-F8C73671B6B1}.Debug|Any CPU.Build.0 = Debug|Any CPU
		{53CD0B45-9B49-4CAC-B5D8-F8C73671B6B1}.Debug|x64.ActiveCfg = Debug|x64
		{53CD0B45-9B49-4CAC-B5D8-F8C73671B6B1}.Debug|x64.Build.0 = Debug|x64
		{53CD0B45-9B49-4CAC-B5D8-F8C73671B6B1}.Debug|x86.ActiveCfg = Debug|x86
		{53CD0B45-9B49-4CAC-B5D8-F8C73671B6B1}.Debug|x86.Build.0 = Debug|x86
		{53CD0B45-9B49-4CAC-B5D8-F8C73671B6B1}.Release|Any CPU.ActiveCfg = Release|Any CPU
		{53CD0B45-9B49-4CAC-B5D8-F8C73671B6B1}.Release|Any CPU.Build.0 = Release|Any CPU
		{53CD0B45-9B49-4CAC-B5D8-F8C73671B6B1}.Release|x64.ActiveCfg = Release|x64
		{53CD0B45-9B49-4CAC-B5D8-F8C73671B6B1}.Release|x64.Build.0 = Release|x64
		{53CD0B45-9B49-4CAC-B5D8-F8C73671B6B1}.Release|x86.ActiveCfg = Release|x86
		{53CD0B45-9B49-4CAC-B5D8-F8C73671B6B1}.Release|x86.Build.0 = Release|x86
		{53CD0B45-9B49-4CAC-B5D8-F8C73671B6B1}.test_x64|Any CPU.ActiveCfg = test_x64|Any CPU
		{53CD0B45-9B49-4CAC-B5D8-F8C73671B6B1}.test_x64|Any CPU.Build.0 = test_x64|Any CPU
		{53CD0B45-9B49-4CAC-B5D8-F8C73671B6B1}.test_x64|x64.ActiveCfg = test_x64|x64
		{53CD0B45-9B49-4CAC-B5D8-F8C73671B6B1}.test_x64|x64.Build.0 = test_x64|x64
		{53CD0B45-9B49-4CAC-B5D8-F8C73671B6B1}.test_x64|x86.ActiveCfg = test_x64|x86
		{53CD0B45-9B49-4CAC-B5D8-F8C73671B6B1}.test_x64|x86.Build.0 = test_x64|x86
		{53CD0B45-9B49-4CAC-B5D8-F8C73671B6B1}.x64|Any CPU.ActiveCfg = x64|Any CPU
		{53CD0B45-9B49-4CAC-B5D8-F8C73671B6B1}.x64|Any CPU.Build.0 = x64|Any CPU
		{53CD0B45-9B49-4CAC-B5D8-F8C73671B6B1}.x64|x64.ActiveCfg = x64|x64
		{53CD0B45-9B49-4CAC-B5D8-F8C73671B6B1}.x64|x64.Build.0 = x64|x64
		{53CD0B45-9B49-4CAC-B5D8-F8C73671B6B1}.x64|x86.ActiveCfg = x64|x86
		{53CD0B45-9B49-4CAC-B5D8-F8C73671B6B1}.x64|x86.Build.0 = x64|x86
	EndGlobalSection
	GlobalSection(SolutionProperties) = preSolution
		HideSolutionNode = FALSE
	EndGlobalSection
EndGlobal
