
Microsoft Visual Studio Solution File, Format Version 11.00
# Visual Studio 2010
Project("{FAE04EC0-301F-11D3-BF4B-00C04F79EFBC}") = "EBilanzBackupService", "EBilanzBackupService\EBilanzBackupService.csproj", "{1917BA77-FC15-4BF2-BACF-45931FD04996}"
EndProject
Project("{54435603-DBB4-11D2-8724-00A0C9A8B90C}") = "EBilanzBackupServiceSetup", "EBilanzBackupServiceSetup\EBilanzBackupServiceSetup.vdproj", "{E725C234-70CC-48B6-9426-B9C53B006DB8}"
EndProject
Project("{FAE04EC0-301F-11D3-BF4B-00C04F79EFBC}") = "eBalanceKitBase", "..\eBalanceKitBase\eBalanceKitBase.csproj", "{E2CEEA3B-3845-427E-998E-08ED35B18D29}"
EndProject
Project("{FAE04EC0-301F-11D3-BF4B-00C04F79EFBC}") = "DbAccess", "..\..\..\Libraries\DbAccess\DbAccess.csproj", "{53CD0B45-9B49-4CAC-B5D8-F8C73671B6B1}"
EndProject
Project("{FAE04EC0-301F-11D3-BF4B-00C04F79EFBC}") = "DatabaseManagement", "..\DatabaseManagement\DatabaseManagement\DatabaseManagement.csproj", "{BBE9C8ED-1CF2-4F02-AD14-F998D9B46045}"
EndProject
Global
	GlobalSection(SubversionScc) = preSolution
		Svn-Managed = True
		Manager = AnkhSVN - Subversion Support for Visual Studio
	EndGlobalSection
	GlobalSection(SolutionConfigurationPlatforms) = preSolution
		Debug|Any CPU = Debug|Any CPU
		Debug|Mixed Platforms = Debug|Mixed Platforms
		Debug|x64 = Debug|x64
		Debug|x86 = Debug|x86
		Release|Any CPU = Release|Any CPU
		Release|Mixed Platforms = Release|Mixed Platforms
		Release|x64 = Release|x64
		Release|x86 = Release|x86
		test_x64|Any CPU = test_x64|Any CPU
		test_x64|Mixed Platforms = test_x64|Mixed Platforms
		test_x64|x64 = test_x64|x64
		test_x64|x86 = test_x64|x86
		x64|Any CPU = x64|Any CPU
		x64|Mixed Platforms = x64|Mixed Platforms
		x64|x64 = x64|x64
		x64|x86 = x64|x86
	EndGlobalSection
	GlobalSection(ProjectConfigurationPlatforms) = postSolution
		{1917BA77-FC15-4BF2-BACF-45931FD04996}.Debug|Any CPU.ActiveCfg = Debug|x86
		{1917BA77-FC15-4BF2-BACF-45931FD04996}.Debug|Mixed Platforms.ActiveCfg = Debug|x86
		{1917BA77-FC15-4BF2-BACF-45931FD04996}.Debug|Mixed Platforms.Build.0 = Debug|x86
		{1917BA77-FC15-4BF2-BACF-45931FD04996}.Debug|x64.ActiveCfg = Debug|x86
		{1917BA77-FC15-4BF2-BACF-45931FD04996}.Debug|x86.ActiveCfg = Debug|x86
		{1917BA77-FC15-4BF2-BACF-45931FD04996}.Debug|x86.Build.0 = Debug|x86
		{1917BA77-FC15-4BF2-BACF-45931FD04996}.Release|Any CPU.ActiveCfg = Release|x86
		{1917BA77-FC15-4BF2-BACF-45931FD04996}.Release|Mixed Platforms.ActiveCfg = Release|x86
		{1917BA77-FC15-4BF2-BACF-45931FD04996}.Release|Mixed Platforms.Build.0 = Release|x86
		{1917BA77-FC15-4BF2-BACF-45931FD04996}.Release|x64.ActiveCfg = Release|x86
		{1917BA77-FC15-4BF2-BACF-45931FD04996}.Release|x86.ActiveCfg = Release|x86
		{1917BA77-FC15-4BF2-BACF-45931FD04996}.Release|x86.Build.0 = Release|x86
		{1917BA77-FC15-4BF2-BACF-45931FD04996}.test_x64|Any CPU.ActiveCfg = Release|x86
		{1917BA77-FC15-4BF2-BACF-45931FD04996}.test_x64|Mixed Platforms.ActiveCfg = Release|x86
		{1917BA77-FC15-4BF2-BACF-45931FD04996}.test_x64|Mixed Platforms.Build.0 = Release|x86
		{1917BA77-FC15-4BF2-BACF-45931FD04996}.test_x64|x64.ActiveCfg = Release|x86
		{1917BA77-FC15-4BF2-BACF-45931FD04996}.test_x64|x86.ActiveCfg = Release|x86
		{1917BA77-FC15-4BF2-BACF-45931FD04996}.test_x64|x86.Build.0 = Release|x86
		{1917BA77-FC15-4BF2-BACF-45931FD04996}.x64|Any CPU.ActiveCfg = Release|x86
		{1917BA77-FC15-4BF2-BACF-45931FD04996}.x64|Mixed Platforms.ActiveCfg = Release|x86
		{1917BA77-FC15-4BF2-BACF-45931FD04996}.x64|Mixed Platforms.Build.0 = Release|x86
		{1917BA77-FC15-4BF2-BACF-45931FD04996}.x64|x64.ActiveCfg = Release|x86
		{1917BA77-FC15-4BF2-BACF-45931FD04996}.x64|x86.ActiveCfg = Release|x86
		{1917BA77-FC15-4BF2-BACF-45931FD04996}.x64|x86.Build.0 = Release|x86
		{E725C234-70CC-48B6-9426-B9C53B006DB8}.Debug|Any CPU.ActiveCfg = Debug
		{E725C234-70CC-48B6-9426-B9C53B006DB8}.Debug|Any CPU.Build.0 = Debug
		{E725C234-70CC-48B6-9426-B9C53B006DB8}.Debug|Mixed Platforms.ActiveCfg = Debug
		{E725C234-70CC-48B6-9426-B9C53B006DB8}.Debug|Mixed Platforms.Build.0 = Debug
		{E725C234-70CC-48B6-9426-B9C53B006DB8}.Debug|x64.ActiveCfg = Debug
		{E725C234-70CC-48B6-9426-B9C53B006DB8}.Debug|x64.Build.0 = Debug
		{E725C234-70CC-48B6-9426-B9C53B006DB8}.Debug|x86.ActiveCfg = Debug
		{E725C234-70CC-48B6-9426-B9C53B006DB8}.Release|Any CPU.ActiveCfg = Release
		{E725C234-70CC-48B6-9426-B9C53B006DB8}.Release|Any CPU.Build.0 = Release
		{E725C234-70CC-48B6-9426-B9C53B006DB8}.Release|Mixed Platforms.ActiveCfg = Release
		{E725C234-70CC-48B6-9426-B9C53B006DB8}.Release|Mixed Platforms.Build.0 = Release
		{E725C234-70CC-48B6-9426-B9C53B006DB8}.Release|x64.ActiveCfg = Release
		{E725C234-70CC-48B6-9426-B9C53B006DB8}.Release|x64.Build.0 = Release
		{E725C234-70CC-48B6-9426-B9C53B006DB8}.Release|x86.ActiveCfg = Release
		{E725C234-70CC-48B6-9426-B9C53B006DB8}.test_x64|Any CPU.ActiveCfg = Release
		{E725C234-70CC-48B6-9426-B9C53B006DB8}.test_x64|Any CPU.Build.0 = Release
		{E725C234-70CC-48B6-9426-B9C53B006DB8}.test_x64|Mixed Platforms.ActiveCfg = Release
		{E725C234-70CC-48B6-9426-B9C53B006DB8}.test_x64|Mixed Platforms.Build.0 = Release
		{E725C234-70CC-48B6-9426-B9C53B006DB8}.test_x64|x64.ActiveCfg = Release
		{E725C234-70CC-48B6-9426-B9C53B006DB8}.test_x64|x64.Build.0 = Release
		{E725C234-70CC-48B6-9426-B9C53B006DB8}.test_x64|x86.ActiveCfg = Release
		{E725C234-70CC-48B6-9426-B9C53B006DB8}.test_x64|x86.Build.0 = Release
		{E725C234-70CC-48B6-9426-B9C53B006DB8}.x64|Any CPU.ActiveCfg = Release
		{E725C234-70CC-48B6-9426-B9C53B006DB8}.x64|Any CPU.Build.0 = Release
		{E725C234-70CC-48B6-9426-B9C53B006DB8}.x64|Mixed Platforms.ActiveCfg = Release
		{E725C234-70CC-48B6-9426-B9C53B006DB8}.x64|Mixed Platforms.Build.0 = Release
		{E725C234-70CC-48B6-9426-B9C53B006DB8}.x64|x64.ActiveCfg = Release
		{E725C234-70CC-48B6-9426-B9C53B006DB8}.x64|x64.Build.0 = Release
		{E725C234-70CC-48B6-9426-B9C53B006DB8}.x64|x86.ActiveCfg = Release
		{E725C234-70CC-48B6-9426-B9C53B006DB8}.x64|x86.Build.0 = Release
		{E2CEEA3B-3845-427E-998E-08ED35B18D29}.Debug|Any CPU.ActiveCfg = Debug|Any CPU
		{E2CEEA3B-3845-427E-998E-08ED35B18D29}.Debug|Any CPU.Build.0 = Debug|Any CPU
		{E2CEEA3B-3845-427E-998E-08ED35B18D29}.Debug|Mixed Platforms.ActiveCfg = Debug|Any CPU
		{E2CEEA3B-3845-427E-998E-08ED35B18D29}.Debug|Mixed Platforms.Build.0 = Debug|Any CPU
		{E2CEEA3B-3845-427E-998E-08ED35B18D29}.Debug|x64.ActiveCfg = Debug|Any CPU
		{E2CEEA3B-3845-427E-998E-08ED35B18D29}.Debug|x86.ActiveCfg = Debug|Any CPU
		{E2CEEA3B-3845-427E-998E-08ED35B18D29}.Release|Any CPU.ActiveCfg = Release|Any CPU
		{E2CEEA3B-3845-427E-998E-08ED35B18D29}.Release|Any CPU.Build.0 = Release|Any CPU
		{E2CEEA3B-3845-427E-998E-08ED35B18D29}.Release|Mixed Platforms.ActiveCfg = Release|Any CPU
		{E2CEEA3B-3845-427E-998E-08ED35B18D29}.Release|Mixed Platforms.Build.0 = Release|Any CPU
		{E2CEEA3B-3845-427E-998E-08ED35B18D29}.Release|x64.ActiveCfg = Release|Any CPU
		{E2CEEA3B-3845-427E-998E-08ED35B18D29}.Release|x86.ActiveCfg = Release|Any CPU
		{E2CEEA3B-3845-427E-998E-08ED35B18D29}.test_x64|Any CPU.ActiveCfg = Release|Any CPU
		{E2CEEA3B-3845-427E-998E-08ED35B18D29}.test_x64|Any CPU.Build.0 = Release|Any CPU
		{E2CEEA3B-3845-427E-998E-08ED35B18D29}.test_x64|Mixed Platforms.ActiveCfg = Release|Any CPU
		{E2CEEA3B-3845-427E-998E-08ED35B18D29}.test_x64|Mixed Platforms.Build.0 = Release|Any CPU
		{E2CEEA3B-3845-427E-998E-08ED35B18D29}.test_x64|x64.ActiveCfg = Release|Any CPU
		{E2CEEA3B-3845-427E-998E-08ED35B18D29}.test_x64|x86.ActiveCfg = Release|Any CPU
		{E2CEEA3B-3845-427E-998E-08ED35B18D29}.x64|Any CPU.ActiveCfg = Release|Any CPU
		{E2CEEA3B-3845-427E-998E-08ED35B18D29}.x64|Any CPU.Build.0 = Release|Any CPU
		{E2CEEA3B-3845-427E-998E-08ED35B18D29}.x64|Mixed Platforms.ActiveCfg = Release|Any CPU
		{E2CEEA3B-3845-427E-998E-08ED35B18D29}.x64|Mixed Platforms.Build.0 = Release|Any CPU
		{E2CEEA3B-3845-427E-998E-08ED35B18D29}.x64|x64.ActiveCfg = Release|Any CPU
		{E2CEEA3B-3845-427E-998E-08ED35B18D29}.x64|x86.ActiveCfg = Release|Any CPU
		{53CD0B45-9B49-4CAC-B5D8-F8C73671B6B1}.Debug|Any CPU.ActiveCfg = Debug|Any CPU
		{53CD0B45-9B49-4CAC-B5D8-F8C73671B6B1}.Debug|Any CPU.Build.0 = Debug|Any CPU
		{53CD0B45-9B49-4CAC-B5D8-F8C73671B6B1}.Debug|Mixed Platforms.ActiveCfg = Debug|x86
		{53CD0B45-9B49-4CAC-B5D8-F8C73671B6B1}.Debug|Mixed Platforms.Build.0 = Debug|x86
		{53CD0B45-9B49-4CAC-B5D8-F8C73671B6B1}.Debug|x64.ActiveCfg = Debug|x64
		{53CD0B45-9B49-4CAC-B5D8-F8C73671B6B1}.Debug|x64.Build.0 = Debug|x64
		{53CD0B45-9B49-4CAC-B5D8-F8C73671B6B1}.Debug|x86.ActiveCfg = Debug|x86
		{53CD0B45-9B49-4CAC-B5D8-F8C73671B6B1}.Debug|x86.Build.0 = Debug|x86
		{53CD0B45-9B49-4CAC-B5D8-F8C73671B6B1}.Release|Any CPU.ActiveCfg = Release|Any CPU
		{53CD0B45-9B49-4CAC-B5D8-F8C73671B6B1}.Release|Any CPU.Build.0 = Release|Any CPU
		{53CD0B45-9B49-4CAC-B5D8-F8C73671B6B1}.Release|Mixed Platforms.ActiveCfg = Release|x86
		{53CD0B45-9B49-4CAC-B5D8-F8C73671B6B1}.Release|Mixed Platforms.Build.0 = Release|x86
		{53CD0B45-9B49-4CAC-B5D8-F8C73671B6B1}.Release|x64.ActiveCfg = Release|x64
		{53CD0B45-9B49-4CAC-B5D8-F8C73671B6B1}.Release|x64.Build.0 = Release|x64
		{53CD0B45-9B49-4CAC-B5D8-F8C73671B6B1}.Release|x86.ActiveCfg = Release|x86
		{53CD0B45-9B49-4CAC-B5D8-F8C73671B6B1}.Release|x86.Build.0 = Release|x86
		{53CD0B45-9B49-4CAC-B5D8-F8C73671B6B1}.test_x64|Any CPU.ActiveCfg = test_x64|Any CPU
		{53CD0B45-9B49-4CAC-B5D8-F8C73671B6B1}.test_x64|Any CPU.Build.0 = test_x64|Any CPU
		{53CD0B45-9B49-4CAC-B5D8-F8C73671B6B1}.test_x64|Mixed Platforms.ActiveCfg = test_x64|x86
		{53CD0B45-9B49-4CAC-B5D8-F8C73671B6B1}.test_x64|Mixed Platforms.Build.0 = test_x64|x86
		{53CD0B45-9B49-4CAC-B5D8-F8C73671B6B1}.test_x64|x64.ActiveCfg = test_x64|x64
		{53CD0B45-9B49-4CAC-B5D8-F8C73671B6B1}.test_x64|x64.Build.0 = test_x64|x64
		{53CD0B45-9B49-4CAC-B5D8-F8C73671B6B1}.test_x64|x86.ActiveCfg = test_x64|x86
		{53CD0B45-9B49-4CAC-B5D8-F8C73671B6B1}.test_x64|x86.Build.0 = test_x64|x86
		{53CD0B45-9B49-4CAC-B5D8-F8C73671B6B1}.x64|Any CPU.ActiveCfg = x64|Any CPU
		{53CD0B45-9B49-4CAC-B5D8-F8C73671B6B1}.x64|Any CPU.Build.0 = x64|Any CPU
		{53CD0B45-9B49-4CAC-B5D8-F8C73671B6B1}.x64|Mixed Platforms.ActiveCfg = x64|x86
		{53CD0B45-9B49-4CAC-B5D8-F8C73671B6B1}.x64|Mixed Platforms.Build.0 = x64|x86
		{53CD0B45-9B49-4CAC-B5D8-F8C73671B6B1}.x64|x64.ActiveCfg = x64|x64
		{53CD0B45-9B49-4CAC-B5D8-F8C73671B6B1}.x64|x64.Build.0 = x64|x64
		{53CD0B45-9B49-4CAC-B5D8-F8C73671B6B1}.x64|x86.ActiveCfg = x64|x86
		{53CD0B45-9B49-4CAC-B5D8-F8C73671B6B1}.x64|x86.Build.0 = x64|x86
		{BBE9C8ED-1CF2-4F02-AD14-F998D9B46045}.Debug|Any CPU.ActiveCfg = Debug|x86
		{BBE9C8ED-1CF2-4F02-AD14-F998D9B46045}.Debug|Mixed Platforms.ActiveCfg = Debug|x86
		{BBE9C8ED-1CF2-4F02-AD14-F998D9B46045}.Debug|Mixed Platforms.Build.0 = Debug|x86
		{BBE9C8ED-1CF2-4F02-AD14-F998D9B46045}.Debug|x64.ActiveCfg = Debug|x86
		{BBE9C8ED-1CF2-4F02-AD14-F998D9B46045}.Debug|x86.ActiveCfg = Debug|x86
		{BBE9C8ED-1CF2-4F02-AD14-F998D9B46045}.Debug|x86.Build.0 = Debug|x86
		{BBE9C8ED-1CF2-4F02-AD14-F998D9B46045}.Release|Any CPU.ActiveCfg = Release|x86
		{BBE9C8ED-1CF2-4F02-AD14-F998D9B46045}.Release|Mixed Platforms.ActiveCfg = Release|x86
		{BBE9C8ED-1CF2-4F02-AD14-F998D9B46045}.Release|Mixed Platforms.Build.0 = Release|x86
		{BBE9C8ED-1CF2-4F02-AD14-F998D9B46045}.Release|x64.ActiveCfg = Release|x86
		{BBE9C8ED-1CF2-4F02-AD14-F998D9B46045}.Release|x86.ActiveCfg = Release|x86
		{BBE9C8ED-1CF2-4F02-AD14-F998D9B46045}.Release|x86.Build.0 = Release|x86
		{BBE9C8ED-1CF2-4F02-AD14-F998D9B46045}.test_x64|Any CPU.ActiveCfg = Release|x86
		{BBE9C8ED-1CF2-4F02-AD14-F998D9B46045}.test_x64|Mixed Platforms.ActiveCfg = Release|x86
		{BBE9C8ED-1CF2-4F02-AD14-F998D9B46045}.test_x64|Mixed Platforms.Build.0 = Release|x86
		{BBE9C8ED-1CF2-4F02-AD14-F998D9B46045}.test_x64|x64.ActiveCfg = Release|x86
		{BBE9C8ED-1CF2-4F02-AD14-F998D9B46045}.test_x64|x86.ActiveCfg = Release|x86
		{BBE9C8ED-1CF2-4F02-AD14-F998D9B46045}.test_x64|x86.Build.0 = Release|x86
		{BBE9C8ED-1CF2-4F02-AD14-F998D9B46045}.x64|Any CPU.ActiveCfg = Release|x86
		{BBE9C8ED-1CF2-4F02-AD14-F998D9B46045}.x64|Mixed Platforms.ActiveCfg = Release|x86
		{BBE9C8ED-1CF2-4F02-AD14-F998D9B46045}.x64|Mixed Platforms.Build.0 = Release|x86
		{BBE9C8ED-1CF2-4F02-AD14-F998D9B46045}.x64|x64.ActiveCfg = Release|x86
		{BBE9C8ED-1CF2-4F02-AD14-F998D9B46045}.x64|x86.ActiveCfg = Release|x86
		{BBE9C8ED-1CF2-4F02-AD14-F998D9B46045}.x64|x86.Build.0 = Release|x86
	EndGlobalSection
	GlobalSection(SolutionProperties) = preSolution
		HideSolutionNode = FALSE
	EndGlobalSection
EndGlobal
